
Microsoft Visual Studio Solution File, Format Version 12.00
# Visual Studio Version 17
VisualStudioVersion = 17.14.37216.2
MinimumVisualStudioVersion = 10.0.40219.1
Project("{8BC9CEB8-8B4A-11D0-8D11-00A0C91BC942}") = "ArrayListType", "FinalExam\FinalExam.vcxproj", "{3C5CA413-92D0-4254-8F3E-B3C33ABD3F3E}"
EndProject
Project("{8BC9CEB8-8B4A-11D0-8D11-00A0C91BC942}") = "SimpleListType", "SimpleListType\SimpleListType.vcxproj", "{BED687D0-175D-4602-9ECD-992D4809F3AF}"
EndProject
Project("{8BC9CEB8-8B4A-11D0-8D11-00A0C91BC942}") = "WordList", "WordList\WordList.vcxproj", "{A5F1C8F2-2035-45DD-A881-17660CA0C053}"
EndProject
Project("{8BC9CEB8-8B4A-11D0-8D11-00A0C91BC942}") = "SearchList", "SearchList\SearchList.vcxproj", "{FD83C1B5-764A-4083-80C6-702AC7830C80}"
EndProject
Project("{8BC9CEB8-8B4A-11D0-8D11-00A0C91BC942}") = "ConcatList", "ConcatList\ConcatList.vcxproj", "{C224535C-4926-4F2E-87CB-CC9C37598661}"
EndProject
Project("{8BC9CEB8-8B4A-11D0-8D11-00A0C91BC942}") = "ReverseList", "ReserveList\ReserveList.vcxproj", "{DE1472BF-7691-41A4-8693-2807C1273D58}"
EndProject
Project("{2150E333-8FDC-42A3-9474-1A3956D46DE8}") = "List I", "List I", "{C8D5274F-AC00-46C7-1F8D-E88E81087A52}"
EndProject
Project("{2150E333-8FDC-42A3-9474-1A3956D46DE8}") = "List II", "List II", "{A46B4689-047D-4331-A7D3-96021F2454CA}"
EndProject
Project("{8BC9CEB8-8B4A-11D0-8D11-00A0C91BC942}") = "CircleList", "CircleList\CircleList.vcxproj", "{402D82DF-CC7B-46B7-AABB-1A78215ADC37}"
EndProject
Project("{8BC9CEB8-8B4A-11D0-8D11-00A0C91BC942}") = "CircleListTest", "CircleListTest\CircleListTest.vcxproj", "{7DFF0054-B018-45BB-B370-9C35642AABF9}"
EndProject
Project("{8BC9CEB8-8B4A-11D0-8D11-00A0C91BC942}") = "DoubleList", "DoubleList\DoubleList.vcxproj", "{E3FFE904-8DE1-4BC4-9DD1-0BCB8A54992F}"
EndProject
Project("{8BC9CEB8-8B4A-11D0-8D11-00A0C91BC942}") = "DoubleListTest", "DoubleListTest\DoubleListTest.vcxproj", "{9773A9D9-AB41-4F7F-8CCE-890CC66F3EA0}"
EndProject
Project("{8BC9CEB8-8B4A-11D0-8D11-00A0C91BC942}") = "ListStack", "ListStack\ListStack.vcxproj", "{AD45C95E-DF20-4BF8-B8B6-328D7C578311}"
EndProject
Project("{8BC9CEB8-8B4A-11D0-8D11-00A0C91BC942}") = "ListQueue", "ListQueue\ListQueue.vcxproj", "{C2BAC4D4-3B7A-4013-9928-6FA4CFA925D7}"
EndProject
Project("{8BC9CEB8-8B4A-11D0-8D11-00A0C91BC942}") = "test", "test\test.vcxproj", "{53F41102-0A02-4FDF-B81F-B1A4876D3F1A}"
EndProject
Project("{2150E333-8FDC-42A3-9474-1A3956D46DE8}") = "tree", "tree", "{C3DF603A-A012-4988-8272-E724BD7636F2}"
EndProject
Project("{8BC9CEB8-8B4A-11D0-8D11-00A0C91BC942}") = "LinkTree", "LinkTree\LinkTree.vcxproj", "{79D24229-4700-427A-AB78-F083E5B779F3}"
EndProject
Project("{8BC9CEB8-8B4A-11D0-8D11-00A0C91BC942}") = "TreeOrder", "TreeOrder\TreeOrder.vcxproj", "{D8E09942-C006-466A-ACF0-E710839FF603}"
EndProject
Project("{8BC9CEB8-8B4A-11D0-8D11-00A0C91BC942}") = "TreeStack", "TreeStack\TreeStack.vcxproj", "{5C3A9D6E-B398-44FF-9665-EA5C8011E551}"
EndProject
Project("{8BC9CEB8-8B4A-11D0-8D11-00A0C91BC942}") = "LevelTree", "LevelTree\LevelTree.vcxproj", "{4DF76794-E2DE-4B51-9125-A016832CFC15}"
EndProject
Project("{8BC9CEB8-8B4A-11D0-8D11-00A0C91BC942}") = "OperatorTree", "OperatorTree\OperatorTree.vcxproj", "{81D923C5-4F89-4278-92D0-2DD83514BB9F}"
EndProject
Project("{8BC9CEB8-8B4A-11D0-8D11-00A0C91BC942}") = "DirSizeTree", "DirSizeTree\DirSizeTree.vcxproj", "{D5C5ED20-AB86-4F72-9F1E-41013506E60E}"
EndProject
Global
	GlobalSection(SolutionConfigurationPlatforms) = preSolution
		Debug|x64 = Debug|x64
		Debug|x86 = Debug|x86
		Release|x64 = Release|x64
		Release|x86 = Release|x86
	EndGlobalSection
	GlobalSection(ProjectConfigurationPlatforms) = postSolution
		{3C5CA413-92D0-4254-8F3E-B3C33ABD3F3E}.Debug|x64.ActiveCfg = Debug|x64
		{3C5CA413-92D0-4254-8F3E-B3C33ABD3F3E}.Debug|x64.Build.0 = Debug|x64
		{3C5CA413-92D0-4254-8F3E-B3C33ABD3F3E}.Debug|x86.ActiveCfg = Debug|Win32
		{3C5CA413-92D0-4254-8F3E-B3C33ABD3F3E}.Debug|x86.Build.0 = Debug|Win32
		{3C5CA413-92D0-4254-8F3E-B3C33ABD3F3E}.Release|x64.ActiveCfg = Release|x64
		{3C5CA413-92D0-4254-8F3E-B3C33ABD3F3E}.Release|x64.Build.0 = Release|x64
		{3C5CA413-92D0-4254-8F3E-B3C33ABD3F3E}.Release|x86.ActiveCfg = Release|Win32
		{3C5CA413-92D0-4254-8F3E-B3C33ABD3F3E}.Release|x86.Build.0 = Release|Win32
		{BED687D0-175D-4602-9ECD-992D4809F3AF}.Debug|x64.ActiveCfg = Debug|x64
		{BED687D0-175D-4602-9ECD-992D4809F3AF}.Debug|x64.Build.0 = Debug|x64
		{BED687D0-175D-4602-9ECD-992D4809F3AF}.Debug|x86.ActiveCfg = Debug|Win32
		{BED687D0-175D-4602-9ECD-992D4809F3AF}.Debug|x86.Build.0 = Debug|Win32
		{BED687D0-175D-4602-9ECD-992D4809F3AF}.Release|x64.ActiveCfg = Release|x64
		{BED687D0-175D-4602-9ECD-992D4809F3AF}.Release|x64.Build.0 = Release|x64
		{BED687D0-175D-4602-9ECD-992D4809F3AF}.Release|x86.ActiveCfg = Release|Win32
		{BED687D0-175D-4602-9ECD-992D4809F3AF}.Release|x86.Build.0 = Release|Win32
		{A5F1C8F2-2035-45DD-A881-17660CA0C053}.Debug|x64.ActiveCfg = Debug|x64
		{A5F1C8F2-2035-45DD-A881-17660CA0C053}.Debug|x64.Build.0 = Debug|x64
		{A5F1C8F2-2035-45DD-A881-17660CA0C053}.Debug|x86.ActiveCfg = Debug|Win32
		{A5F1C8F2-2035-45DD-A881-17660CA0C053}.Debug|x86.Build.0 = Debug|Win32
		{A5F1C8F2-2035-45DD-A881-17660CA0C053}.Release|x64.ActiveCfg = Release|x64
		{A5F1C8F2-2035-45DD-A881-17660CA0C053}.Release|x64.Build.0 = Release|x64
		{A5F1C8F2-2035-45DD-A881-17660CA0C053}.Release|x86.ActiveCfg = Release|Win32
		{A5F1C8F2-2035-45DD-A881-17660CA0C053}.Release|x86.Build.0 = Release|Win32
		{FD83C1B5-764A-4083-80C6-702AC7830C80}.Debug|x64.ActiveCfg = Debug|x64
		{FD83C1B5-764A-4083-80C6-702AC7830C80}.Debug|x64.Build.0 = Debug|x64
		{FD83C1B5-764A-4083-80C6-702AC7830C80}.Debug|x86.ActiveCfg = Debug|Win32
		{FD83C1B5-764A-4083-80C6-702AC7830C80}.Debug|x86.Build.0 = Debug|Win32
		{FD83C1B5-764A-4083-80C6-702AC7830C80}.Release|x64.ActiveCfg = Release|x64
		{FD83C1B5-764A-4083-80C6-702AC7830C80}.Release|x64.Build.0 = Release|x64
		{FD83C1B5-764A-4083-80C6-702AC7830C80}.Release|x86.ActiveCfg = Release|Win32
		{FD83C1B5-764A-4083-80C6-702AC7830C80}.Release|x86.Build.0 = Release|Win32
		{C224535C-4926-4F2E-87CB-CC9C37598661}.Debug|x64.ActiveCfg = Debug|x64
		{C224535C-4926-4F2E-87CB-CC9C37598661}.Debug|x64.Build.0 = Debug|x64
		{C224535C-4926-4F2E-87CB-CC9C37598661}.Debug|x86.ActiveCfg = Debug|Win32
		{C224535C-4926-4F2E-87CB-CC9C37598661}.Debug|x86.Build.0 = Debug|Win32
		{C224535C-4926-4F2E-87CB-CC9C37598661}.Release|x64.ActiveCfg = Release|x64
		{C224535C-4926-4F2E-87CB-CC9C37598661}.Release|x64.Build.0 = Release|x64
		{C224535C-4926-4F2E-87CB-CC9C37598661}.Release|x86.ActiveCfg = Release|Win32
		{C224535C-4926-4F2E-87CB-CC9C37598661}.Release|x86.Build.0 = Release|Win32
		{DE1472BF-7691-41A4-8693-2807C1273D58}.Debug|x64.ActiveCfg = Debug|x64
		{DE1472BF-7691-41A4-8693-2807C1273D58}.Debug|x64.Build.0 = Debug|x64
		{DE1472BF-7691-41A4-8693-2807C1273D58}.Debug|x86.ActiveCfg = Debug|Win32
		{DE1472BF-7691-41A4-8693-2807C1273D58}.Debug|x86.Build.0 = Debug|Win32
		{DE1472BF-7691-41A4-8693-2807C1273D58}.Release|x64.ActiveCfg = Release|x64
		{DE1472BF-7691-41A4-8693-2807C1273D58}.Release|x64.Build.0 = Release|x64
		{DE1472BF-7691-41A4-8693-2807C1273D58}.Release|x86.ActiveCfg = Release|Win32
		{DE1472BF-7691-41A4-8693-2807C1273D58}.Release|x86.Build.0 = Release|Win32
		{402D82DF-CC7B-46B7-AABB-1A78215ADC37}.Debug|x64.ActiveCfg = Debug|x64
		{402D82DF-CC7B-46B7-AABB-1A78215ADC37}.Debug|x64.Build.0 = Debug|x64
		{402D82DF-CC7B-46B7-AABB-1A78215ADC37}.Debug|x86.ActiveCfg = Debug|Win32
		{402D82DF-CC7B-46B7-AABB-1A78215ADC37}.Debug|x86.Build.0 = Debug|Win32
		{402D82DF-CC7B-46B7-AABB-1A78215ADC37}.Release|x64.ActiveCfg = Release|x64
		{402D82DF-CC7B-46B7-AABB-1A78215ADC37}.Release|x64.Build.0 = Release|x64
		{402D82DF-CC7B-46B7-AABB-1A78215ADC37}.Release|x86.ActiveCfg = Release|Win32
		{402D82DF-CC7B-46B7-AABB-1A78215ADC37}.Release|x86.Build.0 = Release|Win32
		{7DFF0054-B018-45BB-B370-9C35642AABF9}.Debug|x64.ActiveCfg = Debug|x64
		{7DFF0054-B018-45BB-B370-9C35642AABF9}.Debug|x64.Build.0 = Debug|x64
		{7DFF0054-B018-45BB-B370-9C35642AABF9}.Debug|x86.ActiveCfg = Debug|Win32
		{7DFF0054-B018-45BB-B370-9C35642AABF9}.Debug|x86.Build.0 = Debug|Win32
		{7DFF0054-B018-45BB-B370-9C35642AABF9}.Release|x64.ActiveCfg = Release|x64
		{7DFF0054-B018-45BB-B370-9C35642AABF9}.Release|x64.Build.0 = Release|x64
		{7DFF0054-B018-45BB-B370-9C35642AABF9}.Release|x86.ActiveCfg = Release|Win32
		{7DFF0054-B018-45BB-B370-9C35642AABF9}.Release|x86.Build.0 = Release|Win32
		{E3FFE904-8DE1-4BC4-9DD1-0BCB8A54992F}.Debug|x64.ActiveCfg = Debug|x64
		{E3FFE904-8DE1-4BC4-9DD1-0BCB8A54992F}.Debug|x64.Build.0 = Debug|x64
		{E3FFE904-8DE1-4BC4-9DD1-0BCB8A54992F}.Debug|x86.ActiveCfg = Debug|Win32
		{E3FFE904-8DE1-4BC4-9DD1-0BCB8A54992F}.Debug|x86.Build.0 = Debug|Win32
		{E3FFE904-8DE1-4BC4-9DD1-0BCB8A54992F}.Release|x64.ActiveCfg = Release|x64
		{E3FFE904-8DE1-4BC4-9DD1-0BCB8A54992F}.Release|x64.Build.0 = Release|x64
		{E3FFE904-8DE1-4BC4-9DD1-0BCB8A54992F}.Release|x86.ActiveCfg = Release|Win32
		{E3FFE904-8DE1-4BC4-9DD1-0BCB8A54992F}.Release|x86.Build.0 = Release|Win32
		{9773A9D9-AB41-4F7F-8CCE-890CC66F3EA0}.Debug|x64.ActiveCfg = Debug|x64
		{9773A9D9-AB41-4F7F-8CCE-890CC66F3EA0}.Debug|x64.Build.0 = Debug|x64
		{9773A9D9-AB41-4F7F-8CCE-890CC66F3EA0}.Debug|x86.ActiveCfg = Debug|Win32
		{9773A9D9-AB41-4F7F-8CCE-890CC66F3EA0}.Debug|x86.Build.0 = Debug|Win32
		{9773A9D9-AB41-4F7F-8CCE-890CC66F3EA0}.Release|x64.ActiveCfg = Release|x64
		{9773A9D9-AB41-4F7F-8CCE-890CC66F3EA0}.Release|x64.Build.0 = Release|x64
		{9773A9D9-AB41-4F7F-8CCE-890CC66F3EA0}.Release|x86.ActiveCfg = Release|Win32
		{9773A9D9-AB41-4F7F-8CCE-890CC66F3EA0}.Release|x86.Build.0 = Release|Win32
		{AD45C95E-DF20-4BF8-B8B6-328D7C578311}.Debug|x64.ActiveCfg = Debug|x64
		{AD45C95E-DF20-4BF8-B8B6-328D7C578311}.Debug|x64.Build.0 = Debug|x64
		{AD45C95E-DF20-4BF8-B8B6-328D7C578311}.Debug|x86.ActiveCfg = Debug|Win32
		{AD45C95E-DF20-4BF8-B8B6-328D7C578311}.Debug|x86.Build.0 = Debug|Win32
		{AD45C95E-DF20-4BF8-B8B6-328D7C578311}.Release|x64.ActiveCfg = Release|x64
		{AD45C95E-DF20-4BF8-B8B6-328D7C578311}.Release|x64.Build.0 = Release|x64
		{AD45C95E-DF20-4BF8-B8B6-328D7C578311}.Release|x86.ActiveCfg = Release|Win32
		{AD45C95E-DF20-4BF8-B8B6-328D7C578311}.Release|x86.Build.0 = Release|Win32
		{C2BAC4D4-3B7A-4013-9928-6FA4CFA925D7}.Debug|x64.ActiveCfg = Debug|x64
		{C2BAC4D4-3B7A-4013-9928-6FA4CFA925D7}.Debug|x64.Build.0 = Debug|x64
		{C2BAC4D4-3B7A-4013-9928-6FA4CFA925D7}.Debug|x86.ActiveCfg = Debug|Win32
		{C2BAC4D4-3B7A-4013-9928-6FA4CFA925D7}.Debug|x86.Build.0 = Debug|Win32
		{C2BAC4D4-3B7A-4013-9928-6FA4CFA925D7}.Release|x64.ActiveCfg = Release|x64
		{C2BAC4D4-3B7A-4013-9928-6FA4CFA925D7}.Release|x64.Build.0 = Release|x64
		{C2BAC4D4-3B7A-4013-9928-6FA4CFA925D7}.Release|x86.ActiveCfg = Release|Win32
		{C2BAC4D4-3B7A-4013-9928-6FA4CFA925D7}.Release|x86.Build.0 = Release|Win32
		{53F41102-0A02-4FDF-B81F-B1A4876D3F1A}.Debug|x64.ActiveCfg = Debug|x64
		{53F41102-0A02-4FDF-B81F-B1A4876D3F1A}.Debug|x64.Build.0 = Debug|x64
		{53F41102-0A02-4FDF-B81F-B1A4876D3F1A}.Debug|x86.ActiveCfg = Debug|Win32
		{53F41102-0A02-4FDF-B81F-B1A4876D3F1A}.Debug|x86.Build.0 = Debug|Win32
		{53F41102-0A02-4FDF-B81F-B1A4876D3F1A}.Release|x64.ActiveCfg = Release|x64
		{53F41102-0A02-4FDF-B81F-B1A4876D3F1A}.Release|x64.Build.0 = Release|x64
		{53F41102-0A02-4FDF-B81F-B1A4876D3F1A}.Release|x86.ActiveCfg = Release|Win32
		{53F41102-0A02-4FDF-B81F-B1A4876D3F1A}.Release|x86.Build.0 = Release|Win32
		{79D24229-4700-427A-AB78-F083E5B779F3}.Debug|x64.ActiveCfg = Debug|x64
		{79D24229-4700-427A-AB78-F083E5B779F3}.Debug|x64.Build.0 = Debug|x64
		{79D24229-4700-427A-AB78-F083E5B779F3}.Debug|x86.ActiveCfg = Debug|Win32
		{79D24229-4700-427A-AB78-F083E5B779F3}.Debug|x86.Build.0 = Debug|Win32
		{79D24229-4700-427A-AB78-F083E5B779F3}.Release|x64.ActiveCfg = Release|x64
		{79D24229-4700-427A-AB78-F083E5B779F3}.Release|x64.Build.0 = Release|x64
		{79D24229-4700-427A-AB78-F083E5B779F3}.Release|x86.ActiveCfg = Release|Win32
		{79D24229-4700-427A-AB78-F083E5B779F3}.Release|x86.Build.0 = Release|Win32
		{D8E09942-C006-466A-ACF0-E710839FF603}.Debug|x64.ActiveCfg = Debug|x64
		{D8E09942-C006-466A-ACF0-E710839FF603}.Debug|x64.Build.0 = Debug|x64
		{D8E09942-C006-466A-ACF0-E710839FF603}.Debug|x86.ActiveCfg = Debug|Win32
		{D8E09942-C006-466A-ACF0-E710839FF603}.Debug|x86.Build.0 = Debug|Win32
		{D8E09942-C006-466A-ACF0-E710839FF603}.Release|x64.ActiveCfg = Release|x64
		{D8E09942-C006-466A-ACF0-E710839FF603}.Release|x64.Build.0 = Release|x64
		{D8E09942-C006-466A-ACF0-E710839FF603}.Release|x86.ActiveCfg = Release|Win32
		{D8E09942-C006-466A-ACF0-E710839FF603}.Release|x86.Build.0 = Release|Win32
		{5C3A9D6E-B398-44FF-9665-EA5C8011E551}.Debug|x64.ActiveCfg = Debug|x64
		{5C3A9D6E-B398-44FF-9665-EA5C8011E551}.Debug|x64.Build.0 = Debug|x64
		{5C3A9D6E-B398-44FF-9665-EA5C8011E551}.Debug|x86.ActiveCfg = Debug|Win32
		{5C3A9D6E-B398-44FF-9665-EA5C8011E551}.Debug|x86.Build.0 = Debug|Win32
		{5C3A9D6E-B398-44FF-9665-EA5C8011E551}.Release|x64.ActiveCfg = Release|x64
		{5C3A9D6E-B398-44FF-9665-EA5C8011E551}.Release|x64.Build.0 = Release|x64
		{5C3A9D6E-B398-44FF-9665-EA5C8011E551}.Release|x86.ActiveCfg = Release|Win32
		{5C3A9D6E-B398-44FF-9665-EA5C8011E551}.Release|x86.Build.0 = Release|Win32
		{4DF76794-E2DE-4B51-9125-A016832CFC15}.Debug|x64.ActiveCfg = Debug|x64
		{4DF76794-E2DE-4B51-9125-A016832CFC15}.Debug|x64.Build.0 = Debug|x64
		{4DF76794-E2DE-4B51-9125-A016832CFC15}.Debug|x86.ActiveCfg = Debug|Win32
		{4DF76794-E2DE-4B51-9125-A016832CFC15}.Debug|x86.Build.0 = Debug|Win32
		{4DF76794-E2DE-4B51-9125-A016832CFC15}.Release|x64.ActiveCfg = Release|x64
		{4DF76794-E2DE-4B51-9125-A016832CFC15}.Release|x64.Build.0 = Release|x64
		{4DF76794-E2DE-4B51-9125-A016832CFC15}.Release|x86.ActiveCfg = Release|Win32
		{4DF76794-E2DE-4B51-9125-A016832CFC15}.Release|x86.Build.0 = Release|Win32
		{81D923C5-4F89-4278-92D0-2DD83514BB9F}.Debug|x64.ActiveCfg = Debug|x64
		{81D923C5-4F89-4278-92D0-2DD83514BB9F}.Debug|x64.Build.0 = Debug|x64
		{81D923C5-4F89-4278-92D0-2DD83514BB9F}.Debug|x86.ActiveCfg = Debug|Win32
		{81D923C5-4F89-4278-92D0-2DD83514BB9F}.Debug|x86.Build.0 = Debug|Win32
		{81D923C5-4F89-4278-92D0-2DD83514BB9F}.Release|x64.ActiveCfg = Release|x64
		{81D923C5-4F89-4278-92D0-2DD83514BB9F}.Release|x64.Build.0 = Release|x64
		{81D923C5-4F89-4278-92D0-2DD83514BB9F}.Release|x86.ActiveCfg = Release|Win32
		{81D923C5-4F89-4278-92D0-2DD83514BB9F}.Release|x86.Build.0 = Release|Win32
		{D5C5ED20-AB86-4F72-9F1E-41013506E60E}.Debug|x64.ActiveCfg = Debug|x64
		{D5C5ED20-AB86-4F72-9F1E-41013506E60E}.Debug|x64.Build.0 = Debug|x64
		{D5C5ED20-AB86-4F72-9F1E-41013506E60E}.Debug|x86.ActiveCfg = Debug|Win32
		{D5C5ED20-AB86-4F72-9F1E-41013506E60E}.Debug|x86.Build.0 = Debug|Win32
		{D5C5ED20-AB86-4F72-9F1E-41013506E60E}.Release|x64.ActiveCfg = Release|x64
		{D5C5ED20-AB86-4F72-9F1E-41013506E60E}.Release|x64.Build.0 = Release|x64
		{D5C5ED20-AB86-4F72-9F1E-41013506E60E}.Release|x86.ActiveCfg = Release|Win32
		{D5C5ED20-AB86-4F72-9F1E-41013506E60E}.Release|x86.Build.0 = Release|Win32
	EndGlobalSection
	GlobalSection(SolutionProperties) = preSolution
		HideSolutionNode = FALSE
	EndGlobalSection
	GlobalSection(NestedProjects) = preSolution
		{3C5CA413-92D0-4254-8F3E-B3C33ABD3F3E} = {C8D5274F-AC00-46C7-1F8D-E88E81087A52}
		{BED687D0-175D-4602-9ECD-992D4809F3AF} = {C8D5274F-AC00-46C7-1F8D-E88E81087A52}
		{A5F1C8F2-2035-45DD-A881-17660CA0C053} = {C8D5274F-AC00-46C7-1F8D-E88E81087A52}
		{FD83C1B5-764A-4083-80C6-702AC7830C80} = {C8D5274F-AC00-46C7-1F8D-E88E81087A52}
		{C224535C-4926-4F2E-87CB-CC9C37598661} = {C8D5274F-AC00-46C7-1F8D-E88E81087A52}
		{DE1472BF-7691-41A4-8693-2807C1273D58} = {C8D5274F-AC00-46C7-1F8D-E88E81087A52}
		{402D82DF-CC7B-46B7-AABB-1A78215ADC37} = {A46B4689-047D-4331-A7D3-96021F2454CA}
		{7DFF0054-B018-45BB-B370-9C35642AABF9} = {A46B4689-047D-4331-A7D3-96021F2454CA}
		{E3FFE904-8DE1-4BC4-9DD1-0BCB8A54992F} = {A46B4689-047D-4331-A7D3-96021F2454CA}
		{9773A9D9-AB41-4F7F-8CCE-890CC66F3EA0} = {A46B4689-047D-4331-A7D3-96021F2454CA}
		{AD45C95E-DF20-4BF8-B8B6-328D7C578311} = {A46B4689-047D-4331-A7D3-96021F2454CA}
		{C2BAC4D4-3B7A-4013-9928-6FA4CFA925D7} = {A46B4689-047D-4331-A7D3-96021F2454CA}
		{53F41102-0A02-4FDF-B81F-B1A4876D3F1A} = {A46B4689-047D-4331-A7D3-96021F2454CA}
		{79D24229-4700-427A-AB78-F083E5B779F3} = {C3DF603A-A012-4988-8272-E724BD7636F2}
		{D8E09942-C006-466A-ACF0-E710839FF603} = {C3DF603A-A012-4988-8272-E724BD7636F2}
		{5C3A9D6E-B398-44FF-9665-EA5C8011E551} = {C3DF603A-A012-4988-8272-E724BD7636F2}
		{4DF76794-E2DE-4B51-9125-A016832CFC15} = {C3DF603A-A012-4988-8272-E724BD7636F2}
		{81D923C5-4F89-4278-92D0-2DD83514BB9F} = {C3DF603A-A012-4988-8272-E724BD7636F2}
		{D5C5ED20-AB86-4F72-9F1E-41013506E60E} = {C3DF603A-A012-4988-8272-E724BD7636F2}
	EndGlobalSection
	GlobalSection(ExtensibilityGlobals) = postSolution
		SolutionGuid = {E2273526-7E88-4D7C-BC7F-8F5FB097BC50}
	EndGlobalSection
EndGlobal
