
Microsoft Visual Studio Solution File, Format Version 12.00
# Visual Studio Version 17
VisualStudioVersion = 17.0.31919.166
MinimumVisualStudioVersion = 10.0.40219.1
Project("{8BC9CEB8-8B4A-11D0-8D11-00A0C91BC942}") = "02-01", "02-01\02-01.vcxproj", "{975E1B89-723A-4B9B-95CF-B947C8F090F5}"
EndProject
Project("{8BC9CEB8-8B4A-11D0-8D11-00A0C91BC942}") = "02-03", "02-03\02-03.vcxproj", "{6E86D68E-DC25-4B29-B3CA-AF834C6175A5}"
EndProject
Project("{8BC9CEB8-8B4A-11D0-8D11-00A0C91BC942}") = "02-05", "02-05\02-05.vcxproj", "{8736466F-25C7-4A95-9AFA-04B24410044F}"
EndProject
Project("{8BC9CEB8-8B4A-11D0-8D11-00A0C91BC942}") = "02-07-1", "02-07-1\02-07-1.vcxproj", "{3A2D491A-907C-4A88-8BE0-481637F34836}"
EndProject
Project("{8BC9CEB8-8B4A-11D0-8D11-00A0C91BC942}") = "02-07-2", "02-07-2\02-07-2.vcxproj", "{A03EB04A-5AB0-4DB0-AFC1-6714DBF6B7CA}"
EndProject
Project("{8BC9CEB8-8B4A-11D0-8D11-00A0C91BC942}") = "02-09", "02-09\02-09.vcxproj", "{2186D726-F7B7-4136-B595-691073231D3F}"
EndProject
Project("{8BC9CEB8-8B4A-11D0-8D11-00A0C91BC942}") = "02-11", "02-11\02-11.vcxproj", "{EDA209D4-1453-417C-824D-631A546299AA}"
EndProject
Project("{8BC9CEB8-8B4A-11D0-8D11-00A0C91BC942}") = "02-13", "02-13\02-13.vcxproj", "{28C44C7B-5134-44C6-A516-0F94C32DE9DE}"
EndProject
Project("{8BC9CEB8-8B4A-11D0-8D11-00A0C91BC942}") = "02-15", "02-15\02-15.vcxproj", "{3E27553D-6473-4E63-9744-2EBEEB85A1E3}"
EndProject
Global
	GlobalSection(SolutionConfigurationPlatforms) = preSolution
		Debug|x64 = Debug|x64
		Debug|x86 = Debug|x86
		Release|x64 = Release|x64
		Release|x86 = Release|x86
	EndGlobalSection
	GlobalSection(ProjectConfigurationPlatforms) = postSolution
		{975E1B89-723A-4B9B-95CF-B947C8F090F5}.Debug|x64.ActiveCfg = Debug|x64
		{975E1B89-723A-4B9B-95CF-B947C8F090F5}.Debug|x64.Build.0 = Debug|x64
		{975E1B89-723A-4B9B-95CF-B947C8F090F5}.Debug|x86.ActiveCfg = Debug|Win32
		{975E1B89-723A-4B9B-95CF-B947C8F090F5}.Debug|x86.Build.0 = Debug|Win32
		{975E1B89-723A-4B9B-95CF-B947C8F090F5}.Release|x64.ActiveCfg = Release|x64
		{975E1B89-723A-4B9B-95CF-B947C8F090F5}.Release|x64.Build.0 = Release|x64
		{975E1B89-723A-4B9B-95CF-B947C8F090F5}.Release|x86.ActiveCfg = Release|Win32
		{975E1B89-723A-4B9B-95CF-B947C8F090F5}.Release|x86.Build.0 = Release|Win32
		{6E86D68E-DC25-4B29-B3CA-AF834C6175A5}.Debug|x64.ActiveCfg = Debug|x64
		{6E86D68E-DC25-4B29-B3CA-AF834C6175A5}.Debug|x64.Build.0 = Debug|x64
		{6E86D68E-DC25-4B29-B3CA-AF834C6175A5}.Debug|x86.ActiveCfg = Debug|Win32
		{6E86D68E-DC25-4B29-B3CA-AF834C6175A5}.Debug|x86.Build.0 = Debug|Win32
		{6E86D68E-DC25-4B29-B3CA-AF834C6175A5}.Release|x64.ActiveCfg = Release|x64
		{6E86D68E-DC25-4B29-B3CA-AF834C6175A5}.Release|x64.Build.0 = Release|x64
		{6E86D68E-DC25-4B29-B3CA-AF834C6175A5}.Release|x86.ActiveCfg = Release|Win32
		{6E86D68E-DC25-4B29-B3CA-AF834C6175A5}.Release|x86.Build.0 = Release|Win32
		{8736466F-25C7-4A95-9AFA-04B24410044F}.Debug|x64.ActiveCfg = Debug|x64
		{8736466F-25C7-4A95-9AFA-04B24410044F}.Debug|x64.Build.0 = Debug|x64
		{8736466F-25C7-4A95-9AFA-04B24410044F}.Debug|x86.ActiveCfg = Debug|Win32
		{8736466F-25C7-4A95-9AFA-04B24410044F}.Debug|x86.Build.0 = Debug|Win32
		{8736466F-25C7-4A95-9AFA-04B24410044F}.Release|x64.ActiveCfg = Release|x64
		{8736466F-25C7-4A95-9AFA-04B24410044F}.Release|x64.Build.0 = Release|x64
		{8736466F-25C7-4A95-9AFA-04B24410044F}.Release|x86.ActiveCfg = Release|Win32
		{8736466F-25C7-4A95-9AFA-04B24410044F}.Release|x86.Build.0 = Release|Win32
		{3A2D491A-907C-4A88-8BE0-481637F34836}.Debug|x64.ActiveCfg = Debug|x64
		{3A2D491A-907C-4A88-8BE0-481637F34836}.Debug|x64.Build.0 = Debug|x64
		{3A2D491A-907C-4A88-8BE0-481637F34836}.Debug|x86.ActiveCfg = Debug|Win32
		{3A2D491A-907C-4A88-8BE0-481637F34836}.Debug|x86.Build.0 = Debug|Win32
		{3A2D491A-907C-4A88-8BE0-481637F34836}.Release|x64.ActiveCfg = Release|x64
		{3A2D491A-907C-4A88-8BE0-481637F34836}.Release|x64.Build.0 = Release|x64
		{3A2D491A-907C-4A88-8BE0-481637F34836}.Release|x86.ActiveCfg = Release|Win32
		{3A2D491A-907C-4A88-8BE0-481637F34836}.Release|x86.Build.0 = Release|Win32
		{A03EB04A-5AB0-4DB0-AFC1-6714DBF6B7CA}.Debug|x64.ActiveCfg = Debug|x64
		{A03EB04A-5AB0-4DB0-AFC1-6714DBF6B7CA}.Debug|x64.Build.0 = Debug|x64
		{A03EB04A-5AB0-4DB0-AFC1-6714DBF6B7CA}.Debug|x86.ActiveCfg = Debug|Win32
		{A03EB04A-5AB0-4DB0-AFC1-6714DBF6B7CA}.Debug|x86.Build.0 = Debug|Win32
		{A03EB04A-5AB0-4DB0-AFC1-6714DBF6B7CA}.Release|x64.ActiveCfg = Release|x64
		{A03EB04A-5AB0-4DB0-AFC1-6714DBF6B7CA}.Release|x64.Build.0 = Release|x64
		{A03EB04A-5AB0-4DB0-AFC1-6714DBF6B7CA}.Release|x86.ActiveCfg = Release|Win32
		{A03EB04A-5AB0-4DB0-AFC1-6714DBF6B7CA}.Release|x86.Build.0 = Release|Win32
		{2186D726-F7B7-4136-B595-691073231D3F}.Debug|x64.ActiveCfg = Debug|x64
		{2186D726-F7B7-4136-B595-691073231D3F}.Debug|x64.Build.0 = Debug|x64
		{2186D726-F7B7-4136-B595-691073231D3F}.Debug|x86.ActiveCfg = Debug|Win32
		{2186D726-F7B7-4136-B595-691073231D3F}.Debug|x86.Build.0 = Debug|Win32
		{2186D726-F7B7-4136-B595-691073231D3F}.Release|x64.ActiveCfg = Release|x64
		{2186D726-F7B7-4136-B595-691073231D3F}.Release|x64.Build.0 = Release|x64
		{2186D726-F7B7-4136-B595-691073231D3F}.Release|x86.ActiveCfg = Release|Win32
		{2186D726-F7B7-4136-B595-691073231D3F}.Release|x86.Build.0 = Release|Win32
		{EDA209D4-1453-417C-824D-631A546299AA}.Debug|x64.ActiveCfg = Debug|x64
		{EDA209D4-1453-417C-824D-631A546299AA}.Debug|x64.Build.0 = Debug|x64
		{EDA209D4-1453-417C-824D-631A546299AA}.Debug|x86.ActiveCfg = Debug|Win32
		{EDA209D4-1453-417C-824D-631A546299AA}.Debug|x86.Build.0 = Debug|Win32
		{EDA209D4-1453-417C-824D-631A546299AA}.Release|x64.ActiveCfg = Release|x64
		{EDA209D4-1453-417C-824D-631A546299AA}.Release|x64.Build.0 = Release|x64
		{EDA209D4-1453-417C-824D-631A546299AA}.Release|x86.ActiveCfg = Release|Win32
		{EDA209D4-1453-417C-824D-631A546299AA}.Release|x86.Build.0 = Release|Win32
		{28C44C7B-5134-44C6-A516-0F94C32DE9DE}.Debug|x64.ActiveCfg = Debug|x64
		{28C44C7B-5134-44C6-A516-0F94C32DE9DE}.Debug|x64.Build.0 = Debug|x64
		{28C44C7B-5134-44C6-A516-0F94C32DE9DE}.Debug|x86.ActiveCfg = Debug|Win32
		{28C44C7B-5134-44C6-A516-0F94C32DE9DE}.Debug|x86.Build.0 = Debug|Win32
		{28C44C7B-5134-44C6-A516-0F94C32DE9DE}.Release|x64.ActiveCfg = Release|x64
		{28C44C7B-5134-44C6-A516-0F94C32DE9DE}.Release|x64.Build.0 = Release|x64
		{28C44C7B-5134-44C6-A516-0F94C32DE9DE}.Release|x86.ActiveCfg = Release|Win32
		{28C44C7B-5134-44C6-A516-0F94C32DE9DE}.Release|x86.Build.0 = Release|Win32
		{3E27553D-6473-4E63-9744-2EBEEB85A1E3}.Debug|x64.ActiveCfg = Debug|x64
		{3E27553D-6473-4E63-9744-2EBEEB85A1E3}.Debug|x64.Build.0 = Debug|x64
		{3E27553D-6473-4E63-9744-2EBEEB85A1E3}.Debug|x86.ActiveCfg = Debug|Win32
		{3E27553D-6473-4E63-9744-2EBEEB85A1E3}.Debug|x86.Build.0 = Debug|Win32
		{3E27553D-6473-4E63-9744-2EBEEB85A1E3}.Release|x64.ActiveCfg = Release|x64
		{3E27553D-6473-4E63-9744-2EBEEB85A1E3}.Release|x64.Build.0 = Release|x64
		{3E27553D-6473-4E63-9744-2EBEEB85A1E3}.Release|x86.ActiveCfg = Release|Win32
		{3E27553D-6473-4E63-9744-2EBEEB85A1E3}.Release|x86.Build.0 = Release|Win32
	EndGlobalSection
	GlobalSection(SolutionProperties) = preSolution
		HideSolutionNode = FALSE
	EndGlobalSection
	GlobalSection(ExtensibilityGlobals) = postSolution
		SolutionGuid = {3E16587B-2871-4E31-A124-8C6A06006370}
	EndGlobalSection
EndGlobal
