
Microsoft Visual Studio Solution File, Format Version 12.00
# Visual Studio Version 17
VisualStudioVersion = 17.14.37012.4
MinimumVisualStudioVersion = 10.0.40219.1
Project("{8BC9CEB8-8B4A-11D0-8D11-00A0C91BC942}") = "swap", "swap\swap.vcxproj", "{0EEB5C5D-D58F-4AA4-AB04-FF1826C5C6FF}"
EndProject
Project("{8BC9CEB8-8B4A-11D0-8D11-00A0C91BC942}") = "Circle", "Circle\Circle.vcxproj", "{890A0381-9A0E-4211-85CC-51FB1A487BFF}"
EndProject
Project("{8BC9CEB8-8B4A-11D0-8D11-00A0C91BC942}") = "ref", "ref\ref.vcxproj", "{1A95F2CD-641F-4B49-93DD-AE58DCE62C27}"
EndProject
Project("{8BC9CEB8-8B4A-11D0-8D11-00A0C91BC942}") = "average", "average\average.vcxproj", "{30271607-0432-49D3-AA7E-E1D43B70DAB3}"
EndProject
Project("{8BC9CEB8-8B4A-11D0-8D11-00A0C91BC942}") = "ref2", "ref2\ref2.vcxproj", "{CF7CF3D1-89EA-491C-AEB5-25E9F8843B4A}"
EndProject
Project("{8BC9CEB8-8B4A-11D0-8D11-00A0C91BC942}") = "5-3", "5-3\5-3.vcxproj", "{09D1CB59-EDAA-4B71-83BD-088845F4F7E9}"
EndProject
Project("{8BC9CEB8-8B4A-11D0-8D11-00A0C91BC942}") = "5-6", "5-6\5-6.vcxproj", "{CA46EEF4-09DA-4FC1-8473-6F7917E05A06}"
EndProject
Project("{8BC9CEB8-8B4A-11D0-8D11-00A0C91BC942}") = "5-8", "5-8\5-8.vcxproj", "{1572AC23-FD1D-4876-B5BC-CF808327318E}"
EndProject
Project("{8BC9CEB8-8B4A-11D0-8D11-00A0C91BC942}") = "circle2", "circle2\circle2.vcxproj", "{0C88E1A6-6585-4635-8693-9C5A746E9B08}"
EndProject
Project("{8BC9CEB8-8B4A-11D0-8D11-00A0C91BC942}") = "swallowcopy", "swallowcopy\swallowcopy.vcxproj", "{3C7DA2AB-EEC8-48B3-98A8-AC87B994273C}"
EndProject
Global
	GlobalSection(SolutionConfigurationPlatforms) = preSolution
		Debug|x64 = Debug|x64
		Debug|x86 = Debug|x86
		Release|x64 = Release|x64
		Release|x86 = Release|x86
	EndGlobalSection
	GlobalSection(ProjectConfigurationPlatforms) = postSolution
		{0EEB5C5D-D58F-4AA4-AB04-FF1826C5C6FF}.Debug|x64.ActiveCfg = Debug|x64
		{0EEB5C5D-D58F-4AA4-AB04-FF1826C5C6FF}.Debug|x64.Build.0 = Debug|x64
		{0EEB5C5D-D58F-4AA4-AB04-FF1826C5C6FF}.Debug|x86.ActiveCfg = Debug|Win32
		{0EEB5C5D-D58F-4AA4-AB04-FF1826C5C6FF}.Debug|x86.Build.0 = Debug|Win32
		{0EEB5C5D-D58F-4AA4-AB04-FF1826C5C6FF}.Release|x64.ActiveCfg = Release|x64
		{0EEB5C5D-D58F-4AA4-AB04-FF1826C5C6FF}.Release|x64.Build.0 = Release|x64
		{0EEB5C5D-D58F-4AA4-AB04-FF1826C5C6FF}.Release|x86.ActiveCfg = Release|Win32
		{0EEB5C5D-D58F-4AA4-AB04-FF1826C5C6FF}.Release|x86.Build.0 = Release|Win32
		{890A0381-9A0E-4211-85CC-51FB1A487BFF}.Debug|x64.ActiveCfg = Debug|x64
		{890A0381-9A0E-4211-85CC-51FB1A487BFF}.Debug|x64.Build.0 = Debug|x64
		{890A0381-9A0E-4211-85CC-51FB1A487BFF}.Debug|x86.ActiveCfg = Debug|Win32
		{890A0381-9A0E-4211-85CC-51FB1A487BFF}.Debug|x86.Build.0 = Debug|Win32
		{890A0381-9A0E-4211-85CC-51FB1A487BFF}.Release|x64.ActiveCfg = Release|x64
		{890A0381-9A0E-4211-85CC-51FB1A487BFF}.Release|x64.Build.0 = Release|x64
		{890A0381-9A0E-4211-85CC-51FB1A487BFF}.Release|x86.ActiveCfg = Release|Win32
		{890A0381-9A0E-4211-85CC-51FB1A487BFF}.Release|x86.Build.0 = Release|Win32
		{1A95F2CD-641F-4B49-93DD-AE58DCE62C27}.Debug|x64.ActiveCfg = Debug|x64
		{1A95F2CD-641F-4B49-93DD-AE58DCE62C27}.Debug|x64.Build.0 = Debug|x64
		{1A95F2CD-641F-4B49-93DD-AE58DCE62C27}.Debug|x86.ActiveCfg = Debug|Win32
		{1A95F2CD-641F-4B49-93DD-AE58DCE62C27}.Debug|x86.Build.0 = Debug|Win32
		{1A95F2CD-641F-4B49-93DD-AE58DCE62C27}.Release|x64.ActiveCfg = Release|x64
		{1A95F2CD-641F-4B49-93DD-AE58DCE62C27}.Release|x64.Build.0 = Release|x64
		{1A95F2CD-641F-4B49-93DD-AE58DCE62C27}.Release|x86.ActiveCfg = Release|Win32
		{1A95F2CD-641F-4B49-93DD-AE58DCE62C27}.Release|x86.Build.0 = Release|Win32
		{30271607-0432-49D3-AA7E-E1D43B70DAB3}.Debug|x64.ActiveCfg = Debug|x64
		{30271607-0432-49D3-AA7E-E1D43B70DAB3}.Debug|x64.Build.0 = Debug|x64
		{30271607-0432-49D3-AA7E-E1D43B70DAB3}.Debug|x86.ActiveCfg = Debug|Win32
		{30271607-0432-49D3-AA7E-E1D43B70DAB3}.Debug|x86.Build.0 = Debug|Win32
		{30271607-0432-49D3-AA7E-E1D43B70DAB3}.Release|x64.ActiveCfg = Release|x64
		{30271607-0432-49D3-AA7E-E1D43B70DAB3}.Release|x64.Build.0 = Release|x64
		{30271607-0432-49D3-AA7E-E1D43B70DAB3}.Release|x86.ActiveCfg = Release|Win32
		{30271607-0432-49D3-AA7E-E1D43B70DAB3}.Release|x86.Build.0 = Release|Win32
		{CF7CF3D1-89EA-491C-AEB5-25E9F8843B4A}.Debug|x64.ActiveCfg = Debug|x64
		{CF7CF3D1-89EA-491C-AEB5-25E9F8843B4A}.Debug|x64.Build.0 = Debug|x64
		{CF7CF3D1-89EA-491C-AEB5-25E9F8843B4A}.Debug|x86.ActiveCfg = Debug|Win32
		{CF7CF3D1-89EA-491C-AEB5-25E9F8843B4A}.Debug|x86.Build.0 = Debug|Win32
		{CF7CF3D1-89EA-491C-AEB5-25E9F8843B4A}.Release|x64.ActiveCfg = Release|x64
		{CF7CF3D1-89EA-491C-AEB5-25E9F8843B4A}.Release|x64.Build.0 = Release|x64
		{CF7CF3D1-89EA-491C-AEB5-25E9F8843B4A}.Release|x86.ActiveCfg = Release|Win32
		{CF7CF3D1-89EA-491C-AEB5-25E9F8843B4A}.Release|x86.Build.0 = Release|Win32
		{09D1CB59-EDAA-4B71-83BD-088845F4F7E9}.Debug|x64.ActiveCfg = Debug|x64
		{09D1CB59-EDAA-4B71-83BD-088845F4F7E9}.Debug|x64.Build.0 = Debug|x64
		{09D1CB59-EDAA-4B71-83BD-088845F4F7E9}.Debug|x86.ActiveCfg = Debug|Win32
		{09D1CB59-EDAA-4B71-83BD-088845F4F7E9}.Debug|x86.Build.0 = Debug|Win32
		{09D1CB59-EDAA-4B71-83BD-088845F4F7E9}.Release|x64.ActiveCfg = Release|x64
		{09D1CB59-EDAA-4B71-83BD-088845F4F7E9}.Release|x64.Build.0 = Release|x64
		{09D1CB59-EDAA-4B71-83BD-088845F4F7E9}.Release|x86.ActiveCfg = Release|Win32
		{09D1CB59-EDAA-4B71-83BD-088845F4F7E9}.Release|x86.Build.0 = Release|Win32
		{CA46EEF4-09DA-4FC1-8473-6F7917E05A06}.Debug|x64.ActiveCfg = Debug|x64
		{CA46EEF4-09DA-4FC1-8473-6F7917E05A06}.Debug|x64.Build.0 = Debug|x64
		{CA46EEF4-09DA-4FC1-8473-6F7917E05A06}.Debug|x86.ActiveCfg = Debug|Win32
		{CA46EEF4-09DA-4FC1-8473-6F7917E05A06}.Debug|x86.Build.0 = Debug|Win32
		{CA46EEF4-09DA-4FC1-8473-6F7917E05A06}.Release|x64.ActiveCfg = Release|x64
		{CA46EEF4-09DA-4FC1-8473-6F7917E05A06}.Release|x64.Build.0 = Release|x64
		{CA46EEF4-09DA-4FC1-8473-6F7917E05A06}.Release|x86.ActiveCfg = Release|Win32
		{CA46EEF4-09DA-4FC1-8473-6F7917E05A06}.Release|x86.Build.0 = Release|Win32
		{1572AC23-FD1D-4876-B5BC-CF808327318E}.Debug|x64.ActiveCfg = Debug|x64
		{1572AC23-FD1D-4876-B5BC-CF808327318E}.Debug|x64.Build.0 = Debug|x64
		{1572AC23-FD1D-4876-B5BC-CF808327318E}.Debug|x86.ActiveCfg = Debug|Win32
		{1572AC23-FD1D-4876-B5BC-CF808327318E}.Debug|x86.Build.0 = Debug|Win32
		{1572AC23-FD1D-4876-B5BC-CF808327318E}.Release|x64.ActiveCfg = Release|x64
		{1572AC23-FD1D-4876-B5BC-CF808327318E}.Release|x64.Build.0 = Release|x64
		{1572AC23-FD1D-4876-B5BC-CF808327318E}.Release|x86.ActiveCfg = Release|Win32
		{1572AC23-FD1D-4876-B5BC-CF808327318E}.Release|x86.Build.0 = Release|Win32
		{0C88E1A6-6585-4635-8693-9C5A746E9B08}.Debug|x64.ActiveCfg = Debug|x64
		{0C88E1A6-6585-4635-8693-9C5A746E9B08}.Debug|x64.Build.0 = Debug|x64
		{0C88E1A6-6585-4635-8693-9C5A746E9B08}.Debug|x86.ActiveCfg = Debug|Win32
		{0C88E1A6-6585-4635-8693-9C5A746E9B08}.Debug|x86.Build.0 = Debug|Win32
		{0C88E1A6-6585-4635-8693-9C5A746E9B08}.Release|x64.ActiveCfg = Release|x64
		{0C88E1A6-6585-4635-8693-9C5A746E9B08}.Release|x64.Build.0 = Release|x64
		{0C88E1A6-6585-4635-8693-9C5A746E9B08}.Release|x86.ActiveCfg = Release|Win32
		{0C88E1A6-6585-4635-8693-9C5A746E9B08}.Release|x86.Build.0 = Release|Win32
		{3C7DA2AB-EEC8-48B3-98A8-AC87B994273C}.Debug|x64.ActiveCfg = Debug|x64
		{3C7DA2AB-EEC8-48B3-98A8-AC87B994273C}.Debug|x64.Build.0 = Debug|x64
		{3C7DA2AB-EEC8-48B3-98A8-AC87B994273C}.Debug|x86.ActiveCfg = Debug|Win32
		{3C7DA2AB-EEC8-48B3-98A8-AC87B994273C}.Debug|x86.Build.0 = Debug|Win32
		{3C7DA2AB-EEC8-48B3-98A8-AC87B994273C}.Release|x64.ActiveCfg = Release|x64
		{3C7DA2AB-EEC8-48B3-98A8-AC87B994273C}.Release|x64.Build.0 = Release|x64
		{3C7DA2AB-EEC8-48B3-98A8-AC87B994273C}.Release|x86.ActiveCfg = Release|Win32
		{3C7DA2AB-EEC8-48B3-98A8-AC87B994273C}.Release|x86.Build.0 = Release|Win32
	EndGlobalSection
	GlobalSection(SolutionProperties) = preSolution
		HideSolutionNode = FALSE
	EndGlobalSection
	GlobalSection(ExtensibilityGlobals) = postSolution
		SolutionGuid = {40F7346A-57BD-44EE-BE93-288995D6ECB2}
	EndGlobalSection
EndGlobal
