
Microsoft Visual Studio Solution File, Format Version 12.00
# Visual Studio Version 17
VisualStudioVersion = 17.14.37012.4 d17.14
MinimumVisualStudioVersion = 10.0.40219.1
Project("{FAE04EC0-301F-11D3-BF4B-00C04F79EFBC}") = "helloWorld-wf", "helloWorld-wf.csproj", "{87821DF6-65CD-44E7-8A02-0792B45F5E1B}"
EndProject
Global
	GlobalSection(SolutionConfigurationPlatforms) = preSolution
		Debug|Any CPU = Debug|Any CPU
		Release|Any CPU = Release|Any CPU
	EndGlobalSection
	GlobalSection(ProjectConfigurationPlatforms) = postSolution
		{87821DF6-65CD-44E7-8A02-0792B45F5E1B}.Debug|Any CPU.ActiveCfg = Debug|Any CPU
		{87821DF6-65CD-44E7-8A02-0792B45F5E1B}.Debug|Any CPU.Build.0 = Debug|Any CPU
		{87821DF6-65CD-44E7-8A02-0792B45F5E1B}.Release|Any CPU.ActiveCfg = Release|Any CPU
		{87821DF6-65CD-44E7-8A02-0792B45F5E1B}.Release|Any CPU.Build.0 = Release|Any CPU
	EndGlobalSection
	GlobalSection(SolutionProperties) = preSolution
		HideSolutionNode = FALSE
	EndGlobalSection
	GlobalSection(ExtensibilityGlobals) = postSolution
		SolutionGuid = {A0DCEEC3-9210-46FC-BE41-02FB4994FBF1}
	EndGlobalSection
EndGlobal
