
Microsoft Visual Studio Solution File, Format Version 12.00
# Visual Studio Version 17
VisualStudioVersion = 17.14.37012.4
MinimumVisualStudioVersion = 10.0.40219.1
Project("{8BC9CEB8-8B4A-11D0-8D11-00A0C91BC942}") = "queue", "queue\queue.vcxproj", "{7335941B-EFAE-4CF4-86C4-5EED754AC599}"
EndProject
Project("{8BC9CEB8-8B4A-11D0-8D11-00A0C91BC942}") = "circlequeue", "circlequeue\circlequeue.vcxproj", "{51443D4E-0C30-4158-AC3F-EEA6C5629AB3}"
EndProject
Project("{8BC9CEB8-8B4A-11D0-8D11-00A0C91BC942}") = "customer", "customer\customer.vcxproj", "{78643994-D9AB-4E79-90CC-6AFBB10F7EEB}"
EndProject
Project("{8BC9CEB8-8B4A-11D0-8D11-00A0C91BC942}") = "palindrome", "palindrome\palindrome.vcxproj", "{178B16D9-2AF7-486E-9BC7-5B1B37C8A5B5}"
EndProject
Global
	GlobalSection(SolutionConfigurationPlatforms) = preSolution
		Debug|x64 = Debug|x64
		Debug|x86 = Debug|x86
		Release|x64 = Release|x64
		Release|x86 = Release|x86
	EndGlobalSection
	GlobalSection(ProjectConfigurationPlatforms) = postSolution
		{7335941B-EFAE-4CF4-86C4-5EED754AC599}.Debug|x64.ActiveCfg = Debug|x64
		{7335941B-EFAE-4CF4-86C4-5EED754AC599}.Debug|x64.Build.0 = Debug|x64
		{7335941B-EFAE-4CF4-86C4-5EED754AC599}.Debug|x86.ActiveCfg = Debug|Win32
		{7335941B-EFAE-4CF4-86C4-5EED754AC599}.Debug|x86.Build.0 = Debug|Win32
		{7335941B-EFAE-4CF4-86C4-5EED754AC599}.Release|x64.ActiveCfg = Release|x64
		{7335941B-EFAE-4CF4-86C4-5EED754AC599}.Release|x64.Build.0 = Release|x64
		{7335941B-EFAE-4CF4-86C4-5EED754AC599}.Release|x86.ActiveCfg = Release|Win32
		{7335941B-EFAE-4CF4-86C4-5EED754AC599}.Release|x86.Build.0 = Release|Win32
		{51443D4E-0C30-4158-AC3F-EEA6C5629AB3}.Debug|x64.ActiveCfg = Debug|x64
		{51443D4E-0C30-4158-AC3F-EEA6C5629AB3}.Debug|x64.Build.0 = Debug|x64
		{51443D4E-0C30-4158-AC3F-EEA6C5629AB3}.Debug|x86.ActiveCfg = Debug|Win32
		{51443D4E-0C30-4158-AC3F-EEA6C5629AB3}.Debug|x86.Build.0 = Debug|Win32
		{51443D4E-0C30-4158-AC3F-EEA6C5629AB3}.Release|x64.ActiveCfg = Release|x64
		{51443D4E-0C30-4158-AC3F-EEA6C5629AB3}.Release|x64.Build.0 = Release|x64
		{51443D4E-0C30-4158-AC3F-EEA6C5629AB3}.Release|x86.ActiveCfg = Release|Win32
		{51443D4E-0C30-4158-AC3F-EEA6C5629AB3}.Release|x86.Build.0 = Release|Win32
		{78643994-D9AB-4E79-90CC-6AFBB10F7EEB}.Debug|x64.ActiveCfg = Debug|x64
		{78643994-D9AB-4E79-90CC-6AFBB10F7EEB}.Debug|x64.Build.0 = Debug|x64
		{78643994-D9AB-4E79-90CC-6AFBB10F7EEB}.Debug|x86.ActiveCfg = Debug|Win32
		{78643994-D9AB-4E79-90CC-6AFBB10F7EEB}.Debug|x86.Build.0 = Debug|Win32
		{78643994-D9AB-4E79-90CC-6AFBB10F7EEB}.Release|x64.ActiveCfg = Release|x64
		{78643994-D9AB-4E79-90CC-6AFBB10F7EEB}.Release|x64.Build.0 = Release|x64
		{78643994-D9AB-4E79-90CC-6AFBB10F7EEB}.Release|x86.ActiveCfg = Release|Win32
		{78643994-D9AB-4E79-90CC-6AFBB10F7EEB}.Release|x86.Build.0 = Release|Win32
		{178B16D9-2AF7-486E-9BC7-5B1B37C8A5B5}.Debug|x64.ActiveCfg = Debug|x64
		{178B16D9-2AF7-486E-9BC7-5B1B37C8A5B5}.Debug|x64.Build.0 = Debug|x64
		{178B16D9-2AF7-486E-9BC7-5B1B37C8A5B5}.Debug|x86.ActiveCfg = Debug|Win32
		{178B16D9-2AF7-486E-9BC7-5B1B37C8A5B5}.Debug|x86.Build.0 = Debug|Win32
		{178B16D9-2AF7-486E-9BC7-5B1B37C8A5B5}.Release|x64.ActiveCfg = Release|x64
		{178B16D9-2AF7-486E-9BC7-5B1B37C8A5B5}.Release|x64.Build.0 = Release|x64
		{178B16D9-2AF7-486E-9BC7-5B1B37C8A5B5}.Release|x86.ActiveCfg = Release|Win32
		{178B16D9-2AF7-486E-9BC7-5B1B37C8A5B5}.Release|x86.Build.0 = Release|Win32
	EndGlobalSection
	GlobalSection(SolutionProperties) = preSolution
		HideSolutionNode = FALSE
	EndGlobalSection
	GlobalSection(ExtensibilityGlobals) = postSolution
		SolutionGuid = {D0399961-5346-491D-9AC9-077EBA742E43}
	EndGlobalSection
EndGlobal
