
Microsoft Visual Studio Solution File, Format Version 12.00
# Visual Studio Version 17
VisualStudioVersion = 17.14.37012.4
MinimumVisualStudioVersion = 10.0.40219.1
Project("{8BC9CEB8-8B4A-11D0-8D11-00A0C91BC942}") = "fopen", "fopen\fopen.vcxproj", "{F44D445A-D5FE-4D70-B8E8-0888791EA69B}"
EndProject
Project("{8BC9CEB8-8B4A-11D0-8D11-00A0C91BC942}") = "fgetc", "fgetc\fgetc.vcxproj", "{2D1EF8B2-FC64-456F-A23A-FD4C616E32B8}"
EndProject
Project("{8BC9CEB8-8B4A-11D0-8D11-00A0C91BC942}") = "fff", "fff\fff.vcxproj", "{1E072DC8-CE42-49F1-9374-180DE42538C8}"
EndProject
Project("{8BC9CEB8-8B4A-11D0-8D11-00A0C91BC942}") = "copy", "copy\copy.vcxproj", "{C9AE15B7-BF32-4EAC-B46A-3A3CD81630BD}"
EndProject
Project("{8BC9CEB8-8B4A-11D0-8D11-00A0C91BC942}") = "add", "add\add.vcxproj", "{317252BC-EEAE-4A8C-9375-FBE13D55E549}"
EndProject
Project("{8BC9CEB8-8B4A-11D0-8D11-00A0C91BC942}") = "fopenb", "fopenb\fopenb.vcxproj", "{63A2C400-A01D-4E47-8C92-3FDA74D3EC9D}"
EndProject
Project("{8BC9CEB8-8B4A-11D0-8D11-00A0C91BC942}") = "freadb", "freadb\freadb.vcxproj", "{CE870BF0-EE62-40C9-8C4A-2F4ECCB8E94D}"
EndProject
Project("{8BC9CEB8-8B4A-11D0-8D11-00A0C91BC942}") = "fseek", "fseek\fseek.vcxproj", "{C633BE3D-03A1-4B68-B50B-28960B1B110E}"
EndProject
Project("{8BC9CEB8-8B4A-11D0-8D11-00A0C91BC942}") = "copy1", "copy1\copy1.vcxproj", "{18ADC8A4-0969-423C-AB76-691463952289}"
EndProject
Project("{8BC9CEB8-8B4A-11D0-8D11-00A0C91BC942}") = "score", "scor\scor.vcxproj", "{D455C6A1-0550-4DD5-ADF0-5951844CF976}"
EndProject
Project("{8BC9CEB8-8B4A-11D0-8D11-00A0C91BC942}") = "compare", "compare\compare.vcxproj", "{F62D16D0-7694-4E02-8C32-DC91C351EC1A}"
EndProject
Project("{8BC9CEB8-8B4A-11D0-8D11-00A0C91BC942}") = "compare2", "compare2\compare2.vcxproj", "{C1459E30-FADB-4618-B065-3E07282205B5}"
EndProject
Global
	GlobalSection(SolutionConfigurationPlatforms) = preSolution
		Debug|x64 = Debug|x64
		Debug|x86 = Debug|x86
		Release|x64 = Release|x64
		Release|x86 = Release|x86
	EndGlobalSection
	GlobalSection(ProjectConfigurationPlatforms) = postSolution
		{F44D445A-D5FE-4D70-B8E8-0888791EA69B}.Debug|x64.ActiveCfg = Debug|x64
		{F44D445A-D5FE-4D70-B8E8-0888791EA69B}.Debug|x64.Build.0 = Debug|x64
		{F44D445A-D5FE-4D70-B8E8-0888791EA69B}.Debug|x86.ActiveCfg = Debug|Win32
		{F44D445A-D5FE-4D70-B8E8-0888791EA69B}.Debug|x86.Build.0 = Debug|Win32
		{F44D445A-D5FE-4D70-B8E8-0888791EA69B}.Release|x64.ActiveCfg = Release|x64
		{F44D445A-D5FE-4D70-B8E8-0888791EA69B}.Release|x64.Build.0 = Release|x64
		{F44D445A-D5FE-4D70-B8E8-0888791EA69B}.Release|x86.ActiveCfg = Release|Win32
		{F44D445A-D5FE-4D70-B8E8-0888791EA69B}.Release|x86.Build.0 = Release|Win32
		{2D1EF8B2-FC64-456F-A23A-FD4C616E32B8}.Debug|x64.ActiveCfg = Debug|x64
		{2D1EF8B2-FC64-456F-A23A-FD4C616E32B8}.Debug|x64.Build.0 = Debug|x64
		{2D1EF8B2-FC64-456F-A23A-FD4C616E32B8}.Debug|x86.ActiveCfg = Debug|Win32
		{2D1EF8B2-FC64-456F-A23A-FD4C616E32B8}.Debug|x86.Build.0 = Debug|Win32
		{2D1EF8B2-FC64-456F-A23A-FD4C616E32B8}.Release|x64.ActiveCfg = Release|x64
		{2D1EF8B2-FC64-456F-A23A-FD4C616E32B8}.Release|x64.Build.0 = Release|x64
		{2D1EF8B2-FC64-456F-A23A-FD4C616E32B8}.Release|x86.ActiveCfg = Release|Win32
		{2D1EF8B2-FC64-456F-A23A-FD4C616E32B8}.Release|x86.Build.0 = Release|Win32
		{1E072DC8-CE42-49F1-9374-180DE42538C8}.Debug|x64.ActiveCfg = Debug|x64
		{1E072DC8-CE42-49F1-9374-180DE42538C8}.Debug|x64.Build.0 = Debug|x64
		{1E072DC8-CE42-49F1-9374-180DE42538C8}.Debug|x86.ActiveCfg = Debug|Win32
		{1E072DC8-CE42-49F1-9374-180DE42538C8}.Debug|x86.Build.0 = Debug|Win32
		{1E072DC8-CE42-49F1-9374-180DE42538C8}.Release|x64.ActiveCfg = Release|x64
		{1E072DC8-CE42-49F1-9374-180DE42538C8}.Release|x64.Build.0 = Release|x64
		{1E072DC8-CE42-49F1-9374-180DE42538C8}.Release|x86.ActiveCfg = Release|Win32
		{1E072DC8-CE42-49F1-9374-180DE42538C8}.Release|x86.Build.0 = Release|Win32
		{C9AE15B7-BF32-4EAC-B46A-3A3CD81630BD}.Debug|x64.ActiveCfg = Debug|x64
		{C9AE15B7-BF32-4EAC-B46A-3A3CD81630BD}.Debug|x64.Build.0 = Debug|x64
		{C9AE15B7-BF32-4EAC-B46A-3A3CD81630BD}.Debug|x86.ActiveCfg = Debug|Win32
		{C9AE15B7-BF32-4EAC-B46A-3A3CD81630BD}.Debug|x86.Build.0 = Debug|Win32
		{C9AE15B7-BF32-4EAC-B46A-3A3CD81630BD}.Release|x64.ActiveCfg = Release|x64
		{C9AE15B7-BF32-4EAC-B46A-3A3CD81630BD}.Release|x64.Build.0 = Release|x64
		{C9AE15B7-BF32-4EAC-B46A-3A3CD81630BD}.Release|x86.ActiveCfg = Release|Win32
		{C9AE15B7-BF32-4EAC-B46A-3A3CD81630BD}.Release|x86.Build.0 = Release|Win32
		{317252BC-EEAE-4A8C-9375-FBE13D55E549}.Debug|x64.ActiveCfg = Debug|x64
		{317252BC-EEAE-4A8C-9375-FBE13D55E549}.Debug|x64.Build.0 = Debug|x64
		{317252BC-EEAE-4A8C-9375-FBE13D55E549}.Debug|x86.ActiveCfg = Debug|Win32
		{317252BC-EEAE-4A8C-9375-FBE13D55E549}.Debug|x86.Build.0 = Debug|Win32
		{317252BC-EEAE-4A8C-9375-FBE13D55E549}.Release|x64.ActiveCfg = Release|x64
		{317252BC-EEAE-4A8C-9375-FBE13D55E549}.Release|x64.Build.0 = Release|x64
		{317252BC-EEAE-4A8C-9375-FBE13D55E549}.Release|x86.ActiveCfg = Release|Win32
		{317252BC-EEAE-4A8C-9375-FBE13D55E549}.Release|x86.Build.0 = Release|Win32
		{63A2C400-A01D-4E47-8C92-3FDA74D3EC9D}.Debug|x64.ActiveCfg = Debug|x64
		{63A2C400-A01D-4E47-8C92-3FDA74D3EC9D}.Debug|x64.Build.0 = Debug|x64
		{63A2C400-A01D-4E47-8C92-3FDA74D3EC9D}.Debug|x86.ActiveCfg = Debug|Win32
		{63A2C400-A01D-4E47-8C92-3FDA74D3EC9D}.Debug|x86.Build.0 = Debug|Win32
		{63A2C400-A01D-4E47-8C92-3FDA74D3EC9D}.Release|x64.ActiveCfg = Release|x64
		{63A2C400-A01D-4E47-8C92-3FDA74D3EC9D}.Release|x64.Build.0 = Release|x64
		{63A2C400-A01D-4E47-8C92-3FDA74D3EC9D}.Release|x86.ActiveCfg = Release|Win32
		{63A2C400-A01D-4E47-8C92-3FDA74D3EC9D}.Release|x86.Build.0 = Release|Win32
		{CE870BF0-EE62-40C9-8C4A-2F4ECCB8E94D}.Debug|x64.ActiveCfg = Debug|x64
		{CE870BF0-EE62-40C9-8C4A-2F4ECCB8E94D}.Debug|x64.Build.0 = Debug|x64
		{CE870BF0-EE62-40C9-8C4A-2F4ECCB8E94D}.Debug|x86.ActiveCfg = Debug|Win32
		{CE870BF0-EE62-40C9-8C4A-2F4ECCB8E94D}.Debug|x86.Build.0 = Debug|Win32
		{CE870BF0-EE62-40C9-8C4A-2F4ECCB8E94D}.Release|x64.ActiveCfg = Release|x64
		{CE870BF0-EE62-40C9-8C4A-2F4ECCB8E94D}.Release|x64.Build.0 = Release|x64
		{CE870BF0-EE62-40C9-8C4A-2F4ECCB8E94D}.Release|x86.ActiveCfg = Release|Win32
		{CE870BF0-EE62-40C9-8C4A-2F4ECCB8E94D}.Release|x86.Build.0 = Release|Win32
		{C633BE3D-03A1-4B68-B50B-28960B1B110E}.Debug|x64.ActiveCfg = Debug|x64
		{C633BE3D-03A1-4B68-B50B-28960B1B110E}.Debug|x64.Build.0 = Debug|x64
		{C633BE3D-03A1-4B68-B50B-28960B1B110E}.Debug|x86.ActiveCfg = Debug|Win32
		{C633BE3D-03A1-4B68-B50B-28960B1B110E}.Debug|x86.Build.0 = Debug|Win32
		{C633BE3D-03A1-4B68-B50B-28960B1B110E}.Release|x64.ActiveCfg = Release|x64
		{C633BE3D-03A1-4B68-B50B-28960B1B110E}.Release|x64.Build.0 = Release|x64
		{C633BE3D-03A1-4B68-B50B-28960B1B110E}.Release|x86.ActiveCfg = Release|Win32
		{C633BE3D-03A1-4B68-B50B-28960B1B110E}.Release|x86.Build.0 = Release|Win32
		{18ADC8A4-0969-423C-AB76-691463952289}.Debug|x64.ActiveCfg = Debug|x64
		{18ADC8A4-0969-423C-AB76-691463952289}.Debug|x64.Build.0 = Debug|x64
		{18ADC8A4-0969-423C-AB76-691463952289}.Debug|x86.ActiveCfg = Debug|Win32
		{18ADC8A4-0969-423C-AB76-691463952289}.Debug|x86.Build.0 = Debug|Win32
		{18ADC8A4-0969-423C-AB76-691463952289}.Release|x64.ActiveCfg = Release|x64
		{18ADC8A4-0969-423C-AB76-691463952289}.Release|x64.Build.0 = Release|x64
		{18ADC8A4-0969-423C-AB76-691463952289}.Release|x86.ActiveCfg = Release|Win32
		{18ADC8A4-0969-423C-AB76-691463952289}.Release|x86.Build.0 = Release|Win32
		{D455C6A1-0550-4DD5-ADF0-5951844CF976}.Debug|x64.ActiveCfg = Debug|x64
		{D455C6A1-0550-4DD5-ADF0-5951844CF976}.Debug|x64.Build.0 = Debug|x64
		{D455C6A1-0550-4DD5-ADF0-5951844CF976}.Debug|x86.ActiveCfg = Debug|Win32
		{D455C6A1-0550-4DD5-ADF0-5951844CF976}.Debug|x86.Build.0 = Debug|Win32
		{D455C6A1-0550-4DD5-ADF0-5951844CF976}.Release|x64.ActiveCfg = Release|x64
		{D455C6A1-0550-4DD5-ADF0-5951844CF976}.Release|x64.Build.0 = Release|x64
		{D455C6A1-0550-4DD5-ADF0-5951844CF976}.Release|x86.ActiveCfg = Release|Win32
		{D455C6A1-0550-4DD5-ADF0-5951844CF976}.Release|x86.Build.0 = Release|Win32
		{F62D16D0-7694-4E02-8C32-DC91C351EC1A}.Debug|x64.ActiveCfg = Debug|x64
		{F62D16D0-7694-4E02-8C32-DC91C351EC1A}.Debug|x64.Build.0 = Debug|x64
		{F62D16D0-7694-4E02-8C32-DC91C351EC1A}.Debug|x86.ActiveCfg = Debug|Win32
		{F62D16D0-7694-4E02-8C32-DC91C351EC1A}.Debug|x86.Build.0 = Debug|Win32
		{F62D16D0-7694-4E02-8C32-DC91C351EC1A}.Release|x64.ActiveCfg = Release|x64
		{F62D16D0-7694-4E02-8C32-DC91C351EC1A}.Release|x64.Build.0 = Release|x64
		{F62D16D0-7694-4E02-8C32-DC91C351EC1A}.Release|x86.ActiveCfg = Release|Win32
		{F62D16D0-7694-4E02-8C32-DC91C351EC1A}.Release|x86.Build.0 = Release|Win32
		{C1459E30-FADB-4618-B065-3E07282205B5}.Debug|x64.ActiveCfg = Debug|x64
		{C1459E30-FADB-4618-B065-3E07282205B5}.Debug|x64.Build.0 = Debug|x64
		{C1459E30-FADB-4618-B065-3E07282205B5}.Debug|x86.ActiveCfg = Debug|Win32
		{C1459E30-FADB-4618-B065-3E07282205B5}.Debug|x86.Build.0 = Debug|Win32
		{C1459E30-FADB-4618-B065-3E07282205B5}.Release|x64.ActiveCfg = Release|x64
		{C1459E30-FADB-4618-B065-3E07282205B5}.Release|x64.Build.0 = Release|x64
		{C1459E30-FADB-4618-B065-3E07282205B5}.Release|x86.ActiveCfg = Release|Win32
		{C1459E30-FADB-4618-B065-3E07282205B5}.Release|x86.Build.0 = Release|Win32
	EndGlobalSection
	GlobalSection(SolutionProperties) = preSolution
		HideSolutionNode = FALSE
	EndGlobalSection
	GlobalSection(ExtensibilityGlobals) = postSolution
		SolutionGuid = {FB887A83-722F-4B5B-B30C-86A7C89A3E08}
	EndGlobalSection
EndGlobal
