
Microsoft Visual Studio Solution File, Format Version 12.00
# Visual Studio Version 17
VisualStudioVersion = 17.0.31919.166
MinimumVisualStudioVersion = 10.0.40219.1
Project("{8BC9CEB8-8B4A-11D0-8D11-00A0C91BC942}") = "01-01", "01-01\01-01.vcxproj", "{EA69D20C-8994-4C13-9483-97CABC2C2F58}"
EndProject
Project("{8BC9CEB8-8B4A-11D0-8D11-00A0C91BC942}") = "01-03", "01-03\01-03.vcxproj", "{4DE98D43-C296-4BA3-8671-752C9459E806}"
EndProject
Global
	GlobalSection(SolutionConfigurationPlatforms) = preSolution
		Debug|x64 = Debug|x64
		Debug|x86 = Debug|x86
		Release|x64 = Release|x64
		Release|x86 = Release|x86
	EndGlobalSection
	GlobalSection(ProjectConfigurationPlatforms) = postSolution
		{EA69D20C-8994-4C13-9483-97CABC2C2F58}.Debug|x64.ActiveCfg = Debug|x64
		{EA69D20C-8994-4C13-9483-97CABC2C2F58}.Debug|x64.Build.0 = Debug|x64
		{EA69D20C-8994-4C13-9483-97CABC2C2F58}.Debug|x86.ActiveCfg = Debug|Win32
		{EA69D20C-8994-4C13-9483-97CABC2C2F58}.Debug|x86.Build.0 = Debug|Win32
		{EA69D20C-8994-4C13-9483-97CABC2C2F58}.Release|x64.ActiveCfg = Release|x64
		{EA69D20C-8994-4C13-9483-97CABC2C2F58}.Release|x64.Build.0 = Release|x64
		{EA69D20C-8994-4C13-9483-97CABC2C2F58}.Release|x86.ActiveCfg = Release|Win32
		{EA69D20C-8994-4C13-9483-97CABC2C2F58}.Release|x86.Build.0 = Release|Win32
		{4DE98D43-C296-4BA3-8671-752C9459E806}.Debug|x64.ActiveCfg = Debug|x64
		{4DE98D43-C296-4BA3-8671-752C9459E806}.Debug|x64.Build.0 = Debug|x64
		{4DE98D43-C296-4BA3-8671-752C9459E806}.Debug|x86.ActiveCfg = Debug|Win32
		{4DE98D43-C296-4BA3-8671-752C9459E806}.Debug|x86.Build.0 = Debug|Win32
		{4DE98D43-C296-4BA3-8671-752C9459E806}.Release|x64.ActiveCfg = Release|x64
		{4DE98D43-C296-4BA3-8671-752C9459E806}.Release|x64.Build.0 = Release|x64
		{4DE98D43-C296-4BA3-8671-752C9459E806}.Release|x86.ActiveCfg = Release|Win32
		{4DE98D43-C296-4BA3-8671-752C9459E806}.Release|x86.Build.0 = Release|Win32
	EndGlobalSection
	GlobalSection(SolutionProperties) = preSolution
		HideSolutionNode = FALSE
	EndGlobalSection
	GlobalSection(ExtensibilityGlobals) = postSolution
		SolutionGuid = {9842DD4D-9D9B-466C-A1F6-3CA41ED8AF2A}
	EndGlobalSection
EndGlobal
