
Microsoft Visual Studio Solution File, Format Version 12.00
# Visual Studio Version 17
VisualStudioVersion = 17.12.35527.113
MinimumVisualStudioVersion = 10.0.40219.1
Project("{8BC9CEB8-8B4A-11D0-8D11-00A0C91BC942}") = "12-1", "12-1\12-1.vcxproj", "{9EC459A8-F241-4FFB-B911-DA1F016B2573}"
EndProject
Project("{8BC9CEB8-8B4A-11D0-8D11-00A0C91BC942}") = "12-3", "12-3\12-3.vcxproj", "{01F4CFA9-18E3-4ECC-9B0F-4D69F3722D12}"
EndProject
Project("{8BC9CEB8-8B4A-11D0-8D11-00A0C91BC942}") = "12-5", "12-5\12-5.vcxproj", "{40BE3089-091A-47D9-BB93-CF7AF50E492F}"
EndProject
Project("{8BC9CEB8-8B4A-11D0-8D11-00A0C91BC942}") = "12-7", "12-7\12-7.vcxproj", "{CCC77C93-CCFC-4F52-AE0E-AF6F38927C21}"
EndProject
Project("{8BC9CEB8-8B4A-11D0-8D11-00A0C91BC942}") = "12-9", "12-9\12-9.vcxproj", "{3DF10659-869D-4E1C-A09C-A6D55FC4D87D}"
EndProject
Project("{8BC9CEB8-8B4A-11D0-8D11-00A0C91BC942}") = "12-11", "12-11\12-11.vcxproj", "{31CFC6D1-BF3D-4BD2-BF96-74A461F6AF84}"
EndProject
Project("{8BC9CEB8-8B4A-11D0-8D11-00A0C91BC942}") = "12-13", "12-13\12-13.vcxproj", "{A00FC70D-5572-41C8-BAD8-FE192EB8DE9F}"
EndProject
Global
	GlobalSection(SolutionConfigurationPlatforms) = preSolution
		Debug|x64 = Debug|x64
		Debug|x86 = Debug|x86
		Release|x64 = Release|x64
		Release|x86 = Release|x86
	EndGlobalSection
	GlobalSection(ProjectConfigurationPlatforms) = postSolution
		{9EC459A8-F241-4FFB-B911-DA1F016B2573}.Debug|x64.ActiveCfg = Debug|x64
		{9EC459A8-F241-4FFB-B911-DA1F016B2573}.Debug|x64.Build.0 = Debug|x64
		{9EC459A8-F241-4FFB-B911-DA1F016B2573}.Debug|x86.ActiveCfg = Debug|Win32
		{9EC459A8-F241-4FFB-B911-DA1F016B2573}.Debug|x86.Build.0 = Debug|Win32
		{9EC459A8-F241-4FFB-B911-DA1F016B2573}.Release|x64.ActiveCfg = Release|x64
		{9EC459A8-F241-4FFB-B911-DA1F016B2573}.Release|x64.Build.0 = Release|x64
		{9EC459A8-F241-4FFB-B911-DA1F016B2573}.Release|x86.ActiveCfg = Release|Win32
		{9EC459A8-F241-4FFB-B911-DA1F016B2573}.Release|x86.Build.0 = Release|Win32
		{01F4CFA9-18E3-4ECC-9B0F-4D69F3722D12}.Debug|x64.ActiveCfg = Debug|x64
		{01F4CFA9-18E3-4ECC-9B0F-4D69F3722D12}.Debug|x64.Build.0 = Debug|x64
		{01F4CFA9-18E3-4ECC-9B0F-4D69F3722D12}.Debug|x86.ActiveCfg = Debug|Win32
		{01F4CFA9-18E3-4ECC-9B0F-4D69F3722D12}.Debug|x86.Build.0 = Debug|Win32
		{01F4CFA9-18E3-4ECC-9B0F-4D69F3722D12}.Release|x64.ActiveCfg = Release|x64
		{01F4CFA9-18E3-4ECC-9B0F-4D69F3722D12}.Release|x64.Build.0 = Release|x64
		{01F4CFA9-18E3-4ECC-9B0F-4D69F3722D12}.Release|x86.ActiveCfg = Release|Win32
		{01F4CFA9-18E3-4ECC-9B0F-4D69F3722D12}.Release|x86.Build.0 = Release|Win32
		{40BE3089-091A-47D9-BB93-CF7AF50E492F}.Debug|x64.ActiveCfg = Debug|x64
		{40BE3089-091A-47D9-BB93-CF7AF50E492F}.Debug|x64.Build.0 = Debug|x64
		{40BE3089-091A-47D9-BB93-CF7AF50E492F}.Debug|x86.ActiveCfg = Debug|Win32
		{40BE3089-091A-47D9-BB93-CF7AF50E492F}.Debug|x86.Build.0 = Debug|Win32
		{40BE3089-091A-47D9-BB93-CF7AF50E492F}.Release|x64.ActiveCfg = Release|x64
		{40BE3089-091A-47D9-BB93-CF7AF50E492F}.Release|x64.Build.0 = Release|x64
		{40BE3089-091A-47D9-BB93-CF7AF50E492F}.Release|x86.ActiveCfg = Release|Win32
		{40BE3089-091A-47D9-BB93-CF7AF50E492F}.Release|x86.Build.0 = Release|Win32
		{CCC77C93-CCFC-4F52-AE0E-AF6F38927C21}.Debug|x64.ActiveCfg = Debug|x64
		{CCC77C93-CCFC-4F52-AE0E-AF6F38927C21}.Debug|x64.Build.0 = Debug|x64
		{CCC77C93-CCFC-4F52-AE0E-AF6F38927C21}.Debug|x86.ActiveCfg = Debug|Win32
		{CCC77C93-CCFC-4F52-AE0E-AF6F38927C21}.Debug|x86.Build.0 = Debug|Win32
		{CCC77C93-CCFC-4F52-AE0E-AF6F38927C21}.Release|x64.ActiveCfg = Release|x64
		{CCC77C93-CCFC-4F52-AE0E-AF6F38927C21}.Release|x64.Build.0 = Release|x64
		{CCC77C93-CCFC-4F52-AE0E-AF6F38927C21}.Release|x86.ActiveCfg = Release|Win32
		{CCC77C93-CCFC-4F52-AE0E-AF6F38927C21}.Release|x86.Build.0 = Release|Win32
		{3DF10659-869D-4E1C-A09C-A6D55FC4D87D}.Debug|x64.ActiveCfg = Debug|x64
		{3DF10659-869D-4E1C-A09C-A6D55FC4D87D}.Debug|x64.Build.0 = Debug|x64
		{3DF10659-869D-4E1C-A09C-A6D55FC4D87D}.Debug|x86.ActiveCfg = Debug|Win32
		{3DF10659-869D-4E1C-A09C-A6D55FC4D87D}.Debug|x86.Build.0 = Debug|Win32
		{3DF10659-869D-4E1C-A09C-A6D55FC4D87D}.Release|x64.ActiveCfg = Release|x64
		{3DF10659-869D-4E1C-A09C-A6D55FC4D87D}.Release|x64.Build.0 = Release|x64
		{3DF10659-869D-4E1C-A09C-A6D55FC4D87D}.Release|x86.ActiveCfg = Release|Win32
		{3DF10659-869D-4E1C-A09C-A6D55FC4D87D}.Release|x86.Build.0 = Release|Win32
		{31CFC6D1-BF3D-4BD2-BF96-74A461F6AF84}.Debug|x64.ActiveCfg = Debug|x64
		{31CFC6D1-BF3D-4BD2-BF96-74A461F6AF84}.Debug|x64.Build.0 = Debug|x64
		{31CFC6D1-BF3D-4BD2-BF96-74A461F6AF84}.Debug|x86.ActiveCfg = Debug|Win32
		{31CFC6D1-BF3D-4BD2-BF96-74A461F6AF84}.Debug|x86.Build.0 = Debug|Win32
		{31CFC6D1-BF3D-4BD2-BF96-74A461F6AF84}.Release|x64.ActiveCfg = Release|x64
		{31CFC6D1-BF3D-4BD2-BF96-74A461F6AF84}.Release|x64.Build.0 = Release|x64
		{31CFC6D1-BF3D-4BD2-BF96-74A461F6AF84}.Release|x86.ActiveCfg = Release|Win32
		{31CFC6D1-BF3D-4BD2-BF96-74A461F6AF84}.Release|x86.Build.0 = Release|Win32
		{A00FC70D-5572-41C8-BAD8-FE192EB8DE9F}.Debug|x64.ActiveCfg = Debug|x64
		{A00FC70D-5572-41C8-BAD8-FE192EB8DE9F}.Debug|x64.Build.0 = Debug|x64
		{A00FC70D-5572-41C8-BAD8-FE192EB8DE9F}.Debug|x86.ActiveCfg = Debug|Win32
		{A00FC70D-5572-41C8-BAD8-FE192EB8DE9F}.Debug|x86.Build.0 = Debug|Win32
		{A00FC70D-5572-41C8-BAD8-FE192EB8DE9F}.Release|x64.ActiveCfg = Release|x64
		{A00FC70D-5572-41C8-BAD8-FE192EB8DE9F}.Release|x64.Build.0 = Release|x64
		{A00FC70D-5572-41C8-BAD8-FE192EB8DE9F}.Release|x86.ActiveCfg = Release|Win32
		{A00FC70D-5572-41C8-BAD8-FE192EB8DE9F}.Release|x86.Build.0 = Release|Win32
	EndGlobalSection
	GlobalSection(SolutionProperties) = preSolution
		HideSolutionNode = FALSE
	EndGlobalSection
EndGlobal
