
Microsoft Visual Studio Solution File, Format Version 12.00
# Visual Studio Version 17
VisualStudioVersion = 17.5.33627.172
MinimumVisualStudioVersion = 10.0.40219.1
Project("{8BC9CEB8-8B4A-11D0-8D11-00A0C91BC942}") = "05-01", "05-01\05-01.vcxproj", "{2E64182A-E064-45AD-83AB-6FFDEC19F45E}"
EndProject
Project("{8BC9CEB8-8B4A-11D0-8D11-00A0C91BC942}") = "05-03", "05-03\05-03.vcxproj", "{06C63A04-7E79-4C37-B04D-8DDC35DC854D}"
EndProject
Project("{8BC9CEB8-8B4A-11D0-8D11-00A0C91BC942}") = "05-05", "05-05\05-05.vcxproj", "{0E766FF2-8AE8-48D7-B3C0-6BC6162D073F}"
EndProject
Project("{8BC9CEB8-8B4A-11D0-8D11-00A0C91BC942}") = "05-07", "05-07\05-07.vcxproj", "{BBF984FE-E835-49A3-8302-35E1E5D1B6D0}"
EndProject
Project("{8BC9CEB8-8B4A-11D0-8D11-00A0C91BC942}") = "05-09", "05-09\05-09.vcxproj", "{FDDBC995-B3BC-45D6-B0A7-1FCAE9AD80C2}"
EndProject
Project("{8BC9CEB8-8B4A-11D0-8D11-00A0C91BC942}") = "05-11", "05-11\05-11.vcxproj", "{48CDE8D0-2D0C-4DF9-90B6-2B9E2F42B2A1}"
EndProject
Project("{8BC9CEB8-8B4A-11D0-8D11-00A0C91BC942}") = "05-13-2", "05-13-2\05-13-2.vcxproj", "{C903F717-4125-4B59-8CBA-823B4FBAD705}"
EndProject
Project("{8BC9CEB8-8B4A-11D0-8D11-00A0C91BC942}") = "05-13-1", "05-13-1\05-13-1.vcxproj", "{705BCF47-C8E6-4B29-ACDA-BC7350279D1A}"
EndProject
Project("{8BC9CEB8-8B4A-11D0-8D11-00A0C91BC942}") = "05-13-3", "05-13-3\05-13-3.vcxproj", "{89D106DD-E3CB-43E9-A4CC-ECFF0737A6B6}"
EndProject
Project("{8BC9CEB8-8B4A-11D0-8D11-00A0C91BC942}") = "05-07-헤더와 cpp 파일 분리", "05-07-헤더와 cpp 파일 분리\05-07-헤더와 cpp 파일 분리.vcxproj", "{41D879CC-8AB7-48CE-B32C-3A9B92BACABE}"
EndProject
Project("{8BC9CEB8-8B4A-11D0-8D11-00A0C91BC942}") = "05-09-헤더와 cpp 파일 분리", "05-09-헤더와 cpp 파일 분리\05-09-헤더와 cpp 파일 분리.vcxproj", "{B3D6DE4E-C273-4179-89DF-B8C71B8A3CD8}"
EndProject
Project("{8BC9CEB8-8B4A-11D0-8D11-00A0C91BC942}") = "05-11-헤더와 cpp 파일 분리", "05-11-헤더와 cpp 파일 분리\05-11-헤더와 cpp 파일 분리.vcxproj", "{6E32668D-73F9-43BB-A25A-4823D1306AAE}"
EndProject
Project("{8BC9CEB8-8B4A-11D0-8D11-00A0C91BC942}") = "05-13-1-헤더와 cpp 파일 분리", "05-13-1-헤더와 cpp 파일 분리\05-13-1-헤더와 cpp 파일 분리.vcxproj", "{2F9B2CDF-B720-4ECA-AE6B-B8E21508EE12}"
EndProject
Project("{8BC9CEB8-8B4A-11D0-8D11-00A0C91BC942}") = "05-13-2-헤더와 cpp 파일 분리", "05-13-2-헤더와 cpp 파일 분리\05-13-2-헤더와 cpp 파일 분리.vcxproj", "{F3BE6735-A4C8-4F95-BAC7-CAB993F251ED}"
EndProject
Project("{8BC9CEB8-8B4A-11D0-8D11-00A0C91BC942}") = "05-13-3-헤더와 cpp 파일 분리", "05-13-3-헤더와 cpp 파일 분리\05-13-3-헤더와 cpp 파일 분리.vcxproj", "{32EFE04A-AE4F-4D9A-8E92-3536D0F14ABF}"
EndProject
Global
	GlobalSection(SolutionConfigurationPlatforms) = preSolution
		Debug|x64 = Debug|x64
		Debug|x86 = Debug|x86
		Release|x64 = Release|x64
		Release|x86 = Release|x86
	EndGlobalSection
	GlobalSection(ProjectConfigurationPlatforms) = postSolution
		{2E64182A-E064-45AD-83AB-6FFDEC19F45E}.Debug|x64.ActiveCfg = Debug|x64
		{2E64182A-E064-45AD-83AB-6FFDEC19F45E}.Debug|x64.Build.0 = Debug|x64
		{2E64182A-E064-45AD-83AB-6FFDEC19F45E}.Debug|x86.ActiveCfg = Debug|Win32
		{2E64182A-E064-45AD-83AB-6FFDEC19F45E}.Debug|x86.Build.0 = Debug|Win32
		{2E64182A-E064-45AD-83AB-6FFDEC19F45E}.Release|x64.ActiveCfg = Release|x64
		{2E64182A-E064-45AD-83AB-6FFDEC19F45E}.Release|x64.Build.0 = Release|x64
		{2E64182A-E064-45AD-83AB-6FFDEC19F45E}.Release|x86.ActiveCfg = Release|Win32
		{2E64182A-E064-45AD-83AB-6FFDEC19F45E}.Release|x86.Build.0 = Release|Win32
		{06C63A04-7E79-4C37-B04D-8DDC35DC854D}.Debug|x64.ActiveCfg = Debug|x64
		{06C63A04-7E79-4C37-B04D-8DDC35DC854D}.Debug|x64.Build.0 = Debug|x64
		{06C63A04-7E79-4C37-B04D-8DDC35DC854D}.Debug|x86.ActiveCfg = Debug|Win32
		{06C63A04-7E79-4C37-B04D-8DDC35DC854D}.Debug|x86.Build.0 = Debug|Win32
		{06C63A04-7E79-4C37-B04D-8DDC35DC854D}.Release|x64.ActiveCfg = Release|x64
		{06C63A04-7E79-4C37-B04D-8DDC35DC854D}.Release|x64.Build.0 = Release|x64
		{06C63A04-7E79-4C37-B04D-8DDC35DC854D}.Release|x86.ActiveCfg = Release|Win32
		{06C63A04-7E79-4C37-B04D-8DDC35DC854D}.Release|x86.Build.0 = Release|Win32
		{0E766FF2-8AE8-48D7-B3C0-6BC6162D073F}.Debug|x64.ActiveCfg = Debug|x64
		{0E766FF2-8AE8-48D7-B3C0-6BC6162D073F}.Debug|x64.Build.0 = Debug|x64
		{0E766FF2-8AE8-48D7-B3C0-6BC6162D073F}.Debug|x86.ActiveCfg = Debug|Win32
		{0E766FF2-8AE8-48D7-B3C0-6BC6162D073F}.Debug|x86.Build.0 = Debug|Win32
		{0E766FF2-8AE8-48D7-B3C0-6BC6162D073F}.Release|x64.ActiveCfg = Release|x64
		{0E766FF2-8AE8-48D7-B3C0-6BC6162D073F}.Release|x64.Build.0 = Release|x64
		{0E766FF2-8AE8-48D7-B3C0-6BC6162D073F}.Release|x86.ActiveCfg = Release|Win32
		{0E766FF2-8AE8-48D7-B3C0-6BC6162D073F}.Release|x86.Build.0 = Release|Win32
		{BBF984FE-E835-49A3-8302-35E1E5D1B6D0}.Debug|x64.ActiveCfg = Debug|x64
		{BBF984FE-E835-49A3-8302-35E1E5D1B6D0}.Debug|x64.Build.0 = Debug|x64
		{BBF984FE-E835-49A3-8302-35E1E5D1B6D0}.Debug|x86.ActiveCfg = Debug|Win32
		{BBF984FE-E835-49A3-8302-35E1E5D1B6D0}.Debug|x86.Build.0 = Debug|Win32
		{BBF984FE-E835-49A3-8302-35E1E5D1B6D0}.Release|x64.ActiveCfg = Release|x64
		{BBF984FE-E835-49A3-8302-35E1E5D1B6D0}.Release|x64.Build.0 = Release|x64
		{BBF984FE-E835-49A3-8302-35E1E5D1B6D0}.Release|x86.ActiveCfg = Release|Win32
		{BBF984FE-E835-49A3-8302-35E1E5D1B6D0}.Release|x86.Build.0 = Release|Win32
		{FDDBC995-B3BC-45D6-B0A7-1FCAE9AD80C2}.Debug|x64.ActiveCfg = Debug|x64
		{FDDBC995-B3BC-45D6-B0A7-1FCAE9AD80C2}.Debug|x64.Build.0 = Debug|x64
		{FDDBC995-B3BC-45D6-B0A7-1FCAE9AD80C2}.Debug|x86.ActiveCfg = Debug|Win32
		{FDDBC995-B3BC-45D6-B0A7-1FCAE9AD80C2}.Debug|x86.Build.0 = Debug|Win32
		{FDDBC995-B3BC-45D6-B0A7-1FCAE9AD80C2}.Release|x64.ActiveCfg = Release|x64
		{FDDBC995-B3BC-45D6-B0A7-1FCAE9AD80C2}.Release|x64.Build.0 = Release|x64
		{FDDBC995-B3BC-45D6-B0A7-1FCAE9AD80C2}.Release|x86.ActiveCfg = Release|Win32
		{FDDBC995-B3BC-45D6-B0A7-1FCAE9AD80C2}.Release|x86.Build.0 = Release|Win32
		{48CDE8D0-2D0C-4DF9-90B6-2B9E2F42B2A1}.Debug|x64.ActiveCfg = Debug|x64
		{48CDE8D0-2D0C-4DF9-90B6-2B9E2F42B2A1}.Debug|x64.Build.0 = Debug|x64
		{48CDE8D0-2D0C-4DF9-90B6-2B9E2F42B2A1}.Debug|x86.ActiveCfg = Debug|Win32
		{48CDE8D0-2D0C-4DF9-90B6-2B9E2F42B2A1}.Debug|x86.Build.0 = Debug|Win32
		{48CDE8D0-2D0C-4DF9-90B6-2B9E2F42B2A1}.Release|x64.ActiveCfg = Release|x64
		{48CDE8D0-2D0C-4DF9-90B6-2B9E2F42B2A1}.Release|x64.Build.0 = Release|x64
		{48CDE8D0-2D0C-4DF9-90B6-2B9E2F42B2A1}.Release|x86.ActiveCfg = Release|Win32
		{48CDE8D0-2D0C-4DF9-90B6-2B9E2F42B2A1}.Release|x86.Build.0 = Release|Win32
		{C903F717-4125-4B59-8CBA-823B4FBAD705}.Debug|x64.ActiveCfg = Debug|x64
		{C903F717-4125-4B59-8CBA-823B4FBAD705}.Debug|x64.Build.0 = Debug|x64
		{C903F717-4125-4B59-8CBA-823B4FBAD705}.Debug|x86.ActiveCfg = Debug|Win32
		{C903F717-4125-4B59-8CBA-823B4FBAD705}.Debug|x86.Build.0 = Debug|Win32
		{C903F717-4125-4B59-8CBA-823B4FBAD705}.Release|x64.ActiveCfg = Release|x64
		{C903F717-4125-4B59-8CBA-823B4FBAD705}.Release|x64.Build.0 = Release|x64
		{C903F717-4125-4B59-8CBA-823B4FBAD705}.Release|x86.ActiveCfg = Release|Win32
		{C903F717-4125-4B59-8CBA-823B4FBAD705}.Release|x86.Build.0 = Release|Win32
		{705BCF47-C8E6-4B29-ACDA-BC7350279D1A}.Debug|x64.ActiveCfg = Debug|x64
		{705BCF47-C8E6-4B29-ACDA-BC7350279D1A}.Debug|x64.Build.0 = Debug|x64
		{705BCF47-C8E6-4B29-ACDA-BC7350279D1A}.Debug|x86.ActiveCfg = Debug|Win32
		{705BCF47-C8E6-4B29-ACDA-BC7350279D1A}.Debug|x86.Build.0 = Debug|Win32
		{705BCF47-C8E6-4B29-ACDA-BC7350279D1A}.Release|x64.ActiveCfg = Release|x64
		{705BCF47-C8E6-4B29-ACDA-BC7350279D1A}.Release|x64.Build.0 = Release|x64
		{705BCF47-C8E6-4B29-ACDA-BC7350279D1A}.Release|x86.ActiveCfg = Release|Win32
		{705BCF47-C8E6-4B29-ACDA-BC7350279D1A}.Release|x86.Build.0 = Release|Win32
		{89D106DD-E3CB-43E9-A4CC-ECFF0737A6B6}.Debug|x64.ActiveCfg = Debug|x64
		{89D106DD-E3CB-43E9-A4CC-ECFF0737A6B6}.Debug|x64.Build.0 = Debug|x64
		{89D106DD-E3CB-43E9-A4CC-ECFF0737A6B6}.Debug|x86.ActiveCfg = Debug|Win32
		{89D106DD-E3CB-43E9-A4CC-ECFF0737A6B6}.Debug|x86.Build.0 = Debug|Win32
		{89D106DD-E3CB-43E9-A4CC-ECFF0737A6B6}.Release|x64.ActiveCfg = Release|x64
		{89D106DD-E3CB-43E9-A4CC-ECFF0737A6B6}.Release|x64.Build.0 = Release|x64
		{89D106DD-E3CB-43E9-A4CC-ECFF0737A6B6}.Release|x86.ActiveCfg = Release|Win32
		{89D106DD-E3CB-43E9-A4CC-ECFF0737A6B6}.Release|x86.Build.0 = Release|Win32
		{41D879CC-8AB7-48CE-B32C-3A9B92BACABE}.Debug|x64.ActiveCfg = Debug|x64
		{41D879CC-8AB7-48CE-B32C-3A9B92BACABE}.Debug|x64.Build.0 = Debug|x64
		{41D879CC-8AB7-48CE-B32C-3A9B92BACABE}.Debug|x86.ActiveCfg = Debug|Win32
		{41D879CC-8AB7-48CE-B32C-3A9B92BACABE}.Debug|x86.Build.0 = Debug|Win32
		{41D879CC-8AB7-48CE-B32C-3A9B92BACABE}.Release|x64.ActiveCfg = Release|x64
		{41D879CC-8AB7-48CE-B32C-3A9B92BACABE}.Release|x64.Build.0 = Release|x64
		{41D879CC-8AB7-48CE-B32C-3A9B92BACABE}.Release|x86.ActiveCfg = Release|Win32
		{41D879CC-8AB7-48CE-B32C-3A9B92BACABE}.Release|x86.Build.0 = Release|Win32
		{B3D6DE4E-C273-4179-89DF-B8C71B8A3CD8}.Debug|x64.ActiveCfg = Debug|x64
		{B3D6DE4E-C273-4179-89DF-B8C71B8A3CD8}.Debug|x64.Build.0 = Debug|x64
		{B3D6DE4E-C273-4179-89DF-B8C71B8A3CD8}.Debug|x86.ActiveCfg = Debug|Win32
		{B3D6DE4E-C273-4179-89DF-B8C71B8A3CD8}.Debug|x86.Build.0 = Debug|Win32
		{B3D6DE4E-C273-4179-89DF-B8C71B8A3CD8}.Release|x64.ActiveCfg = Release|x64
		{B3D6DE4E-C273-4179-89DF-B8C71B8A3CD8}.Release|x64.Build.0 = Release|x64
		{B3D6DE4E-C273-4179-89DF-B8C71B8A3CD8}.Release|x86.ActiveCfg = Release|Win32
		{B3D6DE4E-C273-4179-89DF-B8C71B8A3CD8}.Release|x86.Build.0 = Release|Win32
		{6E32668D-73F9-43BB-A25A-4823D1306AAE}.Debug|x64.ActiveCfg = Debug|x64
		{6E32668D-73F9-43BB-A25A-4823D1306AAE}.Debug|x64.Build.0 = Debug|x64
		{6E32668D-73F9-43BB-A25A-4823D1306AAE}.Debug|x86.ActiveCfg = Debug|Win32
		{6E32668D-73F9-43BB-A25A-4823D1306AAE}.Debug|x86.Build.0 = Debug|Win32
		{6E32668D-73F9-43BB-A25A-4823D1306AAE}.Release|x64.ActiveCfg = Release|x64
		{6E32668D-73F9-43BB-A25A-4823D1306AAE}.Release|x64.Build.0 = Release|x64
		{6E32668D-73F9-43BB-A25A-4823D1306AAE}.Release|x86.ActiveCfg = Release|Win32
		{6E32668D-73F9-43BB-A25A-4823D1306AAE}.Release|x86.Build.0 = Release|Win32
		{2F9B2CDF-B720-4ECA-AE6B-B8E21508EE12}.Debug|x64.ActiveCfg = Debug|x64
		{2F9B2CDF-B720-4ECA-AE6B-B8E21508EE12}.Debug|x64.Build.0 = Debug|x64
		{2F9B2CDF-B720-4ECA-AE6B-B8E21508EE12}.Debug|x86.ActiveCfg = Debug|Win32
		{2F9B2CDF-B720-4ECA-AE6B-B8E21508EE12}.Debug|x86.Build.0 = Debug|Win32
		{2F9B2CDF-B720-4ECA-AE6B-B8E21508EE12}.Release|x64.ActiveCfg = Release|x64
		{2F9B2CDF-B720-4ECA-AE6B-B8E21508EE12}.Release|x64.Build.0 = Release|x64
		{2F9B2CDF-B720-4ECA-AE6B-B8E21508EE12}.Release|x86.ActiveCfg = Release|Win32
		{2F9B2CDF-B720-4ECA-AE6B-B8E21508EE12}.Release|x86.Build.0 = Release|Win32
		{F3BE6735-A4C8-4F95-BAC7-CAB993F251ED}.Debug|x64.ActiveCfg = Debug|x64
		{F3BE6735-A4C8-4F95-BAC7-CAB993F251ED}.Debug|x64.Build.0 = Debug|x64
		{F3BE6735-A4C8-4F95-BAC7-CAB993F251ED}.Debug|x86.ActiveCfg = Debug|Win32
		{F3BE6735-A4C8-4F95-BAC7-CAB993F251ED}.Debug|x86.Build.0 = Debug|Win32
		{F3BE6735-A4C8-4F95-BAC7-CAB993F251ED}.Release|x64.ActiveCfg = Release|x64
		{F3BE6735-A4C8-4F95-BAC7-CAB993F251ED}.Release|x64.Build.0 = Release|x64
		{F3BE6735-A4C8-4F95-BAC7-CAB993F251ED}.Release|x86.ActiveCfg = Release|Win32
		{F3BE6735-A4C8-4F95-BAC7-CAB993F251ED}.Release|x86.Build.0 = Release|Win32
		{32EFE04A-AE4F-4D9A-8E92-3536D0F14ABF}.Debug|x64.ActiveCfg = Debug|x64
		{32EFE04A-AE4F-4D9A-8E92-3536D0F14ABF}.Debug|x64.Build.0 = Debug|x64
		{32EFE04A-AE4F-4D9A-8E92-3536D0F14ABF}.Debug|x86.ActiveCfg = Debug|Win32
		{32EFE04A-AE4F-4D9A-8E92-3536D0F14ABF}.Debug|x86.Build.0 = Debug|Win32
		{32EFE04A-AE4F-4D9A-8E92-3536D0F14ABF}.Release|x64.ActiveCfg = Release|x64
		{32EFE04A-AE4F-4D9A-8E92-3536D0F14ABF}.Release|x64.Build.0 = Release|x64
		{32EFE04A-AE4F-4D9A-8E92-3536D0F14ABF}.Release|x86.ActiveCfg = Release|Win32
		{32EFE04A-AE4F-4D9A-8E92-3536D0F14ABF}.Release|x86.Build.0 = Release|Win32
	EndGlobalSection
	GlobalSection(SolutionProperties) = preSolution
		HideSolutionNode = FALSE
	EndGlobalSection
	GlobalSection(ExtensibilityGlobals) = postSolution
		SolutionGuid = {4AE2B3A2-90B2-4F92-8409-304C755AC16E}
	EndGlobalSection
EndGlobal
