
Microsoft Visual Studio Solution File, Format Version 12.00
# Visual Studio Version 17
VisualStudioVersion = 17.0.31919.166
MinimumVisualStudioVersion = 10.0.40219.1
Project("{8BC9CEB8-8B4A-11D0-8D11-00A0C91BC942}") = "03-01", "03-01\03-01.vcxproj", "{AEAEC31F-11C3-4F4E-8E72-FB278DD32F44}"
EndProject
Project("{8BC9CEB8-8B4A-11D0-8D11-00A0C91BC942}") = "03-03", "03-03\03-03.vcxproj", "{3C907666-2F94-4ECF-9148-D510A3B90094}"
EndProject
Project("{8BC9CEB8-8B4A-11D0-8D11-00A0C91BC942}") = "03-05", "03-05\03-05.vcxproj", "{B04740C6-9C75-46AE-A83B-88FBBE400F34}"
EndProject
Project("{8BC9CEB8-8B4A-11D0-8D11-00A0C91BC942}") = "03-05-헤더와 cpp 파일 분리", "03-05-헤더와 cpp 파일 분리\03-05-헤더와 cpp 파일 분리.vcxproj", "{C4601AB0-3D23-4DE9-B1D0-BBE1023A0395}"
EndProject
Project("{8BC9CEB8-8B4A-11D0-8D11-00A0C91BC942}") = "03-07", "03-07\03-07.vcxproj", "{8D3EA669-C1CA-42A4-A520-D42BA06C4973}"
EndProject
Project("{8BC9CEB8-8B4A-11D0-8D11-00A0C91BC942}") = "03-09", "03-09\03-09.vcxproj", "{72CDFAC6-AC5D-4BAC-A0EE-231C577BE29E}"
EndProject
Project("{8BC9CEB8-8B4A-11D0-8D11-00A0C91BC942}") = "03-01-헤더와 cpp 파일 분리", "03-01-헤더와 cpp 파일 분리\03-01-헤더와 cpp 파일 분리.vcxproj", "{C96B875A-96A7-494A-984E-4BA313B55387}"
EndProject
Project("{8BC9CEB8-8B4A-11D0-8D11-00A0C91BC942}") = "03-03-헤더와 cpp 파일 분리", "03-03-헤더와 cpp 파일 분리\03-03-헤더와 cpp 파일 분리.vcxproj", "{C265253A-EA59-4509-ABD9-9A0630E343B7}"
EndProject
Project("{8BC9CEB8-8B4A-11D0-8D11-00A0C91BC942}") = "03-07-헤더와 cpp 파일 분리", "03-07-헤더와 cpp 파일 분리\03-07-헤더와 cpp 파일 분리.vcxproj", "{6680AC39-8408-4694-8C3B-6602EAD96402}"
EndProject
Project("{8BC9CEB8-8B4A-11D0-8D11-00A0C91BC942}") = "03-09-헤더와 cpp 파일 분리", "03-09-헤더와 cpp 파일 분리\03-09-헤더와 cpp 파일 분리.vcxproj", "{BF1F0427-C565-4812-B92C-5D944C5864D0}"
EndProject
Project("{8BC9CEB8-8B4A-11D0-8D11-00A0C91BC942}") = "03-11", "03-11\03-11.vcxproj", "{648AD5A8-E207-40A6-9345-2492F377B5D0}"
EndProject
Project("{8BC9CEB8-8B4A-11D0-8D11-00A0C91BC942}") = "03-11-헤더와 cpp 파일 분리", "03-11-헤더와 cpp 파일 분리\03-11-헤더와 cpp 파일 분리.vcxproj", "{95D6595D-37D7-447A-A55A-9721535FCB7F}"
EndProject
Global
	GlobalSection(SolutionConfigurationPlatforms) = preSolution
		Debug|x64 = Debug|x64
		Debug|x86 = Debug|x86
		Release|x64 = Release|x64
		Release|x86 = Release|x86
	EndGlobalSection
	GlobalSection(ProjectConfigurationPlatforms) = postSolution
		{AEAEC31F-11C3-4F4E-8E72-FB278DD32F44}.Debug|x64.ActiveCfg = Debug|x64
		{AEAEC31F-11C3-4F4E-8E72-FB278DD32F44}.Debug|x64.Build.0 = Debug|x64
		{AEAEC31F-11C3-4F4E-8E72-FB278DD32F44}.Debug|x86.ActiveCfg = Debug|Win32
		{AEAEC31F-11C3-4F4E-8E72-FB278DD32F44}.Debug|x86.Build.0 = Debug|Win32
		{AEAEC31F-11C3-4F4E-8E72-FB278DD32F44}.Release|x64.ActiveCfg = Release|x64
		{AEAEC31F-11C3-4F4E-8E72-FB278DD32F44}.Release|x64.Build.0 = Release|x64
		{AEAEC31F-11C3-4F4E-8E72-FB278DD32F44}.Release|x86.ActiveCfg = Release|Win32
		{AEAEC31F-11C3-4F4E-8E72-FB278DD32F44}.Release|x86.Build.0 = Release|Win32
		{3C907666-2F94-4ECF-9148-D510A3B90094}.Debug|x64.ActiveCfg = Debug|x64
		{3C907666-2F94-4ECF-9148-D510A3B90094}.Debug|x64.Build.0 = Debug|x64
		{3C907666-2F94-4ECF-9148-D510A3B90094}.Debug|x86.ActiveCfg = Debug|Win32
		{3C907666-2F94-4ECF-9148-D510A3B90094}.Debug|x86.Build.0 = Debug|Win32
		{3C907666-2F94-4ECF-9148-D510A3B90094}.Release|x64.ActiveCfg = Release|x64
		{3C907666-2F94-4ECF-9148-D510A3B90094}.Release|x64.Build.0 = Release|x64
		{3C907666-2F94-4ECF-9148-D510A3B90094}.Release|x86.ActiveCfg = Release|Win32
		{3C907666-2F94-4ECF-9148-D510A3B90094}.Release|x86.Build.0 = Release|Win32
		{B04740C6-9C75-46AE-A83B-88FBBE400F34}.Debug|x64.ActiveCfg = Debug|x64
		{B04740C6-9C75-46AE-A83B-88FBBE400F34}.Debug|x64.Build.0 = Debug|x64
		{B04740C6-9C75-46AE-A83B-88FBBE400F34}.Debug|x86.ActiveCfg = Debug|Win32
		{B04740C6-9C75-46AE-A83B-88FBBE400F34}.Debug|x86.Build.0 = Debug|Win32
		{B04740C6-9C75-46AE-A83B-88FBBE400F34}.Release|x64.ActiveCfg = Release|x64
		{B04740C6-9C75-46AE-A83B-88FBBE400F34}.Release|x64.Build.0 = Release|x64
		{B04740C6-9C75-46AE-A83B-88FBBE400F34}.Release|x86.ActiveCfg = Release|Win32
		{B04740C6-9C75-46AE-A83B-88FBBE400F34}.Release|x86.Build.0 = Release|Win32
		{C4601AB0-3D23-4DE9-B1D0-BBE1023A0395}.Debug|x64.ActiveCfg = Debug|x64
		{C4601AB0-3D23-4DE9-B1D0-BBE1023A0395}.Debug|x64.Build.0 = Debug|x64
		{C4601AB0-3D23-4DE9-B1D0-BBE1023A0395}.Debug|x86.ActiveCfg = Debug|Win32
		{C4601AB0-3D23-4DE9-B1D0-BBE1023A0395}.Debug|x86.Build.0 = Debug|Win32
		{C4601AB0-3D23-4DE9-B1D0-BBE1023A0395}.Release|x64.ActiveCfg = Release|x64
		{C4601AB0-3D23-4DE9-B1D0-BBE1023A0395}.Release|x64.Build.0 = Release|x64
		{C4601AB0-3D23-4DE9-B1D0-BBE1023A0395}.Release|x86.ActiveCfg = Release|Win32
		{C4601AB0-3D23-4DE9-B1D0-BBE1023A0395}.Release|x86.Build.0 = Release|Win32
		{8D3EA669-C1CA-42A4-A520-D42BA06C4973}.Debug|x64.ActiveCfg = Debug|x64
		{8D3EA669-C1CA-42A4-A520-D42BA06C4973}.Debug|x64.Build.0 = Debug|x64
		{8D3EA669-C1CA-42A4-A520-D42BA06C4973}.Debug|x86.ActiveCfg = Debug|Win32
		{8D3EA669-C1CA-42A4-A520-D42BA06C4973}.Debug|x86.Build.0 = Debug|Win32
		{8D3EA669-C1CA-42A4-A520-D42BA06C4973}.Release|x64.ActiveCfg = Release|x64
		{8D3EA669-C1CA-42A4-A520-D42BA06C4973}.Release|x64.Build.0 = Release|x64
		{8D3EA669-C1CA-42A4-A520-D42BA06C4973}.Release|x86.ActiveCfg = Release|Win32
		{8D3EA669-C1CA-42A4-A520-D42BA06C4973}.Release|x86.Build.0 = Release|Win32
		{72CDFAC6-AC5D-4BAC-A0EE-231C577BE29E}.Debug|x64.ActiveCfg = Debug|x64
		{72CDFAC6-AC5D-4BAC-A0EE-231C577BE29E}.Debug|x64.Build.0 = Debug|x64
		{72CDFAC6-AC5D-4BAC-A0EE-231C577BE29E}.Debug|x86.ActiveCfg = Debug|Win32
		{72CDFAC6-AC5D-4BAC-A0EE-231C577BE29E}.Debug|x86.Build.0 = Debug|Win32
		{72CDFAC6-AC5D-4BAC-A0EE-231C577BE29E}.Release|x64.ActiveCfg = Release|x64
		{72CDFAC6-AC5D-4BAC-A0EE-231C577BE29E}.Release|x64.Build.0 = Release|x64
		{72CDFAC6-AC5D-4BAC-A0EE-231C577BE29E}.Release|x86.ActiveCfg = Release|Win32
		{72CDFAC6-AC5D-4BAC-A0EE-231C577BE29E}.Release|x86.Build.0 = Release|Win32
		{C96B875A-96A7-494A-984E-4BA313B55387}.Debug|x64.ActiveCfg = Debug|x64
		{C96B875A-96A7-494A-984E-4BA313B55387}.Debug|x64.Build.0 = Debug|x64
		{C96B875A-96A7-494A-984E-4BA313B55387}.Debug|x86.ActiveCfg = Debug|Win32
		{C96B875A-96A7-494A-984E-4BA313B55387}.Debug|x86.Build.0 = Debug|Win32
		{C96B875A-96A7-494A-984E-4BA313B55387}.Release|x64.ActiveCfg = Release|x64
		{C96B875A-96A7-494A-984E-4BA313B55387}.Release|x64.Build.0 = Release|x64
		{C96B875A-96A7-494A-984E-4BA313B55387}.Release|x86.ActiveCfg = Release|Win32
		{C96B875A-96A7-494A-984E-4BA313B55387}.Release|x86.Build.0 = Release|Win32
		{C265253A-EA59-4509-ABD9-9A0630E343B7}.Debug|x64.ActiveCfg = Debug|x64
		{C265253A-EA59-4509-ABD9-9A0630E343B7}.Debug|x64.Build.0 = Debug|x64
		{C265253A-EA59-4509-ABD9-9A0630E343B7}.Debug|x86.ActiveCfg = Debug|Win32
		{C265253A-EA59-4509-ABD9-9A0630E343B7}.Debug|x86.Build.0 = Debug|Win32
		{C265253A-EA59-4509-ABD9-9A0630E343B7}.Release|x64.ActiveCfg = Release|x64
		{C265253A-EA59-4509-ABD9-9A0630E343B7}.Release|x64.Build.0 = Release|x64
		{C265253A-EA59-4509-ABD9-9A0630E343B7}.Release|x86.ActiveCfg = Release|Win32
		{C265253A-EA59-4509-ABD9-9A0630E343B7}.Release|x86.Build.0 = Release|Win32
		{6680AC39-8408-4694-8C3B-6602EAD96402}.Debug|x64.ActiveCfg = Debug|x64
		{6680AC39-8408-4694-8C3B-6602EAD96402}.Debug|x64.Build.0 = Debug|x64
		{6680AC39-8408-4694-8C3B-6602EAD96402}.Debug|x86.ActiveCfg = Debug|Win32
		{6680AC39-8408-4694-8C3B-6602EAD96402}.Debug|x86.Build.0 = Debug|Win32
		{6680AC39-8408-4694-8C3B-6602EAD96402}.Release|x64.ActiveCfg = Release|x64
		{6680AC39-8408-4694-8C3B-6602EAD96402}.Release|x64.Build.0 = Release|x64
		{6680AC39-8408-4694-8C3B-6602EAD96402}.Release|x86.ActiveCfg = Release|Win32
		{6680AC39-8408-4694-8C3B-6602EAD96402}.Release|x86.Build.0 = Release|Win32
		{BF1F0427-C565-4812-B92C-5D944C5864D0}.Debug|x64.ActiveCfg = Debug|x64
		{BF1F0427-C565-4812-B92C-5D944C5864D0}.Debug|x64.Build.0 = Debug|x64
		{BF1F0427-C565-4812-B92C-5D944C5864D0}.Debug|x86.ActiveCfg = Debug|Win32
		{BF1F0427-C565-4812-B92C-5D944C5864D0}.Debug|x86.Build.0 = Debug|Win32
		{BF1F0427-C565-4812-B92C-5D944C5864D0}.Release|x64.ActiveCfg = Release|x64
		{BF1F0427-C565-4812-B92C-5D944C5864D0}.Release|x64.Build.0 = Release|x64
		{BF1F0427-C565-4812-B92C-5D944C5864D0}.Release|x86.ActiveCfg = Release|Win32
		{BF1F0427-C565-4812-B92C-5D944C5864D0}.Release|x86.Build.0 = Release|Win32
		{648AD5A8-E207-40A6-9345-2492F377B5D0}.Debug|x64.ActiveCfg = Debug|x64
		{648AD5A8-E207-40A6-9345-2492F377B5D0}.Debug|x64.Build.0 = Debug|x64
		{648AD5A8-E207-40A6-9345-2492F377B5D0}.Debug|x86.ActiveCfg = Debug|Win32
		{648AD5A8-E207-40A6-9345-2492F377B5D0}.Debug|x86.Build.0 = Debug|Win32
		{648AD5A8-E207-40A6-9345-2492F377B5D0}.Release|x64.ActiveCfg = Release|x64
		{648AD5A8-E207-40A6-9345-2492F377B5D0}.Release|x64.Build.0 = Release|x64
		{648AD5A8-E207-40A6-9345-2492F377B5D0}.Release|x86.ActiveCfg = Release|Win32
		{648AD5A8-E207-40A6-9345-2492F377B5D0}.Release|x86.Build.0 = Release|Win32
		{95D6595D-37D7-447A-A55A-9721535FCB7F}.Debug|x64.ActiveCfg = Debug|x64
		{95D6595D-37D7-447A-A55A-9721535FCB7F}.Debug|x64.Build.0 = Debug|x64
		{95D6595D-37D7-447A-A55A-9721535FCB7F}.Debug|x86.ActiveCfg = Debug|Win32
		{95D6595D-37D7-447A-A55A-9721535FCB7F}.Debug|x86.Build.0 = Debug|Win32
		{95D6595D-37D7-447A-A55A-9721535FCB7F}.Release|x64.ActiveCfg = Release|x64
		{95D6595D-37D7-447A-A55A-9721535FCB7F}.Release|x64.Build.0 = Release|x64
		{95D6595D-37D7-447A-A55A-9721535FCB7F}.Release|x86.ActiveCfg = Release|Win32
		{95D6595D-37D7-447A-A55A-9721535FCB7F}.Release|x86.Build.0 = Release|Win32
	EndGlobalSection
	GlobalSection(SolutionProperties) = preSolution
		HideSolutionNode = FALSE
	EndGlobalSection
	GlobalSection(ExtensibilityGlobals) = postSolution
		SolutionGuid = {D933C1BD-AC27-4BD9-8E98-CBFE20C5071E}
	EndGlobalSection
EndGlobal
