
Microsoft Visual Studio Solution File, Format Version 12.00
# Visual Studio Version 17
VisualStudioVersion = 17.14.37012.4
MinimumVisualStudioVersion = 10.0.40219.1
Project("{8BC9CEB8-8B4A-11D0-8D11-00A0C91BC942}") = "Circulation", "Project1\Project1.vcxproj", "{7E3678BA-3675-40F3-AF82-63015CD630AF}"
EndProject
Project("{8BC9CEB8-8B4A-11D0-8D11-00A0C91BC942}") = "Hanoi", "Hanoi\Hanoi.vcxproj", "{DDC16CF0-1EA9-4416-B516-044D8A92FC99}"
EndProject
Project("{8BC9CEB8-8B4A-11D0-8D11-00A0C91BC942}") = "polynomial", "polynomial\polynomial.vcxproj", "{54667EC1-5EBF-4BC6-9C44-288C81C0ABD6}"
EndProject
Project("{8BC9CEB8-8B4A-11D0-8D11-00A0C91BC942}") = "transpose", "transpose\transpose.vcxproj", "{E22A33EC-459F-48F0-8F06-838616E4161F}"
EndProject
Project("{8BC9CEB8-8B4A-11D0-8D11-00A0C91BC942}") = "pointer2D", "pointer2D\pointer2D.vcxproj", "{7936FBC5-C10F-4C5D-ABD4-150A02A3B80B}"
EndProject
Project("{8BC9CEB8-8B4A-11D0-8D11-00A0C91BC942}") = "complex", "complex\complex.vcxproj", "{D0F635D8-B934-4FE7-9950-7BD028814614}"
EndProject
Project("{8BC9CEB8-8B4A-11D0-8D11-00A0C91BC942}") = "stack", "stack\stack.vcxproj", "{F5A1ABA3-0F5D-45B3-BA7B-F3C3F18B9E11}"
EndProject
Project("{8BC9CEB8-8B4A-11D0-8D11-00A0C91BC942}") = "stack2", "stack2\stack2.vcxproj", "{89560729-473D-4B48-A686-4FDBC473B7B8}"
EndProject
Project("{8BC9CEB8-8B4A-11D0-8D11-00A0C91BC942}") = "check_matching", "check_matching\check_matching.vcxproj", "{8FB48C04-6541-44A3-9A5C-58707D9EEF56}"
EndProject
Project("{8BC9CEB8-8B4A-11D0-8D11-00A0C91BC942}") = "maze", "maze\maze.vcxproj", "{BC5C5B2C-DD81-40B7-862C-C91ABCB364C0}"
EndProject
Project("{8BC9CEB8-8B4A-11D0-8D11-00A0C91BC942}") = "exp", "exp\exp.vcxproj", "{039B2734-E34B-43C6-81C7-4BEF7B8A0855}"
EndProject
Project("{8BC9CEB8-8B4A-11D0-8D11-00A0C91BC942}") = "queue", "queue\queue.vcxproj", "{578A90F9-5A9F-449C-AEC1-29AB2BB5C3CE}"
EndProject
Project("{8BC9CEB8-8B4A-11D0-8D11-00A0C91BC942}") = "queue_circle", "queue_circle\queue_circle.vcxproj", "{6B3784E7-EAED-4AF5-8817-DF9DD950A8FE}"
EndProject
Project("{8BC9CEB8-8B4A-11D0-8D11-00A0C91BC942}") = "customer", "customer\customer.vcxproj", "{E1F53C3D-D7CA-47F7-984A-08C435A18829}"
EndProject
Project("{8BC9CEB8-8B4A-11D0-8D11-00A0C91BC942}") = "palindrome", "palindrome\palindrome.vcxproj", "{B9EF15BD-A4D1-44E0-8FA2-49DB12FF6ECD}"
EndProject
Project("{8BC9CEB8-8B4A-11D0-8D11-00A0C91BC942}") = "Project2", "Project2\Project2.vcxproj", "{C824FE29-BA37-470B-BC82-0BA21A1A2C9F}"
EndProject
Global
	GlobalSection(SolutionConfigurationPlatforms) = preSolution
		Debug|x64 = Debug|x64
		Debug|x86 = Debug|x86
		Release|x64 = Release|x64
		Release|x86 = Release|x86
	EndGlobalSection
	GlobalSection(ProjectConfigurationPlatforms) = postSolution
		{7E3678BA-3675-40F3-AF82-63015CD630AF}.Debug|x64.ActiveCfg = Debug|x64
		{7E3678BA-3675-40F3-AF82-63015CD630AF}.Debug|x64.Build.0 = Debug|x64
		{7E3678BA-3675-40F3-AF82-63015CD630AF}.Debug|x86.ActiveCfg = Debug|Win32
		{7E3678BA-3675-40F3-AF82-63015CD630AF}.Debug|x86.Build.0 = Debug|Win32
		{7E3678BA-3675-40F3-AF82-63015CD630AF}.Release|x64.ActiveCfg = Release|x64
		{7E3678BA-3675-40F3-AF82-63015CD630AF}.Release|x64.Build.0 = Release|x64
		{7E3678BA-3675-40F3-AF82-63015CD630AF}.Release|x86.ActiveCfg = Release|Win32
		{7E3678BA-3675-40F3-AF82-63015CD630AF}.Release|x86.Build.0 = Release|Win32
		{DDC16CF0-1EA9-4416-B516-044D8A92FC99}.Debug|x64.ActiveCfg = Debug|x64
		{DDC16CF0-1EA9-4416-B516-044D8A92FC99}.Debug|x64.Build.0 = Debug|x64
		{DDC16CF0-1EA9-4416-B516-044D8A92FC99}.Debug|x86.ActiveCfg = Debug|Win32
		{DDC16CF0-1EA9-4416-B516-044D8A92FC99}.Debug|x86.Build.0 = Debug|Win32
		{DDC16CF0-1EA9-4416-B516-044D8A92FC99}.Release|x64.ActiveCfg = Release|x64
		{DDC16CF0-1EA9-4416-B516-044D8A92FC99}.Release|x64.Build.0 = Release|x64
		{DDC16CF0-1EA9-4416-B516-044D8A92FC99}.Release|x86.ActiveCfg = Release|Win32
		{DDC16CF0-1EA9-4416-B516-044D8A92FC99}.Release|x86.Build.0 = Release|Win32
		{54667EC1-5EBF-4BC6-9C44-288C81C0ABD6}.Debug|x64.ActiveCfg = Debug|x64
		{54667EC1-5EBF-4BC6-9C44-288C81C0ABD6}.Debug|x64.Build.0 = Debug|x64
		{54667EC1-5EBF-4BC6-9C44-288C81C0ABD6}.Debug|x86.ActiveCfg = Debug|Win32
		{54667EC1-5EBF-4BC6-9C44-288C81C0ABD6}.Debug|x86.Build.0 = Debug|Win32
		{54667EC1-5EBF-4BC6-9C44-288C81C0ABD6}.Release|x64.ActiveCfg = Release|x64
		{54667EC1-5EBF-4BC6-9C44-288C81C0ABD6}.Release|x64.Build.0 = Release|x64
		{54667EC1-5EBF-4BC6-9C44-288C81C0ABD6}.Release|x86.ActiveCfg = Release|Win32
		{54667EC1-5EBF-4BC6-9C44-288C81C0ABD6}.Release|x86.Build.0 = Release|Win32
		{E22A33EC-459F-48F0-8F06-838616E4161F}.Debug|x64.ActiveCfg = Debug|x64
		{E22A33EC-459F-48F0-8F06-838616E4161F}.Debug|x64.Build.0 = Debug|x64
		{E22A33EC-459F-48F0-8F06-838616E4161F}.Debug|x86.ActiveCfg = Debug|Win32
		{E22A33EC-459F-48F0-8F06-838616E4161F}.Debug|x86.Build.0 = Debug|Win32
		{E22A33EC-459F-48F0-8F06-838616E4161F}.Release|x64.ActiveCfg = Release|x64
		{E22A33EC-459F-48F0-8F06-838616E4161F}.Release|x64.Build.0 = Release|x64
		{E22A33EC-459F-48F0-8F06-838616E4161F}.Release|x86.ActiveCfg = Release|Win32
		{E22A33EC-459F-48F0-8F06-838616E4161F}.Release|x86.Build.0 = Release|Win32
		{7936FBC5-C10F-4C5D-ABD4-150A02A3B80B}.Debug|x64.ActiveCfg = Debug|x64
		{7936FBC5-C10F-4C5D-ABD4-150A02A3B80B}.Debug|x64.Build.0 = Debug|x64
		{7936FBC5-C10F-4C5D-ABD4-150A02A3B80B}.Debug|x86.ActiveCfg = Debug|Win32
		{7936FBC5-C10F-4C5D-ABD4-150A02A3B80B}.Debug|x86.Build.0 = Debug|Win32
		{7936FBC5-C10F-4C5D-ABD4-150A02A3B80B}.Release|x64.ActiveCfg = Release|x64
		{7936FBC5-C10F-4C5D-ABD4-150A02A3B80B}.Release|x64.Build.0 = Release|x64
		{7936FBC5-C10F-4C5D-ABD4-150A02A3B80B}.Release|x86.ActiveCfg = Release|Win32
		{7936FBC5-C10F-4C5D-ABD4-150A02A3B80B}.Release|x86.Build.0 = Release|Win32
		{D0F635D8-B934-4FE7-9950-7BD028814614}.Debug|x64.ActiveCfg = Debug|x64
		{D0F635D8-B934-4FE7-9950-7BD028814614}.Debug|x64.Build.0 = Debug|x64
		{D0F635D8-B934-4FE7-9950-7BD028814614}.Debug|x86.ActiveCfg = Debug|Win32
		{D0F635D8-B934-4FE7-9950-7BD028814614}.Debug|x86.Build.0 = Debug|Win32
		{D0F635D8-B934-4FE7-9950-7BD028814614}.Release|x64.ActiveCfg = Release|x64
		{D0F635D8-B934-4FE7-9950-7BD028814614}.Release|x64.Build.0 = Release|x64
		{D0F635D8-B934-4FE7-9950-7BD028814614}.Release|x86.ActiveCfg = Release|Win32
		{D0F635D8-B934-4FE7-9950-7BD028814614}.Release|x86.Build.0 = Release|Win32
		{F5A1ABA3-0F5D-45B3-BA7B-F3C3F18B9E11}.Debug|x64.ActiveCfg = Debug|x64
		{F5A1ABA3-0F5D-45B3-BA7B-F3C3F18B9E11}.Debug|x64.Build.0 = Debug|x64
		{F5A1ABA3-0F5D-45B3-BA7B-F3C3F18B9E11}.Debug|x86.ActiveCfg = Debug|Win32
		{F5A1ABA3-0F5D-45B3-BA7B-F3C3F18B9E11}.Debug|x86.Build.0 = Debug|Win32
		{F5A1ABA3-0F5D-45B3-BA7B-F3C3F18B9E11}.Release|x64.ActiveCfg = Release|x64
		{F5A1ABA3-0F5D-45B3-BA7B-F3C3F18B9E11}.Release|x64.Build.0 = Release|x64
		{F5A1ABA3-0F5D-45B3-BA7B-F3C3F18B9E11}.Release|x86.ActiveCfg = Release|Win32
		{F5A1ABA3-0F5D-45B3-BA7B-F3C3F18B9E11}.Release|x86.Build.0 = Release|Win32
		{89560729-473D-4B48-A686-4FDBC473B7B8}.Debug|x64.ActiveCfg = Debug|x64
		{89560729-473D-4B48-A686-4FDBC473B7B8}.Debug|x64.Build.0 = Debug|x64
		{89560729-473D-4B48-A686-4FDBC473B7B8}.Debug|x86.ActiveCfg = Debug|Win32
		{89560729-473D-4B48-A686-4FDBC473B7B8}.Debug|x86.Build.0 = Debug|Win32
		{89560729-473D-4B48-A686-4FDBC473B7B8}.Release|x64.ActiveCfg = Release|x64
		{89560729-473D-4B48-A686-4FDBC473B7B8}.Release|x64.Build.0 = Release|x64
		{89560729-473D-4B48-A686-4FDBC473B7B8}.Release|x86.ActiveCfg = Release|Win32
		{89560729-473D-4B48-A686-4FDBC473B7B8}.Release|x86.Build.0 = Release|Win32
		{8FB48C04-6541-44A3-9A5C-58707D9EEF56}.Debug|x64.ActiveCfg = Debug|x64
		{8FB48C04-6541-44A3-9A5C-58707D9EEF56}.Debug|x64.Build.0 = Debug|x64
		{8FB48C04-6541-44A3-9A5C-58707D9EEF56}.Debug|x86.ActiveCfg = Debug|Win32
		{8FB48C04-6541-44A3-9A5C-58707D9EEF56}.Debug|x86.Build.0 = Debug|Win32
		{8FB48C04-6541-44A3-9A5C-58707D9EEF56}.Release|x64.ActiveCfg = Release|x64
		{8FB48C04-6541-44A3-9A5C-58707D9EEF56}.Release|x64.Build.0 = Release|x64
		{8FB48C04-6541-44A3-9A5C-58707D9EEF56}.Release|x86.ActiveCfg = Release|Win32
		{8FB48C04-6541-44A3-9A5C-58707D9EEF56}.Release|x86.Build.0 = Release|Win32
		{BC5C5B2C-DD81-40B7-862C-C91ABCB364C0}.Debug|x64.ActiveCfg = Debug|x64
		{BC5C5B2C-DD81-40B7-862C-C91ABCB364C0}.Debug|x64.Build.0 = Debug|x64
		{BC5C5B2C-DD81-40B7-862C-C91ABCB364C0}.Debug|x86.ActiveCfg = Debug|Win32
		{BC5C5B2C-DD81-40B7-862C-C91ABCB364C0}.Debug|x86.Build.0 = Debug|Win32
		{BC5C5B2C-DD81-40B7-862C-C91ABCB364C0}.Release|x64.ActiveCfg = Release|x64
		{BC5C5B2C-DD81-40B7-862C-C91ABCB364C0}.Release|x64.Build.0 = Release|x64
		{BC5C5B2C-DD81-40B7-862C-C91ABCB364C0}.Release|x86.ActiveCfg = Release|Win32
		{BC5C5B2C-DD81-40B7-862C-C91ABCB364C0}.Release|x86.Build.0 = Release|Win32
		{039B2734-E34B-43C6-81C7-4BEF7B8A0855}.Debug|x64.ActiveCfg = Debug|x64
		{039B2734-E34B-43C6-81C7-4BEF7B8A0855}.Debug|x64.Build.0 = Debug|x64
		{039B2734-E34B-43C6-81C7-4BEF7B8A0855}.Debug|x86.ActiveCfg = Debug|Win32
		{039B2734-E34B-43C6-81C7-4BEF7B8A0855}.Debug|x86.Build.0 = Debug|Win32
		{039B2734-E34B-43C6-81C7-4BEF7B8A0855}.Release|x64.ActiveCfg = Release|x64
		{039B2734-E34B-43C6-81C7-4BEF7B8A0855}.Release|x64.Build.0 = Release|x64
		{039B2734-E34B-43C6-81C7-4BEF7B8A0855}.Release|x86.ActiveCfg = Release|Win32
		{039B2734-E34B-43C6-81C7-4BEF7B8A0855}.Release|x86.Build.0 = Release|Win32
		{578A90F9-5A9F-449C-AEC1-29AB2BB5C3CE}.Debug|x64.ActiveCfg = Debug|x64
		{578A90F9-5A9F-449C-AEC1-29AB2BB5C3CE}.Debug|x64.Build.0 = Debug|x64
		{578A90F9-5A9F-449C-AEC1-29AB2BB5C3CE}.Debug|x86.ActiveCfg = Debug|Win32
		{578A90F9-5A9F-449C-AEC1-29AB2BB5C3CE}.Debug|x86.Build.0 = Debug|Win32
		{578A90F9-5A9F-449C-AEC1-29AB2BB5C3CE}.Release|x64.ActiveCfg = Release|x64
		{578A90F9-5A9F-449C-AEC1-29AB2BB5C3CE}.Release|x64.Build.0 = Release|x64
		{578A90F9-5A9F-449C-AEC1-29AB2BB5C3CE}.Release|x86.ActiveCfg = Release|Win32
		{578A90F9-5A9F-449C-AEC1-29AB2BB5C3CE}.Release|x86.Build.0 = Release|Win32
		{6B3784E7-EAED-4AF5-8817-DF9DD950A8FE}.Debug|x64.ActiveCfg = Debug|x64
		{6B3784E7-EAED-4AF5-8817-DF9DD950A8FE}.Debug|x64.Build.0 = Debug|x64
		{6B3784E7-EAED-4AF5-8817-DF9DD950A8FE}.Debug|x86.ActiveCfg = Debug|Win32
		{6B3784E7-EAED-4AF5-8817-DF9DD950A8FE}.Debug|x86.Build.0 = Debug|Win32
		{6B3784E7-EAED-4AF5-8817-DF9DD950A8FE}.Release|x64.ActiveCfg = Release|x64
		{6B3784E7-EAED-4AF5-8817-DF9DD950A8FE}.Release|x64.Build.0 = Release|x64
		{6B3784E7-EAED-4AF5-8817-DF9DD950A8FE}.Release|x86.ActiveCfg = Release|Win32
		{6B3784E7-EAED-4AF5-8817-DF9DD950A8FE}.Release|x86.Build.0 = Release|Win32
		{E1F53C3D-D7CA-47F7-984A-08C435A18829}.Debug|x64.ActiveCfg = Debug|x64
		{E1F53C3D-D7CA-47F7-984A-08C435A18829}.Debug|x64.Build.0 = Debug|x64
		{E1F53C3D-D7CA-47F7-984A-08C435A18829}.Debug|x86.ActiveCfg = Debug|Win32
		{E1F53C3D-D7CA-47F7-984A-08C435A18829}.Debug|x86.Build.0 = Debug|Win32
		{E1F53C3D-D7CA-47F7-984A-08C435A18829}.Release|x64.ActiveCfg = Release|x64
		{E1F53C3D-D7CA-47F7-984A-08C435A18829}.Release|x64.Build.0 = Release|x64
		{E1F53C3D-D7CA-47F7-984A-08C435A18829}.Release|x86.ActiveCfg = Release|Win32
		{E1F53C3D-D7CA-47F7-984A-08C435A18829}.Release|x86.Build.0 = Release|Win32
		{B9EF15BD-A4D1-44E0-8FA2-49DB12FF6ECD}.Debug|x64.ActiveCfg = Debug|x64
		{B9EF15BD-A4D1-44E0-8FA2-49DB12FF6ECD}.Debug|x64.Build.0 = Debug|x64
		{B9EF15BD-A4D1-44E0-8FA2-49DB12FF6ECD}.Debug|x86.ActiveCfg = Debug|Win32
		{B9EF15BD-A4D1-44E0-8FA2-49DB12FF6ECD}.Debug|x86.Build.0 = Debug|Win32
		{B9EF15BD-A4D1-44E0-8FA2-49DB12FF6ECD}.Release|x64.ActiveCfg = Release|x64
		{B9EF15BD-A4D1-44E0-8FA2-49DB12FF6ECD}.Release|x64.Build.0 = Release|x64
		{B9EF15BD-A4D1-44E0-8FA2-49DB12FF6ECD}.Release|x86.ActiveCfg = Release|Win32
		{B9EF15BD-A4D1-44E0-8FA2-49DB12FF6ECD}.Release|x86.Build.0 = Release|Win32
		{C824FE29-BA37-470B-BC82-0BA21A1A2C9F}.Debug|x64.ActiveCfg = Debug|x64
		{C824FE29-BA37-470B-BC82-0BA21A1A2C9F}.Debug|x64.Build.0 = Debug|x64
		{C824FE29-BA37-470B-BC82-0BA21A1A2C9F}.Debug|x86.ActiveCfg = Debug|Win32
		{C824FE29-BA37-470B-BC82-0BA21A1A2C9F}.Debug|x86.Build.0 = Debug|Win32
		{C824FE29-BA37-470B-BC82-0BA21A1A2C9F}.Release|x64.ActiveCfg = Release|x64
		{C824FE29-BA37-470B-BC82-0BA21A1A2C9F}.Release|x64.Build.0 = Release|x64
		{C824FE29-BA37-470B-BC82-0BA21A1A2C9F}.Release|x86.ActiveCfg = Release|Win32
		{C824FE29-BA37-470B-BC82-0BA21A1A2C9F}.Release|x86.Build.0 = Release|Win32
	EndGlobalSection
	GlobalSection(SolutionProperties) = preSolution
		HideSolutionNode = FALSE
	EndGlobalSection
	GlobalSection(ExtensibilityGlobals) = postSolution
		SolutionGuid = {D7249837-93C2-4FD6-BEEA-B3DAEB4BF050}
	EndGlobalSection
EndGlobal
