
Microsoft Visual Studio Solution File, Format Version 12.00
# Visual Studio Version 17
VisualStudioVersion = 17.14.37012.4 d17.14
MinimumVisualStudioVersion = 10.0.40219.1
Project("{8BC9CEB8-8B4A-11D0-8D11-00A0C91BC942}") = "big", "big\big.vcxproj", "{2B9E1E7B-8578-4FA9-B77D-FC9E86DC81B5}"
EndProject
Project("{8BC9CEB8-8B4A-11D0-8D11-00A0C91BC942}") = "sum", "sum\sum.vcxproj", "{7EBC5F27-9F74-4F8C-9D7C-192485A33604}"
EndProject
Project("{8BC9CEB8-8B4A-11D0-8D11-00A0C91BC942}") = "defaultpara", "defaultpara\defaultpara.vcxproj", "{03894A87-307F-422B-9902-E011CF0A9C4C}"
EndProject
Project("{8BC9CEB8-8B4A-11D0-8D11-00A0C91BC942}") = "fff", "fff\fff.vcxproj", "{8C309B20-8EB5-4DBD-B634-4811D2BED0F9}"
EndProject
Global
	GlobalSection(SolutionConfigurationPlatforms) = preSolution
		Debug|x64 = Debug|x64
		Debug|x86 = Debug|x86
		Release|x64 = Release|x64
		Release|x86 = Release|x86
	EndGlobalSection
	GlobalSection(ProjectConfigurationPlatforms) = postSolution
		{2B9E1E7B-8578-4FA9-B77D-FC9E86DC81B5}.Debug|x64.ActiveCfg = Debug|x64
		{2B9E1E7B-8578-4FA9-B77D-FC9E86DC81B5}.Debug|x64.Build.0 = Debug|x64
		{2B9E1E7B-8578-4FA9-B77D-FC9E86DC81B5}.Debug|x86.ActiveCfg = Debug|Win32
		{2B9E1E7B-8578-4FA9-B77D-FC9E86DC81B5}.Debug|x86.Build.0 = Debug|Win32
		{2B9E1E7B-8578-4FA9-B77D-FC9E86DC81B5}.Release|x64.ActiveCfg = Release|x64
		{2B9E1E7B-8578-4FA9-B77D-FC9E86DC81B5}.Release|x64.Build.0 = Release|x64
		{2B9E1E7B-8578-4FA9-B77D-FC9E86DC81B5}.Release|x86.ActiveCfg = Release|Win32
		{2B9E1E7B-8578-4FA9-B77D-FC9E86DC81B5}.Release|x86.Build.0 = Release|Win32
		{7EBC5F27-9F74-4F8C-9D7C-192485A33604}.Debug|x64.ActiveCfg = Debug|x64
		{7EBC5F27-9F74-4F8C-9D7C-192485A33604}.Debug|x64.Build.0 = Debug|x64
		{7EBC5F27-9F74-4F8C-9D7C-192485A33604}.Debug|x86.ActiveCfg = Debug|Win32
		{7EBC5F27-9F74-4F8C-9D7C-192485A33604}.Debug|x86.Build.0 = Debug|Win32
		{7EBC5F27-9F74-4F8C-9D7C-192485A33604}.Release|x64.ActiveCfg = Release|x64
		{7EBC5F27-9F74-4F8C-9D7C-192485A33604}.Release|x64.Build.0 = Release|x64
		{7EBC5F27-9F74-4F8C-9D7C-192485A33604}.Release|x86.ActiveCfg = Release|Win32
		{7EBC5F27-9F74-4F8C-9D7C-192485A33604}.Release|x86.Build.0 = Release|Win32
		{03894A87-307F-422B-9902-E011CF0A9C4C}.Debug|x64.ActiveCfg = Debug|x64
		{03894A87-307F-422B-9902-E011CF0A9C4C}.Debug|x64.Build.0 = Debug|x64
		{03894A87-307F-422B-9902-E011CF0A9C4C}.Debug|x86.ActiveCfg = Debug|Win32
		{03894A87-307F-422B-9902-E011CF0A9C4C}.Debug|x86.Build.0 = Debug|Win32
		{03894A87-307F-422B-9902-E011CF0A9C4C}.Release|x64.ActiveCfg = Release|x64
		{03894A87-307F-422B-9902-E011CF0A9C4C}.Release|x64.Build.0 = Release|x64
		{03894A87-307F-422B-9902-E011CF0A9C4C}.Release|x86.ActiveCfg = Release|Win32
		{03894A87-307F-422B-9902-E011CF0A9C4C}.Release|x86.Build.0 = Release|Win32
		{8C309B20-8EB5-4DBD-B634-4811D2BED0F9}.Debug|x64.ActiveCfg = Debug|x64
		{8C309B20-8EB5-4DBD-B634-4811D2BED0F9}.Debug|x64.Build.0 = Debug|x64
		{8C309B20-8EB5-4DBD-B634-4811D2BED0F9}.Debug|x86.ActiveCfg = Debug|Win32
		{8C309B20-8EB5-4DBD-B634-4811D2BED0F9}.Debug|x86.Build.0 = Debug|Win32
		{8C309B20-8EB5-4DBD-B634-4811D2BED0F9}.Release|x64.ActiveCfg = Release|x64
		{8C309B20-8EB5-4DBD-B634-4811D2BED0F9}.Release|x64.Build.0 = Release|x64
		{8C309B20-8EB5-4DBD-B634-4811D2BED0F9}.Release|x86.ActiveCfg = Release|Win32
		{8C309B20-8EB5-4DBD-B634-4811D2BED0F9}.Release|x86.Build.0 = Release|Win32
	EndGlobalSection
	GlobalSection(SolutionProperties) = preSolution
		HideSolutionNode = FALSE
	EndGlobalSection
	GlobalSection(ExtensibilityGlobals) = postSolution
		SolutionGuid = {A28157A9-817E-411A-9EF4-883D25A676A5}
	EndGlobalSection
EndGlobal
