
Microsoft Visual Studio Solution File, Format Version 12.00
# Visual Studio Version 17
VisualStudioVersion = 17.0.31919.166
MinimumVisualStudioVersion = 10.0.40219.1
Project("{8BC9CEB8-8B4A-11D0-8D11-00A0C91BC942}") = "06-01-1", "06-01-1\06-01-1.vcxproj", "{1E89B144-8FB0-4851-88E4-C00D0978DA9F}"
EndProject
Project("{8BC9CEB8-8B4A-11D0-8D11-00A0C91BC942}") = "06-01-2", "06-01-2\06-01-2.vcxproj", "{BBAD6B18-2E78-4D55-A4B1-9C72ED5A283B}"
EndProject
Project("{8BC9CEB8-8B4A-11D0-8D11-00A0C91BC942}") = "06-03-1", "06-03-1\06-03-1.vcxproj", "{B1457822-BF07-43E7-9432-09F3103D5FB5}"
EndProject
Project("{8BC9CEB8-8B4A-11D0-8D11-00A0C91BC942}") = "06-03-2", "06-03-2\06-03-2.vcxproj", "{B0E7D378-A21D-466F-A38F-32118EB6F6CB}"
EndProject
Project("{8BC9CEB8-8B4A-11D0-8D11-00A0C91BC942}") = "06-05-1", "06-05-1\06-05-1.vcxproj", "{8BBA15B1-DE50-4233-865B-293CF0AB87E9}"
EndProject
Project("{8BC9CEB8-8B4A-11D0-8D11-00A0C91BC942}") = "06-05-2", "06-05-2\06-05-2.vcxproj", "{05C9B78A-878B-4EA9-8E79-6F0C512615FE}"
EndProject
Project("{8BC9CEB8-8B4A-11D0-8D11-00A0C91BC942}") = "06-07", "06-07\06-07.vcxproj", "{362B076E-FE5D-4E41-BAC1-49141ACDBDA5}"
EndProject
Project("{8BC9CEB8-8B4A-11D0-8D11-00A0C91BC942}") = "06-09", "06-09\06-09.vcxproj", "{2A4DCAAA-5FB6-437A-8A08-6206FD59F94C}"
EndProject
Project("{8BC9CEB8-8B4A-11D0-8D11-00A0C91BC942}") = "06-05-1-헤더와 cpp 파일 분리", "06-05-1-헤더와 cpp 파일 분리\06-05-1-헤더와 cpp 파일 분리.vcxproj", "{F117A1BC-6209-4DFD-AF37-8519F5FD5800}"
EndProject
Project("{8BC9CEB8-8B4A-11D0-8D11-00A0C91BC942}") = "06-07-헤더와 cpp 파일 분리", "06-07-헤더와 cpp 파일 분리\06-07-헤더와 cpp 파일 분리.vcxproj", "{0A84DB2B-F767-461E-A44B-86D35AB18358}"
EndProject
Project("{8BC9CEB8-8B4A-11D0-8D11-00A0C91BC942}") = "06-09-헤더와 cpp 파일 분리", "06-09-헤더와 cpp 파일 분리\06-09-헤더와 cpp 파일 분리.vcxproj", "{92D24E6D-BC65-41AF-BCC7-7788921C9BF0}"
EndProject
Project("{8BC9CEB8-8B4A-11D0-8D11-00A0C91BC942}") = "06-05-2-헤더와 cpp 파일 분리", "06-05-2-헤더와 cpp 파일 분리\06-05-2-헤더와 cpp 파일 분리.vcxproj", "{B82B0718-E71D-467D-AB77-666143A49BED}"
EndProject
Global
	GlobalSection(SolutionConfigurationPlatforms) = preSolution
		Debug|x64 = Debug|x64
		Debug|x86 = Debug|x86
		Release|x64 = Release|x64
		Release|x86 = Release|x86
	EndGlobalSection
	GlobalSection(ProjectConfigurationPlatforms) = postSolution
		{1E89B144-8FB0-4851-88E4-C00D0978DA9F}.Debug|x64.ActiveCfg = Debug|x64
		{1E89B144-8FB0-4851-88E4-C00D0978DA9F}.Debug|x64.Build.0 = Debug|x64
		{1E89B144-8FB0-4851-88E4-C00D0978DA9F}.Debug|x86.ActiveCfg = Debug|Win32
		{1E89B144-8FB0-4851-88E4-C00D0978DA9F}.Debug|x86.Build.0 = Debug|Win32
		{1E89B144-8FB0-4851-88E4-C00D0978DA9F}.Release|x64.ActiveCfg = Release|x64
		{1E89B144-8FB0-4851-88E4-C00D0978DA9F}.Release|x64.Build.0 = Release|x64
		{1E89B144-8FB0-4851-88E4-C00D0978DA9F}.Release|x86.ActiveCfg = Release|Win32
		{1E89B144-8FB0-4851-88E4-C00D0978DA9F}.Release|x86.Build.0 = Release|Win32
		{BBAD6B18-2E78-4D55-A4B1-9C72ED5A283B}.Debug|x64.ActiveCfg = Debug|x64
		{BBAD6B18-2E78-4D55-A4B1-9C72ED5A283B}.Debug|x64.Build.0 = Debug|x64
		{BBAD6B18-2E78-4D55-A4B1-9C72ED5A283B}.Debug|x86.ActiveCfg = Debug|Win32
		{BBAD6B18-2E78-4D55-A4B1-9C72ED5A283B}.Debug|x86.Build.0 = Debug|Win32
		{BBAD6B18-2E78-4D55-A4B1-9C72ED5A283B}.Release|x64.ActiveCfg = Release|x64
		{BBAD6B18-2E78-4D55-A4B1-9C72ED5A283B}.Release|x64.Build.0 = Release|x64
		{BBAD6B18-2E78-4D55-A4B1-9C72ED5A283B}.Release|x86.ActiveCfg = Release|Win32
		{BBAD6B18-2E78-4D55-A4B1-9C72ED5A283B}.Release|x86.Build.0 = Release|Win32
		{B1457822-BF07-43E7-9432-09F3103D5FB5}.Debug|x64.ActiveCfg = Debug|x64
		{B1457822-BF07-43E7-9432-09F3103D5FB5}.Debug|x64.Build.0 = Debug|x64
		{B1457822-BF07-43E7-9432-09F3103D5FB5}.Debug|x86.ActiveCfg = Debug|Win32
		{B1457822-BF07-43E7-9432-09F3103D5FB5}.Debug|x86.Build.0 = Debug|Win32
		{B1457822-BF07-43E7-9432-09F3103D5FB5}.Release|x64.ActiveCfg = Release|x64
		{B1457822-BF07-43E7-9432-09F3103D5FB5}.Release|x64.Build.0 = Release|x64
		{B1457822-BF07-43E7-9432-09F3103D5FB5}.Release|x86.ActiveCfg = Release|Win32
		{B1457822-BF07-43E7-9432-09F3103D5FB5}.Release|x86.Build.0 = Release|Win32
		{B0E7D378-A21D-466F-A38F-32118EB6F6CB}.Debug|x64.ActiveCfg = Debug|x64
		{B0E7D378-A21D-466F-A38F-32118EB6F6CB}.Debug|x64.Build.0 = Debug|x64
		{B0E7D378-A21D-466F-A38F-32118EB6F6CB}.Debug|x86.ActiveCfg = Debug|Win32
		{B0E7D378-A21D-466F-A38F-32118EB6F6CB}.Debug|x86.Build.0 = Debug|Win32
		{B0E7D378-A21D-466F-A38F-32118EB6F6CB}.Release|x64.ActiveCfg = Release|x64
		{B0E7D378-A21D-466F-A38F-32118EB6F6CB}.Release|x64.Build.0 = Release|x64
		{B0E7D378-A21D-466F-A38F-32118EB6F6CB}.Release|x86.ActiveCfg = Release|Win32
		{B0E7D378-A21D-466F-A38F-32118EB6F6CB}.Release|x86.Build.0 = Release|Win32
		{8BBA15B1-DE50-4233-865B-293CF0AB87E9}.Debug|x64.ActiveCfg = Debug|x64
		{8BBA15B1-DE50-4233-865B-293CF0AB87E9}.Debug|x64.Build.0 = Debug|x64
		{8BBA15B1-DE50-4233-865B-293CF0AB87E9}.Debug|x86.ActiveCfg = Debug|Win32
		{8BBA15B1-DE50-4233-865B-293CF0AB87E9}.Debug|x86.Build.0 = Debug|Win32
		{8BBA15B1-DE50-4233-865B-293CF0AB87E9}.Release|x64.ActiveCfg = Release|x64
		{8BBA15B1-DE50-4233-865B-293CF0AB87E9}.Release|x64.Build.0 = Release|x64
		{8BBA15B1-DE50-4233-865B-293CF0AB87E9}.Release|x86.ActiveCfg = Release|Win32
		{8BBA15B1-DE50-4233-865B-293CF0AB87E9}.Release|x86.Build.0 = Release|Win32
		{05C9B78A-878B-4EA9-8E79-6F0C512615FE}.Debug|x64.ActiveCfg = Debug|x64
		{05C9B78A-878B-4EA9-8E79-6F0C512615FE}.Debug|x64.Build.0 = Debug|x64
		{05C9B78A-878B-4EA9-8E79-6F0C512615FE}.Debug|x86.ActiveCfg = Debug|Win32
		{05C9B78A-878B-4EA9-8E79-6F0C512615FE}.Debug|x86.Build.0 = Debug|Win32
		{05C9B78A-878B-4EA9-8E79-6F0C512615FE}.Release|x64.ActiveCfg = Release|x64
		{05C9B78A-878B-4EA9-8E79-6F0C512615FE}.Release|x64.Build.0 = Release|x64
		{05C9B78A-878B-4EA9-8E79-6F0C512615FE}.Release|x86.ActiveCfg = Release|Win32
		{05C9B78A-878B-4EA9-8E79-6F0C512615FE}.Release|x86.Build.0 = Release|Win32
		{362B076E-FE5D-4E41-BAC1-49141ACDBDA5}.Debug|x64.ActiveCfg = Debug|x64
		{362B076E-FE5D-4E41-BAC1-49141ACDBDA5}.Debug|x64.Build.0 = Debug|x64
		{362B076E-FE5D-4E41-BAC1-49141ACDBDA5}.Debug|x86.ActiveCfg = Debug|Win32
		{362B076E-FE5D-4E41-BAC1-49141ACDBDA5}.Debug|x86.Build.0 = Debug|Win32
		{362B076E-FE5D-4E41-BAC1-49141ACDBDA5}.Release|x64.ActiveCfg = Release|x64
		{362B076E-FE5D-4E41-BAC1-49141ACDBDA5}.Release|x64.Build.0 = Release|x64
		{362B076E-FE5D-4E41-BAC1-49141ACDBDA5}.Release|x86.ActiveCfg = Release|Win32
		{362B076E-FE5D-4E41-BAC1-49141ACDBDA5}.Release|x86.Build.0 = Release|Win32
		{2A4DCAAA-5FB6-437A-8A08-6206FD59F94C}.Debug|x64.ActiveCfg = Debug|x64
		{2A4DCAAA-5FB6-437A-8A08-6206FD59F94C}.Debug|x64.Build.0 = Debug|x64
		{2A4DCAAA-5FB6-437A-8A08-6206FD59F94C}.Debug|x86.ActiveCfg = Debug|Win32
		{2A4DCAAA-5FB6-437A-8A08-6206FD59F94C}.Debug|x86.Build.0 = Debug|Win32
		{2A4DCAAA-5FB6-437A-8A08-6206FD59F94C}.Release|x64.ActiveCfg = Release|x64
		{2A4DCAAA-5FB6-437A-8A08-6206FD59F94C}.Release|x64.Build.0 = Release|x64
		{2A4DCAAA-5FB6-437A-8A08-6206FD59F94C}.Release|x86.ActiveCfg = Release|Win32
		{2A4DCAAA-5FB6-437A-8A08-6206FD59F94C}.Release|x86.Build.0 = Release|Win32
		{F117A1BC-6209-4DFD-AF37-8519F5FD5800}.Debug|x64.ActiveCfg = Debug|x64
		{F117A1BC-6209-4DFD-AF37-8519F5FD5800}.Debug|x64.Build.0 = Debug|x64
		{F117A1BC-6209-4DFD-AF37-8519F5FD5800}.Debug|x86.ActiveCfg = Debug|Win32
		{F117A1BC-6209-4DFD-AF37-8519F5FD5800}.Debug|x86.Build.0 = Debug|Win32
		{F117A1BC-6209-4DFD-AF37-8519F5FD5800}.Release|x64.ActiveCfg = Release|x64
		{F117A1BC-6209-4DFD-AF37-8519F5FD5800}.Release|x64.Build.0 = Release|x64
		{F117A1BC-6209-4DFD-AF37-8519F5FD5800}.Release|x86.ActiveCfg = Release|Win32
		{F117A1BC-6209-4DFD-AF37-8519F5FD5800}.Release|x86.Build.0 = Release|Win32
		{0A84DB2B-F767-461E-A44B-86D35AB18358}.Debug|x64.ActiveCfg = Debug|x64
		{0A84DB2B-F767-461E-A44B-86D35AB18358}.Debug|x64.Build.0 = Debug|x64
		{0A84DB2B-F767-461E-A44B-86D35AB18358}.Debug|x86.ActiveCfg = Debug|Win32
		{0A84DB2B-F767-461E-A44B-86D35AB18358}.Debug|x86.Build.0 = Debug|Win32
		{0A84DB2B-F767-461E-A44B-86D35AB18358}.Release|x64.ActiveCfg = Release|x64
		{0A84DB2B-F767-461E-A44B-86D35AB18358}.Release|x64.Build.0 = Release|x64
		{0A84DB2B-F767-461E-A44B-86D35AB18358}.Release|x86.ActiveCfg = Release|Win32
		{0A84DB2B-F767-461E-A44B-86D35AB18358}.Release|x86.Build.0 = Release|Win32
		{92D24E6D-BC65-41AF-BCC7-7788921C9BF0}.Debug|x64.ActiveCfg = Debug|x64
		{92D24E6D-BC65-41AF-BCC7-7788921C9BF0}.Debug|x64.Build.0 = Debug|x64
		{92D24E6D-BC65-41AF-BCC7-7788921C9BF0}.Debug|x86.ActiveCfg = Debug|Win32
		{92D24E6D-BC65-41AF-BCC7-7788921C9BF0}.Debug|x86.Build.0 = Debug|Win32
		{92D24E6D-BC65-41AF-BCC7-7788921C9BF0}.Release|x64.ActiveCfg = Release|x64
		{92D24E6D-BC65-41AF-BCC7-7788921C9BF0}.Release|x64.Build.0 = Release|x64
		{92D24E6D-BC65-41AF-BCC7-7788921C9BF0}.Release|x86.ActiveCfg = Release|Win32
		{92D24E6D-BC65-41AF-BCC7-7788921C9BF0}.Release|x86.Build.0 = Release|Win32
		{B82B0718-E71D-467D-AB77-666143A49BED}.Debug|x64.ActiveCfg = Debug|x64
		{B82B0718-E71D-467D-AB77-666143A49BED}.Debug|x64.Build.0 = Debug|x64
		{B82B0718-E71D-467D-AB77-666143A49BED}.Debug|x86.ActiveCfg = Debug|Win32
		{B82B0718-E71D-467D-AB77-666143A49BED}.Debug|x86.Build.0 = Debug|Win32
		{B82B0718-E71D-467D-AB77-666143A49BED}.Release|x64.ActiveCfg = Release|x64
		{B82B0718-E71D-467D-AB77-666143A49BED}.Release|x64.Build.0 = Release|x64
		{B82B0718-E71D-467D-AB77-666143A49BED}.Release|x86.ActiveCfg = Release|Win32
		{B82B0718-E71D-467D-AB77-666143A49BED}.Release|x86.Build.0 = Release|Win32
	EndGlobalSection
	GlobalSection(SolutionProperties) = preSolution
		HideSolutionNode = FALSE
	EndGlobalSection
	GlobalSection(ExtensibilityGlobals) = postSolution
		SolutionGuid = {97F57D89-82F6-4FE9-AD52-F02506A547A1}
	EndGlobalSection
EndGlobal
