
Microsoft Visual Studio Solution File, Format Version 12.00
# Visual Studio Version 17
VisualStudioVersion = 17.14.37216.2
MinimumVisualStudioVersion = 10.0.40219.1
Project("{8BC9CEB8-8B4A-11D0-8D11-00A0C91BC942}") = "예제1", "예제7-1\예제7-1.vcxproj", "{4D2EF571-4C58-4008-BC46-76D142804C9F}"
EndProject
Project("{2150E333-8FDC-42A3-9474-1A3956D46DE8}") = "chap7", "chap7", "{C8D5274F-AC00-46C7-1F8D-E88E81087A52}"
EndProject
Project("{8BC9CEB8-8B4A-11D0-8D11-00A0C91BC942}") = "openChallenge", "openChallenge\openChallenge.vcxproj", "{514111A5-FCB3-450E-A25E-868392C9E752}"
EndProject
Project("{8BC9CEB8-8B4A-11D0-8D11-00A0C91BC942}") = "07-01", "01\01.vcxproj", "{CB203679-402C-4F42-9530-F2EAB8D2F8D8}"
EndProject
Project("{8BC9CEB8-8B4A-11D0-8D11-00A0C91BC942}") = "07-02", "02\02.vcxproj", "{7254AD9D-946C-40D0-8F69-B8952892AB64}"
EndProject
Project("{8BC9CEB8-8B4A-11D0-8D11-00A0C91BC942}") = "07-02-2", "02-2\02-2.vcxproj", "{5294AC34-87C3-4276-8E84-522AEB5B574F}"
EndProject
Project("{8BC9CEB8-8B4A-11D0-8D11-00A0C91BC942}") = "07-03", "03\03.vcxproj", "{E88076A9-8240-49C2-9B9E-AD44B2863BBA}"
EndProject
Project("{8BC9CEB8-8B4A-11D0-8D11-00A0C91BC942}") = "07-03-02", "03-2\03-2.vcxproj", "{D72FCAA9-0E77-4E45-B9E5-AEC367A21460}"
EndProject
Project("{8BC9CEB8-8B4A-11D0-8D11-00A0C91BC942}") = "07-04", "04\04.vcxproj", "{2D67B249-3CCC-4239-8271-92276340721A}"
EndProject
Project("{2150E333-8FDC-42A3-9474-1A3956D46DE8}") = "chap8", "chap8", "{EA92C814-DF25-436E-9036-92BDC30A8C91}"
EndProject
Project("{8BC9CEB8-8B4A-11D0-8D11-00A0C91BC942}") = "07-04-2", "07-04-2\07-04-2.vcxproj", "{9B1F152A-320F-4F10-975A-C1CD3AF23CDE}"
EndProject
Project("{8BC9CEB8-8B4A-11D0-8D11-00A0C91BC942}") = "07-05", "07-05\07-05.vcxproj", "{046F480E-AB42-42A6-8C52-7C48CDB700BD}"
EndProject
Project("{8BC9CEB8-8B4A-11D0-8D11-00A0C91BC942}") = "07-06", "07-06\07-06.vcxproj", "{D645543E-3BE6-4DBA-8E83-25ED61E26BD4}"
EndProject
Project("{8BC9CEB8-8B4A-11D0-8D11-00A0C91BC942}") = "07-07", "07-07\07-07.vcxproj", "{97461BE5-EF49-40FD-A6D6-829AD8E6756B}"
EndProject
Project("{8BC9CEB8-8B4A-11D0-8D11-00A0C91BC942}") = "07-08", "07-08\07-08.vcxproj", "{02D673E3-0CBC-43F2-84B2-4D7F0769997E}"
EndProject
Project("{8BC9CEB8-8B4A-11D0-8D11-00A0C91BC942}") = "07-09", "07-09\07-09.vcxproj", "{ED6A0D62-320D-4554-83FC-F2EBC5311862}"
EndProject
Project("{8BC9CEB8-8B4A-11D0-8D11-00A0C91BC942}") = "08-01", "08-01\08-01.vcxproj", "{BE05156E-FE18-4157-BEC2-198A7B6C71F2}"
EndProject
Project("{8BC9CEB8-8B4A-11D0-8D11-00A0C91BC942}") = "08-02", "08-02\08-02.vcxproj", "{814FE93E-E224-4A57-840C-18BD248FCEF2}"
EndProject
Project("{8BC9CEB8-8B4A-11D0-8D11-00A0C91BC942}") = "08-03", "08-03\08-03.vcxproj", "{735AC6DC-DAB9-4D3C-8EAC-F0BDA43DC82A}"
EndProject
Project("{8BC9CEB8-8B4A-11D0-8D11-00A0C91BC942}") = "08-04", "08-04\08-04.vcxproj", "{9D35EF9B-0093-47D2-A540-AF65EA64B1DA}"
EndProject
Project("{8BC9CEB8-8B4A-11D0-8D11-00A0C91BC942}") = "08-05", "08-05\08-05.vcxproj", "{DB0C8B09-B876-4224-B10C-4ABB681D8C24}"
EndProject
Project("{8BC9CEB8-8B4A-11D0-8D11-00A0C91BC942}") = "08-06", "08-06\08-06.vcxproj", "{E9F4A25F-B62D-4EB8-8DA6-ADBB1730A55A}"
EndProject
Project("{8BC9CEB8-8B4A-11D0-8D11-00A0C91BC942}") = "08-06-2", "08-06-2\08-06-2.vcxproj", "{FFD2E98B-79F6-4AAF-A872-1D47C6F69680}"
EndProject
Project("{8BC9CEB8-8B4A-11D0-8D11-00A0C91BC942}") = "08-06-ex", "08-06-ex\08-06-ex.vcxproj", "{BD22347C-E0E0-4F2A-ABE5-DC94C1CB2B6F}"
EndProject
Project("{2150E333-8FDC-42A3-9474-1A3956D46DE8}") = "chap9", "chap9", "{FDCA0B2C-6BF5-4CD3-8D72-064CCA4829A6}"
EndProject
Project("{8BC9CEB8-8B4A-11D0-8D11-00A0C91BC942}") = "09-01", "09-01\09-01.vcxproj", "{66ED2D45-9D68-425D-9BEE-D44909350CC1}"
EndProject
Project("{8BC9CEB8-8B4A-11D0-8D11-00A0C91BC942}") = "09-02", "09-02\09-02.vcxproj", "{D4273506-E182-46DD-A156-4B4C99EFD085}"
EndProject
Project("{8BC9CEB8-8B4A-11D0-8D11-00A0C91BC942}") = "09-03", "09-03\09-03.vcxproj", "{C5C40FA2-D491-4EC7-993B-17FC9CB57850}"
EndProject
Project("{8BC9CEB8-8B4A-11D0-8D11-00A0C91BC942}") = "09-04", "09-04\09-04.vcxproj", "{99A87646-E890-410D-875F-FB2F49994D56}"
EndProject
Project("{8BC9CEB8-8B4A-11D0-8D11-00A0C91BC942}") = "09-05", "09-05\09-05.vcxproj", "{46673F0D-6707-44E1-A800-26CE31E4DC45}"
EndProject
Project("{2150E333-8FDC-42A3-9474-1A3956D46DE8}") = "chap10", "chap10", "{E516C63A-E382-4D56-9A7A-AC2292DA1102}"
EndProject
Project("{8BC9CEB8-8B4A-11D0-8D11-00A0C91BC942}") = "예제10-1", "예제10-1\예제10-1.vcxproj", "{2D25E123-0882-44A9-8B47-BE56D424449B}"
EndProject
Project("{8BC9CEB8-8B4A-11D0-8D11-00A0C91BC942}") = "예제10-2", "예제10-2\예제10-2.vcxproj", "{C6EB94E6-A0C6-481A-90EA-EC8AB792BE33}"
EndProject
Project("{8BC9CEB8-8B4A-11D0-8D11-00A0C91BC942}") = "예제10-3", "예제10-3\예제10-3.vcxproj", "{B651ABBE-C952-4445-AF19-6681420E15F6}"
EndProject
Project("{8BC9CEB8-8B4A-11D0-8D11-00A0C91BC942}") = "예제10-4", "예제10-4\예제10-4.vcxproj", "{6F3F1DA4-C567-47EF-A176-733694FF18BE}"
EndProject
Project("{8BC9CEB8-8B4A-11D0-8D11-00A0C91BC942}") = "예제10-5", "예제10-5\예제10-5.vcxproj", "{B20A0A8F-DBF6-43E3-9FA9-C8978A2183C7}"
EndProject
Project("{8BC9CEB8-8B4A-11D0-8D11-00A0C91BC942}") = "예제10-6", "예제10-6\예제10-6.vcxproj", "{5A2E04F2-13C4-4CC4-ADED-F68B47ACE2DF}"
EndProject
Project("{8BC9CEB8-8B4A-11D0-8D11-00A0C91BC942}") = "예제10-7", "예제10-7\예제10-7.vcxproj", "{8259F2E8-5F9D-4F7A-B537-6C0832DE7B61}"
EndProject
Project("{8BC9CEB8-8B4A-11D0-8D11-00A0C91BC942}") = "예제10-8", "예제10-8\예제10-8.vcxproj", "{2E5CA04F-BE22-4FC8-BA61-3098FA6D2E27}"
EndProject
Project("{8BC9CEB8-8B4A-11D0-8D11-00A0C91BC942}") = "예제10-9", "예제10-9\예제10-9.vcxproj", "{F10CD243-7884-4C8A-AF46-0E97308C0FF0}"
EndProject
Project("{8BC9CEB8-8B4A-11D0-8D11-00A0C91BC942}") = "예제10-10", "예제10-10\예제10-10.vcxproj", "{290A2C6E-7EFE-43E6-B1BF-36247BFFD9B5}"
EndProject
Project("{8BC9CEB8-8B4A-11D0-8D11-00A0C91BC942}") = "예제10-11", "예제10-11\예제10-11.vcxproj", "{1411000A-36F8-4DC7-B185-3D1323DDB931}"
EndProject
Project("{8BC9CEB8-8B4A-11D0-8D11-00A0C91BC942}") = "예제10-12", "예제10-12\예제10-12.vcxproj", "{C364AC58-9F6A-4D0C-87F3-1036D4AAA625}"
EndProject
Project("{8BC9CEB8-8B4A-11D0-8D11-00A0C91BC942}") = "10-01", "10-01\10-01.vcxproj", "{2DD18D63-3AD7-4A07-9D2D-AC516F8820B7}"
EndProject
Project("{8BC9CEB8-8B4A-11D0-8D11-00A0C91BC942}") = "10-02", "10-02\10-02.vcxproj", "{8194A520-8CD3-47C2-8DE4-5744BF7787C0}"
EndProject
Project("{8BC9CEB8-8B4A-11D0-8D11-00A0C91BC942}") = "10-03", "10-03\10-03.vcxproj", "{9E7A1A7F-5A8E-4811-950E-ECFDD970C1D8}"
EndProject
Project("{8BC9CEB8-8B4A-11D0-8D11-00A0C91BC942}") = "10-04", "10-04\10-04.vcxproj", "{187CA64D-E9FF-4050-A1FC-D3B9D8CAA19C}"
EndProject
Project("{8BC9CEB8-8B4A-11D0-8D11-00A0C91BC942}") = "10-05", "10-05\10-05.vcxproj", "{1E9141F1-8AB8-4E7E-BA52-ABB02856303A}"
EndProject
Project("{8BC9CEB8-8B4A-11D0-8D11-00A0C91BC942}") = "10-06", "10-06\10-06.vcxproj", "{DF9DF2DB-CA8A-4D8A-83D7-54160AB791D5}"
EndProject
Project("{8BC9CEB8-8B4A-11D0-8D11-00A0C91BC942}") = "10-07", "10-07\10-07.vcxproj", "{44B814B3-4081-4DE6-A77A-1BDCE7C51B77}"
EndProject
Project("{8BC9CEB8-8B4A-11D0-8D11-00A0C91BC942}") = "10-08", "10-08\10-08.vcxproj", "{A84BE52C-F97E-4E1B-B5D9-EB0123F281CE}"
EndProject
Project("{8BC9CEB8-8B4A-11D0-8D11-00A0C91BC942}") = "10-09", "10-09\10-09.vcxproj", "{47B460CD-A0DD-44CB-8DFE-E661CF386019}"
EndProject
Project("{8BC9CEB8-8B4A-11D0-8D11-00A0C91BC942}") = "10-10", "10-10\10-10.vcxproj", "{4D72B595-252F-432D-84AF-58E8C6CDE369}"
EndProject
Project("{8BC9CEB8-8B4A-11D0-8D11-00A0C91BC942}") = "10-12", "10-12\10-12.vcxproj", "{C47BAC04-18DA-438F-9569-A7ABB41C3A4A}"
EndProject
Project("{2150E333-8FDC-42A3-9474-1A3956D46DE8}") = "chap11", "chap11", "{CA290680-A6C2-416C-A4DC-FCBEAA456E5E}"
EndProject
Project("{8BC9CEB8-8B4A-11D0-8D11-00A0C91BC942}") = "예제11-5", "예제11-5\예제11-5.vcxproj", "{E63D670F-B724-48E6-8FE8-1BC8BB22EEA9}"
EndProject
Project("{8BC9CEB8-8B4A-11D0-8D11-00A0C91BC942}") = "예제11-10", "예제11-10\예제11-10.vcxproj", "{AB8F763E-648E-4A5A-9584-0671827108E1}"
EndProject
Project("{8BC9CEB8-8B4A-11D0-8D11-00A0C91BC942}") = "예제11-11", "예제11-11\예제11-11.vcxproj", "{01B09023-6912-446E-9E81-4BD44FF21405}"
EndProject
Global
	GlobalSection(SolutionConfigurationPlatforms) = preSolution
		Debug|x64 = Debug|x64
		Debug|x86 = Debug|x86
		Release|x64 = Release|x64
		Release|x86 = Release|x86
	EndGlobalSection
	GlobalSection(ProjectConfigurationPlatforms) = postSolution
		{4D2EF571-4C58-4008-BC46-76D142804C9F}.Debug|x64.ActiveCfg = Debug|x64
		{4D2EF571-4C58-4008-BC46-76D142804C9F}.Debug|x64.Build.0 = Debug|x64
		{4D2EF571-4C58-4008-BC46-76D142804C9F}.Debug|x86.ActiveCfg = Debug|Win32
		{4D2EF571-4C58-4008-BC46-76D142804C9F}.Debug|x86.Build.0 = Debug|Win32
		{4D2EF571-4C58-4008-BC46-76D142804C9F}.Release|x64.ActiveCfg = Release|x64
		{4D2EF571-4C58-4008-BC46-76D142804C9F}.Release|x64.Build.0 = Release|x64
		{4D2EF571-4C58-4008-BC46-76D142804C9F}.Release|x86.ActiveCfg = Release|Win32
		{4D2EF571-4C58-4008-BC46-76D142804C9F}.Release|x86.Build.0 = Release|Win32
		{514111A5-FCB3-450E-A25E-868392C9E752}.Debug|x64.ActiveCfg = Debug|x64
		{514111A5-FCB3-450E-A25E-868392C9E752}.Debug|x64.Build.0 = Debug|x64
		{514111A5-FCB3-450E-A25E-868392C9E752}.Debug|x86.ActiveCfg = Debug|Win32
		{514111A5-FCB3-450E-A25E-868392C9E752}.Debug|x86.Build.0 = Debug|Win32
		{514111A5-FCB3-450E-A25E-868392C9E752}.Release|x64.ActiveCfg = Release|x64
		{514111A5-FCB3-450E-A25E-868392C9E752}.Release|x64.Build.0 = Release|x64
		{514111A5-FCB3-450E-A25E-868392C9E752}.Release|x86.ActiveCfg = Release|Win32
		{514111A5-FCB3-450E-A25E-868392C9E752}.Release|x86.Build.0 = Release|Win32
		{CB203679-402C-4F42-9530-F2EAB8D2F8D8}.Debug|x64.ActiveCfg = Debug|x64
		{CB203679-402C-4F42-9530-F2EAB8D2F8D8}.Debug|x64.Build.0 = Debug|x64
		{CB203679-402C-4F42-9530-F2EAB8D2F8D8}.Debug|x86.ActiveCfg = Debug|Win32
		{CB203679-402C-4F42-9530-F2EAB8D2F8D8}.Debug|x86.Build.0 = Debug|Win32
		{CB203679-402C-4F42-9530-F2EAB8D2F8D8}.Release|x64.ActiveCfg = Release|x64
		{CB203679-402C-4F42-9530-F2EAB8D2F8D8}.Release|x64.Build.0 = Release|x64
		{CB203679-402C-4F42-9530-F2EAB8D2F8D8}.Release|x86.ActiveCfg = Release|Win32
		{CB203679-402C-4F42-9530-F2EAB8D2F8D8}.Release|x86.Build.0 = Release|Win32
		{7254AD9D-946C-40D0-8F69-B8952892AB64}.Debug|x64.ActiveCfg = Debug|x64
		{7254AD9D-946C-40D0-8F69-B8952892AB64}.Debug|x64.Build.0 = Debug|x64
		{7254AD9D-946C-40D0-8F69-B8952892AB64}.Debug|x86.ActiveCfg = Debug|Win32
		{7254AD9D-946C-40D0-8F69-B8952892AB64}.Debug|x86.Build.0 = Debug|Win32
		{7254AD9D-946C-40D0-8F69-B8952892AB64}.Release|x64.ActiveCfg = Release|x64
		{7254AD9D-946C-40D0-8F69-B8952892AB64}.Release|x64.Build.0 = Release|x64
		{7254AD9D-946C-40D0-8F69-B8952892AB64}.Release|x86.ActiveCfg = Release|Win32
		{7254AD9D-946C-40D0-8F69-B8952892AB64}.Release|x86.Build.0 = Release|Win32
		{5294AC34-87C3-4276-8E84-522AEB5B574F}.Debug|x64.ActiveCfg = Debug|x64
		{5294AC34-87C3-4276-8E84-522AEB5B574F}.Debug|x64.Build.0 = Debug|x64
		{5294AC34-87C3-4276-8E84-522AEB5B574F}.Debug|x86.ActiveCfg = Debug|Win32
		{5294AC34-87C3-4276-8E84-522AEB5B574F}.Debug|x86.Build.0 = Debug|Win32
		{5294AC34-87C3-4276-8E84-522AEB5B574F}.Release|x64.ActiveCfg = Release|x64
		{5294AC34-87C3-4276-8E84-522AEB5B574F}.Release|x64.Build.0 = Release|x64
		{5294AC34-87C3-4276-8E84-522AEB5B574F}.Release|x86.ActiveCfg = Release|Win32
		{5294AC34-87C3-4276-8E84-522AEB5B574F}.Release|x86.Build.0 = Release|Win32
		{E88076A9-8240-49C2-9B9E-AD44B2863BBA}.Debug|x64.ActiveCfg = Debug|x64
		{E88076A9-8240-49C2-9B9E-AD44B2863BBA}.Debug|x64.Build.0 = Debug|x64
		{E88076A9-8240-49C2-9B9E-AD44B2863BBA}.Debug|x86.ActiveCfg = Debug|Win32
		{E88076A9-8240-49C2-9B9E-AD44B2863BBA}.Debug|x86.Build.0 = Debug|Win32
		{E88076A9-8240-49C2-9B9E-AD44B2863BBA}.Release|x64.ActiveCfg = Release|x64
		{E88076A9-8240-49C2-9B9E-AD44B2863BBA}.Release|x64.Build.0 = Release|x64
		{E88076A9-8240-49C2-9B9E-AD44B2863BBA}.Release|x86.ActiveCfg = Release|Win32
		{E88076A9-8240-49C2-9B9E-AD44B2863BBA}.Release|x86.Build.0 = Release|Win32
		{D72FCAA9-0E77-4E45-B9E5-AEC367A21460}.Debug|x64.ActiveCfg = Debug|x64
		{D72FCAA9-0E77-4E45-B9E5-AEC367A21460}.Debug|x64.Build.0 = Debug|x64
		{D72FCAA9-0E77-4E45-B9E5-AEC367A21460}.Debug|x86.ActiveCfg = Debug|Win32
		{D72FCAA9-0E77-4E45-B9E5-AEC367A21460}.Debug|x86.Build.0 = Debug|Win32
		{D72FCAA9-0E77-4E45-B9E5-AEC367A21460}.Release|x64.ActiveCfg = Release|x64
		{D72FCAA9-0E77-4E45-B9E5-AEC367A21460}.Release|x64.Build.0 = Release|x64
		{D72FCAA9-0E77-4E45-B9E5-AEC367A21460}.Release|x86.ActiveCfg = Release|Win32
		{D72FCAA9-0E77-4E45-B9E5-AEC367A21460}.Release|x86.Build.0 = Release|Win32
		{2D67B249-3CCC-4239-8271-92276340721A}.Debug|x64.ActiveCfg = Debug|x64
		{2D67B249-3CCC-4239-8271-92276340721A}.Debug|x64.Build.0 = Debug|x64
		{2D67B249-3CCC-4239-8271-92276340721A}.Debug|x86.ActiveCfg = Debug|Win32
		{2D67B249-3CCC-4239-8271-92276340721A}.Debug|x86.Build.0 = Debug|Win32
		{2D67B249-3CCC-4239-8271-92276340721A}.Release|x64.ActiveCfg = Release|x64
		{2D67B249-3CCC-4239-8271-92276340721A}.Release|x64.Build.0 = Release|x64
		{2D67B249-3CCC-4239-8271-92276340721A}.Release|x86.ActiveCfg = Release|Win32
		{2D67B249-3CCC-4239-8271-92276340721A}.Release|x86.Build.0 = Release|Win32
		{9B1F152A-320F-4F10-975A-C1CD3AF23CDE}.Debug|x64.ActiveCfg = Debug|x64
		{9B1F152A-320F-4F10-975A-C1CD3AF23CDE}.Debug|x64.Build.0 = Debug|x64
		{9B1F152A-320F-4F10-975A-C1CD3AF23CDE}.Debug|x86.ActiveCfg = Debug|Win32
		{9B1F152A-320F-4F10-975A-C1CD3AF23CDE}.Debug|x86.Build.0 = Debug|Win32
		{9B1F152A-320F-4F10-975A-C1CD3AF23CDE}.Release|x64.ActiveCfg = Release|x64
		{9B1F152A-320F-4F10-975A-C1CD3AF23CDE}.Release|x64.Build.0 = Release|x64
		{9B1F152A-320F-4F10-975A-C1CD3AF23CDE}.Release|x86.ActiveCfg = Release|Win32
		{9B1F152A-320F-4F10-975A-C1CD3AF23CDE}.Release|x86.Build.0 = Release|Win32
		{046F480E-AB42-42A6-8C52-7C48CDB700BD}.Debug|x64.ActiveCfg = Debug|x64
		{046F480E-AB42-42A6-8C52-7C48CDB700BD}.Debug|x64.Build.0 = Debug|x64
		{046F480E-AB42-42A6-8C52-7C48CDB700BD}.Debug|x86.ActiveCfg = Debug|Win32
		{046F480E-AB42-42A6-8C52-7C48CDB700BD}.Debug|x86.Build.0 = Debug|Win32
		{046F480E-AB42-42A6-8C52-7C48CDB700BD}.Release|x64.ActiveCfg = Release|x64
		{046F480E-AB42-42A6-8C52-7C48CDB700BD}.Release|x64.Build.0 = Release|x64
		{046F480E-AB42-42A6-8C52-7C48CDB700BD}.Release|x86.ActiveCfg = Release|Win32
		{046F480E-AB42-42A6-8C52-7C48CDB700BD}.Release|x86.Build.0 = Release|Win32
		{D645543E-3BE6-4DBA-8E83-25ED61E26BD4}.Debug|x64.ActiveCfg = Debug|x64
		{D645543E-3BE6-4DBA-8E83-25ED61E26BD4}.Debug|x64.Build.0 = Debug|x64
		{D645543E-3BE6-4DBA-8E83-25ED61E26BD4}.Debug|x86.ActiveCfg = Debug|Win32
		{D645543E-3BE6-4DBA-8E83-25ED61E26BD4}.Debug|x86.Build.0 = Debug|Win32
		{D645543E-3BE6-4DBA-8E83-25ED61E26BD4}.Release|x64.ActiveCfg = Release|x64
		{D645543E-3BE6-4DBA-8E83-25ED61E26BD4}.Release|x64.Build.0 = Release|x64
		{D645543E-3BE6-4DBA-8E83-25ED61E26BD4}.Release|x86.ActiveCfg = Release|Win32
		{D645543E-3BE6-4DBA-8E83-25ED61E26BD4}.Release|x86.Build.0 = Release|Win32
		{97461BE5-EF49-40FD-A6D6-829AD8E6756B}.Debug|x64.ActiveCfg = Debug|x64
		{97461BE5-EF49-40FD-A6D6-829AD8E6756B}.Debug|x64.Build.0 = Debug|x64
		{97461BE5-EF49-40FD-A6D6-829AD8E6756B}.Debug|x86.ActiveCfg = Debug|Win32
		{97461BE5-EF49-40FD-A6D6-829AD8E6756B}.Debug|x86.Build.0 = Debug|Win32
		{97461BE5-EF49-40FD-A6D6-829AD8E6756B}.Release|x64.ActiveCfg = Release|x64
		{97461BE5-EF49-40FD-A6D6-829AD8E6756B}.Release|x64.Build.0 = Release|x64
		{97461BE5-EF49-40FD-A6D6-829AD8E6756B}.Release|x86.ActiveCfg = Release|Win32
		{97461BE5-EF49-40FD-A6D6-829AD8E6756B}.Release|x86.Build.0 = Release|Win32
		{02D673E3-0CBC-43F2-84B2-4D7F0769997E}.Debug|x64.ActiveCfg = Debug|x64
		{02D673E3-0CBC-43F2-84B2-4D7F0769997E}.Debug|x64.Build.0 = Debug|x64
		{02D673E3-0CBC-43F2-84B2-4D7F0769997E}.Debug|x86.ActiveCfg = Debug|Win32
		{02D673E3-0CBC-43F2-84B2-4D7F0769997E}.Debug|x86.Build.0 = Debug|Win32
		{02D673E3-0CBC-43F2-84B2-4D7F0769997E}.Release|x64.ActiveCfg = Release|x64
		{02D673E3-0CBC-43F2-84B2-4D7F0769997E}.Release|x64.Build.0 = Release|x64
		{02D673E3-0CBC-43F2-84B2-4D7F0769997E}.Release|x86.ActiveCfg = Release|Win32
		{02D673E3-0CBC-43F2-84B2-4D7F0769997E}.Release|x86.Build.0 = Release|Win32
		{ED6A0D62-320D-4554-83FC-F2EBC5311862}.Debug|x64.ActiveCfg = Debug|x64
		{ED6A0D62-320D-4554-83FC-F2EBC5311862}.Debug|x64.Build.0 = Debug|x64
		{ED6A0D62-320D-4554-83FC-F2EBC5311862}.Debug|x86.ActiveCfg = Debug|Win32
		{ED6A0D62-320D-4554-83FC-F2EBC5311862}.Debug|x86.Build.0 = Debug|Win32
		{ED6A0D62-320D-4554-83FC-F2EBC5311862}.Release|x64.ActiveCfg = Release|x64
		{ED6A0D62-320D-4554-83FC-F2EBC5311862}.Release|x64.Build.0 = Release|x64
		{ED6A0D62-320D-4554-83FC-F2EBC5311862}.Release|x86.ActiveCfg = Release|Win32
		{ED6A0D62-320D-4554-83FC-F2EBC5311862}.Release|x86.Build.0 = Release|Win32
		{BE05156E-FE18-4157-BEC2-198A7B6C71F2}.Debug|x64.ActiveCfg = Debug|x64
		{BE05156E-FE18-4157-BEC2-198A7B6C71F2}.Debug|x64.Build.0 = Debug|x64
		{BE05156E-FE18-4157-BEC2-198A7B6C71F2}.Debug|x86.ActiveCfg = Debug|Win32
		{BE05156E-FE18-4157-BEC2-198A7B6C71F2}.Debug|x86.Build.0 = Debug|Win32
		{BE05156E-FE18-4157-BEC2-198A7B6C71F2}.Release|x64.ActiveCfg = Release|x64
		{BE05156E-FE18-4157-BEC2-198A7B6C71F2}.Release|x64.Build.0 = Release|x64
		{BE05156E-FE18-4157-BEC2-198A7B6C71F2}.Release|x86.ActiveCfg = Release|Win32
		{BE05156E-FE18-4157-BEC2-198A7B6C71F2}.Release|x86.Build.0 = Release|Win32
		{814FE93E-E224-4A57-840C-18BD248FCEF2}.Debug|x64.ActiveCfg = Debug|x64
		{814FE93E-E224-4A57-840C-18BD248FCEF2}.Debug|x64.Build.0 = Debug|x64
		{814FE93E-E224-4A57-840C-18BD248FCEF2}.Debug|x86.ActiveCfg = Debug|Win32
		{814FE93E-E224-4A57-840C-18BD248FCEF2}.Debug|x86.Build.0 = Debug|Win32
		{814FE93E-E224-4A57-840C-18BD248FCEF2}.Release|x64.ActiveCfg = Release|x64
		{814FE93E-E224-4A57-840C-18BD248FCEF2}.Release|x64.Build.0 = Release|x64
		{814FE93E-E224-4A57-840C-18BD248FCEF2}.Release|x86.ActiveCfg = Release|Win32
		{814FE93E-E224-4A57-840C-18BD248FCEF2}.Release|x86.Build.0 = Release|Win32
		{735AC6DC-DAB9-4D3C-8EAC-F0BDA43DC82A}.Debug|x64.ActiveCfg = Debug|x64
		{735AC6DC-DAB9-4D3C-8EAC-F0BDA43DC82A}.Debug|x64.Build.0 = Debug|x64
		{735AC6DC-DAB9-4D3C-8EAC-F0BDA43DC82A}.Debug|x86.ActiveCfg = Debug|Win32
		{735AC6DC-DAB9-4D3C-8EAC-F0BDA43DC82A}.Debug|x86.Build.0 = Debug|Win32
		{735AC6DC-DAB9-4D3C-8EAC-F0BDA43DC82A}.Release|x64.ActiveCfg = Release|x64
		{735AC6DC-DAB9-4D3C-8EAC-F0BDA43DC82A}.Release|x64.Build.0 = Release|x64
		{735AC6DC-DAB9-4D3C-8EAC-F0BDA43DC82A}.Release|x86.ActiveCfg = Release|Win32
		{735AC6DC-DAB9-4D3C-8EAC-F0BDA43DC82A}.Release|x86.Build.0 = Release|Win32
		{9D35EF9B-0093-47D2-A540-AF65EA64B1DA}.Debug|x64.ActiveCfg = Debug|x64
		{9D35EF9B-0093-47D2-A540-AF65EA64B1DA}.Debug|x64.Build.0 = Debug|x64
		{9D35EF9B-0093-47D2-A540-AF65EA64B1DA}.Debug|x86.ActiveCfg = Debug|Win32
		{9D35EF9B-0093-47D2-A540-AF65EA64B1DA}.Debug|x86.Build.0 = Debug|Win32
		{9D35EF9B-0093-47D2-A540-AF65EA64B1DA}.Release|x64.ActiveCfg = Release|x64
		{9D35EF9B-0093-47D2-A540-AF65EA64B1DA}.Release|x64.Build.0 = Release|x64
		{9D35EF9B-0093-47D2-A540-AF65EA64B1DA}.Release|x86.ActiveCfg = Release|Win32
		{9D35EF9B-0093-47D2-A540-AF65EA64B1DA}.Release|x86.Build.0 = Release|Win32
		{DB0C8B09-B876-4224-B10C-4ABB681D8C24}.Debug|x64.ActiveCfg = Debug|x64
		{DB0C8B09-B876-4224-B10C-4ABB681D8C24}.Debug|x64.Build.0 = Debug|x64
		{DB0C8B09-B876-4224-B10C-4ABB681D8C24}.Debug|x86.ActiveCfg = Debug|Win32
		{DB0C8B09-B876-4224-B10C-4ABB681D8C24}.Debug|x86.Build.0 = Debug|Win32
		{DB0C8B09-B876-4224-B10C-4ABB681D8C24}.Release|x64.ActiveCfg = Release|x64
		{DB0C8B09-B876-4224-B10C-4ABB681D8C24}.Release|x64.Build.0 = Release|x64
		{DB0C8B09-B876-4224-B10C-4ABB681D8C24}.Release|x86.ActiveCfg = Release|Win32
		{DB0C8B09-B876-4224-B10C-4ABB681D8C24}.Release|x86.Build.0 = Release|Win32
		{E9F4A25F-B62D-4EB8-8DA6-ADBB1730A55A}.Debug|x64.ActiveCfg = Debug|x64
		{E9F4A25F-B62D-4EB8-8DA6-ADBB1730A55A}.Debug|x64.Build.0 = Debug|x64
		{E9F4A25F-B62D-4EB8-8DA6-ADBB1730A55A}.Debug|x86.ActiveCfg = Debug|Win32
		{E9F4A25F-B62D-4EB8-8DA6-ADBB1730A55A}.Debug|x86.Build.0 = Debug|Win32
		{E9F4A25F-B62D-4EB8-8DA6-ADBB1730A55A}.Release|x64.ActiveCfg = Release|x64
		{E9F4A25F-B62D-4EB8-8DA6-ADBB1730A55A}.Release|x64.Build.0 = Release|x64
		{E9F4A25F-B62D-4EB8-8DA6-ADBB1730A55A}.Release|x86.ActiveCfg = Release|Win32
		{E9F4A25F-B62D-4EB8-8DA6-ADBB1730A55A}.Release|x86.Build.0 = Release|Win32
		{FFD2E98B-79F6-4AAF-A872-1D47C6F69680}.Debug|x64.ActiveCfg = Debug|x64
		{FFD2E98B-79F6-4AAF-A872-1D47C6F69680}.Debug|x64.Build.0 = Debug|x64
		{FFD2E98B-79F6-4AAF-A872-1D47C6F69680}.Debug|x86.ActiveCfg = Debug|Win32
		{FFD2E98B-79F6-4AAF-A872-1D47C6F69680}.Debug|x86.Build.0 = Debug|Win32
		{FFD2E98B-79F6-4AAF-A872-1D47C6F69680}.Release|x64.ActiveCfg = Release|x64
		{FFD2E98B-79F6-4AAF-A872-1D47C6F69680}.Release|x64.Build.0 = Release|x64
		{FFD2E98B-79F6-4AAF-A872-1D47C6F69680}.Release|x86.ActiveCfg = Release|Win32
		{FFD2E98B-79F6-4AAF-A872-1D47C6F69680}.Release|x86.Build.0 = Release|Win32
		{BD22347C-E0E0-4F2A-ABE5-DC94C1CB2B6F}.Debug|x64.ActiveCfg = Debug|x64
		{BD22347C-E0E0-4F2A-ABE5-DC94C1CB2B6F}.Debug|x64.Build.0 = Debug|x64
		{BD22347C-E0E0-4F2A-ABE5-DC94C1CB2B6F}.Debug|x86.ActiveCfg = Debug|Win32
		{BD22347C-E0E0-4F2A-ABE5-DC94C1CB2B6F}.Debug|x86.Build.0 = Debug|Win32
		{BD22347C-E0E0-4F2A-ABE5-DC94C1CB2B6F}.Release|x64.ActiveCfg = Release|x64
		{BD22347C-E0E0-4F2A-ABE5-DC94C1CB2B6F}.Release|x64.Build.0 = Release|x64
		{BD22347C-E0E0-4F2A-ABE5-DC94C1CB2B6F}.Release|x86.ActiveCfg = Release|Win32
		{BD22347C-E0E0-4F2A-ABE5-DC94C1CB2B6F}.Release|x86.Build.0 = Release|Win32
		{66ED2D45-9D68-425D-9BEE-D44909350CC1}.Debug|x64.ActiveCfg = Debug|x64
		{66ED2D45-9D68-425D-9BEE-D44909350CC1}.Debug|x64.Build.0 = Debug|x64
		{66ED2D45-9D68-425D-9BEE-D44909350CC1}.Debug|x86.ActiveCfg = Debug|Win32
		{66ED2D45-9D68-425D-9BEE-D44909350CC1}.Debug|x86.Build.0 = Debug|Win32
		{66ED2D45-9D68-425D-9BEE-D44909350CC1}.Release|x64.ActiveCfg = Release|x64
		{66ED2D45-9D68-425D-9BEE-D44909350CC1}.Release|x64.Build.0 = Release|x64
		{66ED2D45-9D68-425D-9BEE-D44909350CC1}.Release|x86.ActiveCfg = Release|Win32
		{66ED2D45-9D68-425D-9BEE-D44909350CC1}.Release|x86.Build.0 = Release|Win32
		{D4273506-E182-46DD-A156-4B4C99EFD085}.Debug|x64.ActiveCfg = Debug|x64
		{D4273506-E182-46DD-A156-4B4C99EFD085}.Debug|x64.Build.0 = Debug|x64
		{D4273506-E182-46DD-A156-4B4C99EFD085}.Debug|x86.ActiveCfg = Debug|Win32
		{D4273506-E182-46DD-A156-4B4C99EFD085}.Debug|x86.Build.0 = Debug|Win32
		{D4273506-E182-46DD-A156-4B4C99EFD085}.Release|x64.ActiveCfg = Release|x64
		{D4273506-E182-46DD-A156-4B4C99EFD085}.Release|x64.Build.0 = Release|x64
		{D4273506-E182-46DD-A156-4B4C99EFD085}.Release|x86.ActiveCfg = Release|Win32
		{D4273506-E182-46DD-A156-4B4C99EFD085}.Release|x86.Build.0 = Release|Win32
		{C5C40FA2-D491-4EC7-993B-17FC9CB57850}.Debug|x64.ActiveCfg = Debug|x64
		{C5C40FA2-D491-4EC7-993B-17FC9CB57850}.Debug|x64.Build.0 = Debug|x64
		{C5C40FA2-D491-4EC7-993B-17FC9CB57850}.Debug|x86.ActiveCfg = Debug|Win32
		{C5C40FA2-D491-4EC7-993B-17FC9CB57850}.Debug|x86.Build.0 = Debug|Win32
		{C5C40FA2-D491-4EC7-993B-17FC9CB57850}.Release|x64.ActiveCfg = Release|x64
		{C5C40FA2-D491-4EC7-993B-17FC9CB57850}.Release|x64.Build.0 = Release|x64
		{C5C40FA2-D491-4EC7-993B-17FC9CB57850}.Release|x86.ActiveCfg = Release|Win32
		{C5C40FA2-D491-4EC7-993B-17FC9CB57850}.Release|x86.Build.0 = Release|Win32
		{99A87646-E890-410D-875F-FB2F49994D56}.Debug|x64.ActiveCfg = Debug|x64
		{99A87646-E890-410D-875F-FB2F49994D56}.Debug|x64.Build.0 = Debug|x64
		{99A87646-E890-410D-875F-FB2F49994D56}.Debug|x86.ActiveCfg = Debug|Win32
		{99A87646-E890-410D-875F-FB2F49994D56}.Debug|x86.Build.0 = Debug|Win32
		{99A87646-E890-410D-875F-FB2F49994D56}.Release|x64.ActiveCfg = Release|x64
		{99A87646-E890-410D-875F-FB2F49994D56}.Release|x64.Build.0 = Release|x64
		{99A87646-E890-410D-875F-FB2F49994D56}.Release|x86.ActiveCfg = Release|Win32
		{99A87646-E890-410D-875F-FB2F49994D56}.Release|x86.Build.0 = Release|Win32
		{46673F0D-6707-44E1-A800-26CE31E4DC45}.Debug|x64.ActiveCfg = Debug|x64
		{46673F0D-6707-44E1-A800-26CE31E4DC45}.Debug|x64.Build.0 = Debug|x64
		{46673F0D-6707-44E1-A800-26CE31E4DC45}.Debug|x86.ActiveCfg = Debug|Win32
		{46673F0D-6707-44E1-A800-26CE31E4DC45}.Debug|x86.Build.0 = Debug|Win32
		{46673F0D-6707-44E1-A800-26CE31E4DC45}.Release|x64.ActiveCfg = Release|x64
		{46673F0D-6707-44E1-A800-26CE31E4DC45}.Release|x64.Build.0 = Release|x64
		{46673F0D-6707-44E1-A800-26CE31E4DC45}.Release|x86.ActiveCfg = Release|Win32
		{46673F0D-6707-44E1-A800-26CE31E4DC45}.Release|x86.Build.0 = Release|Win32
		{2D25E123-0882-44A9-8B47-BE56D424449B}.Debug|x64.ActiveCfg = Debug|x64
		{2D25E123-0882-44A9-8B47-BE56D424449B}.Debug|x64.Build.0 = Debug|x64
		{2D25E123-0882-44A9-8B47-BE56D424449B}.Debug|x86.ActiveCfg = Debug|Win32
		{2D25E123-0882-44A9-8B47-BE56D424449B}.Debug|x86.Build.0 = Debug|Win32
		{2D25E123-0882-44A9-8B47-BE56D424449B}.Release|x64.ActiveCfg = Release|x64
		{2D25E123-0882-44A9-8B47-BE56D424449B}.Release|x64.Build.0 = Release|x64
		{2D25E123-0882-44A9-8B47-BE56D424449B}.Release|x86.ActiveCfg = Release|Win32
		{2D25E123-0882-44A9-8B47-BE56D424449B}.Release|x86.Build.0 = Release|Win32
		{C6EB94E6-A0C6-481A-90EA-EC8AB792BE33}.Debug|x64.ActiveCfg = Debug|x64
		{C6EB94E6-A0C6-481A-90EA-EC8AB792BE33}.Debug|x64.Build.0 = Debug|x64
		{C6EB94E6-A0C6-481A-90EA-EC8AB792BE33}.Debug|x86.ActiveCfg = Debug|Win32
		{C6EB94E6-A0C6-481A-90EA-EC8AB792BE33}.Debug|x86.Build.0 = Debug|Win32
		{C6EB94E6-A0C6-481A-90EA-EC8AB792BE33}.Release|x64.ActiveCfg = Release|x64
		{C6EB94E6-A0C6-481A-90EA-EC8AB792BE33}.Release|x64.Build.0 = Release|x64
		{C6EB94E6-A0C6-481A-90EA-EC8AB792BE33}.Release|x86.ActiveCfg = Release|Win32
		{C6EB94E6-A0C6-481A-90EA-EC8AB792BE33}.Release|x86.Build.0 = Release|Win32
		{B651ABBE-C952-4445-AF19-6681420E15F6}.Debug|x64.ActiveCfg = Debug|x64
		{B651ABBE-C952-4445-AF19-6681420E15F6}.Debug|x64.Build.0 = Debug|x64
		{B651ABBE-C952-4445-AF19-6681420E15F6}.Debug|x86.ActiveCfg = Debug|Win32
		{B651ABBE-C952-4445-AF19-6681420E15F6}.Debug|x86.Build.0 = Debug|Win32
		{B651ABBE-C952-4445-AF19-6681420E15F6}.Release|x64.ActiveCfg = Release|x64
		{B651ABBE-C952-4445-AF19-6681420E15F6}.Release|x64.Build.0 = Release|x64
		{B651ABBE-C952-4445-AF19-6681420E15F6}.Release|x86.ActiveCfg = Release|Win32
		{B651ABBE-C952-4445-AF19-6681420E15F6}.Release|x86.Build.0 = Release|Win32
		{6F3F1DA4-C567-47EF-A176-733694FF18BE}.Debug|x64.ActiveCfg = Debug|x64
		{6F3F1DA4-C567-47EF-A176-733694FF18BE}.Debug|x64.Build.0 = Debug|x64
		{6F3F1DA4-C567-47EF-A176-733694FF18BE}.Debug|x86.ActiveCfg = Debug|Win32
		{6F3F1DA4-C567-47EF-A176-733694FF18BE}.Debug|x86.Build.0 = Debug|Win32
		{6F3F1DA4-C567-47EF-A176-733694FF18BE}.Release|x64.ActiveCfg = Release|x64
		{6F3F1DA4-C567-47EF-A176-733694FF18BE}.Release|x64.Build.0 = Release|x64
		{6F3F1DA4-C567-47EF-A176-733694FF18BE}.Release|x86.ActiveCfg = Release|Win32
		{6F3F1DA4-C567-47EF-A176-733694FF18BE}.Release|x86.Build.0 = Release|Win32
		{B20A0A8F-DBF6-43E3-9FA9-C8978A2183C7}.Debug|x64.ActiveCfg = Debug|x64
		{B20A0A8F-DBF6-43E3-9FA9-C8978A2183C7}.Debug|x64.Build.0 = Debug|x64
		{B20A0A8F-DBF6-43E3-9FA9-C8978A2183C7}.Debug|x86.ActiveCfg = Debug|Win32
		{B20A0A8F-DBF6-43E3-9FA9-C8978A2183C7}.Debug|x86.Build.0 = Debug|Win32
		{B20A0A8F-DBF6-43E3-9FA9-C8978A2183C7}.Release|x64.ActiveCfg = Release|x64
		{B20A0A8F-DBF6-43E3-9FA9-C8978A2183C7}.Release|x64.Build.0 = Release|x64
		{B20A0A8F-DBF6-43E3-9FA9-C8978A2183C7}.Release|x86.ActiveCfg = Release|Win32
		{B20A0A8F-DBF6-43E3-9FA9-C8978A2183C7}.Release|x86.Build.0 = Release|Win32
		{5A2E04F2-13C4-4CC4-ADED-F68B47ACE2DF}.Debug|x64.ActiveCfg = Debug|x64
		{5A2E04F2-13C4-4CC4-ADED-F68B47ACE2DF}.Debug|x64.Build.0 = Debug|x64
		{5A2E04F2-13C4-4CC4-ADED-F68B47ACE2DF}.Debug|x86.ActiveCfg = Debug|Win32
		{5A2E04F2-13C4-4CC4-ADED-F68B47ACE2DF}.Debug|x86.Build.0 = Debug|Win32
		{5A2E04F2-13C4-4CC4-ADED-F68B47ACE2DF}.Release|x64.ActiveCfg = Release|x64
		{5A2E04F2-13C4-4CC4-ADED-F68B47ACE2DF}.Release|x64.Build.0 = Release|x64
		{5A2E04F2-13C4-4CC4-ADED-F68B47ACE2DF}.Release|x86.ActiveCfg = Release|Win32
		{5A2E04F2-13C4-4CC4-ADED-F68B47ACE2DF}.Release|x86.Build.0 = Release|Win32
		{8259F2E8-5F9D-4F7A-B537-6C0832DE7B61}.Debug|x64.ActiveCfg = Debug|x64
		{8259F2E8-5F9D-4F7A-B537-6C0832DE7B61}.Debug|x64.Build.0 = Debug|x64
		{8259F2E8-5F9D-4F7A-B537-6C0832DE7B61}.Debug|x86.ActiveCfg = Debug|Win32
		{8259F2E8-5F9D-4F7A-B537-6C0832DE7B61}.Debug|x86.Build.0 = Debug|Win32
		{8259F2E8-5F9D-4F7A-B537-6C0832DE7B61}.Release|x64.ActiveCfg = Release|x64
		{8259F2E8-5F9D-4F7A-B537-6C0832DE7B61}.Release|x64.Build.0 = Release|x64
		{8259F2E8-5F9D-4F7A-B537-6C0832DE7B61}.Release|x86.ActiveCfg = Release|Win32
		{8259F2E8-5F9D-4F7A-B537-6C0832DE7B61}.Release|x86.Build.0 = Release|Win32
		{2E5CA04F-BE22-4FC8-BA61-3098FA6D2E27}.Debug|x64.ActiveCfg = Debug|x64
		{2E5CA04F-BE22-4FC8-BA61-3098FA6D2E27}.Debug|x64.Build.0 = Debug|x64
		{2E5CA04F-BE22-4FC8-BA61-3098FA6D2E27}.Debug|x86.ActiveCfg = Debug|Win32
		{2E5CA04F-BE22-4FC8-BA61-3098FA6D2E27}.Debug|x86.Build.0 = Debug|Win32
		{2E5CA04F-BE22-4FC8-BA61-3098FA6D2E27}.Release|x64.ActiveCfg = Release|x64
		{2E5CA04F-BE22-4FC8-BA61-3098FA6D2E27}.Release|x64.Build.0 = Release|x64
		{2E5CA04F-BE22-4FC8-BA61-3098FA6D2E27}.Release|x86.ActiveCfg = Release|Win32
		{2E5CA04F-BE22-4FC8-BA61-3098FA6D2E27}.Release|x86.Build.0 = Release|Win32
		{F10CD243-7884-4C8A-AF46-0E97308C0FF0}.Debug|x64.ActiveCfg = Debug|x64
		{F10CD243-7884-4C8A-AF46-0E97308C0FF0}.Debug|x64.Build.0 = Debug|x64
		{F10CD243-7884-4C8A-AF46-0E97308C0FF0}.Debug|x86.ActiveCfg = Debug|Win32
		{F10CD243-7884-4C8A-AF46-0E97308C0FF0}.Debug|x86.Build.0 = Debug|Win32
		{F10CD243-7884-4C8A-AF46-0E97308C0FF0}.Release|x64.ActiveCfg = Release|x64
		{F10CD243-7884-4C8A-AF46-0E97308C0FF0}.Release|x64.Build.0 = Release|x64
		{F10CD243-7884-4C8A-AF46-0E97308C0FF0}.Release|x86.ActiveCfg = Release|Win32
		{F10CD243-7884-4C8A-AF46-0E97308C0FF0}.Release|x86.Build.0 = Release|Win32
		{290A2C6E-7EFE-43E6-B1BF-36247BFFD9B5}.Debug|x64.ActiveCfg = Debug|x64
		{290A2C6E-7EFE-43E6-B1BF-36247BFFD9B5}.Debug|x64.Build.0 = Debug|x64
		{290A2C6E-7EFE-43E6-B1BF-36247BFFD9B5}.Debug|x86.ActiveCfg = Debug|Win32
		{290A2C6E-7EFE-43E6-B1BF-36247BFFD9B5}.Debug|x86.Build.0 = Debug|Win32
		{290A2C6E-7EFE-43E6-B1BF-36247BFFD9B5}.Release|x64.ActiveCfg = Release|x64
		{290A2C6E-7EFE-43E6-B1BF-36247BFFD9B5}.Release|x64.Build.0 = Release|x64
		{290A2C6E-7EFE-43E6-B1BF-36247BFFD9B5}.Release|x86.ActiveCfg = Release|Win32
		{290A2C6E-7EFE-43E6-B1BF-36247BFFD9B5}.Release|x86.Build.0 = Release|Win32
		{1411000A-36F8-4DC7-B185-3D1323DDB931}.Debug|x64.ActiveCfg = Debug|x64
		{1411000A-36F8-4DC7-B185-3D1323DDB931}.Debug|x64.Build.0 = Debug|x64
		{1411000A-36F8-4DC7-B185-3D1323DDB931}.Debug|x86.ActiveCfg = Debug|Win32
		{1411000A-36F8-4DC7-B185-3D1323DDB931}.Debug|x86.Build.0 = Debug|Win32
		{1411000A-36F8-4DC7-B185-3D1323DDB931}.Release|x64.ActiveCfg = Release|x64
		{1411000A-36F8-4DC7-B185-3D1323DDB931}.Release|x64.Build.0 = Release|x64
		{1411000A-36F8-4DC7-B185-3D1323DDB931}.Release|x86.ActiveCfg = Release|Win32
		{1411000A-36F8-4DC7-B185-3D1323DDB931}.Release|x86.Build.0 = Release|Win32
		{C364AC58-9F6A-4D0C-87F3-1036D4AAA625}.Debug|x64.ActiveCfg = Debug|x64
		{C364AC58-9F6A-4D0C-87F3-1036D4AAA625}.Debug|x64.Build.0 = Debug|x64
		{C364AC58-9F6A-4D0C-87F3-1036D4AAA625}.Debug|x86.ActiveCfg = Debug|Win32
		{C364AC58-9F6A-4D0C-87F3-1036D4AAA625}.Debug|x86.Build.0 = Debug|Win32
		{C364AC58-9F6A-4D0C-87F3-1036D4AAA625}.Release|x64.ActiveCfg = Release|x64
		{C364AC58-9F6A-4D0C-87F3-1036D4AAA625}.Release|x64.Build.0 = Release|x64
		{C364AC58-9F6A-4D0C-87F3-1036D4AAA625}.Release|x86.ActiveCfg = Release|Win32
		{C364AC58-9F6A-4D0C-87F3-1036D4AAA625}.Release|x86.Build.0 = Release|Win32
		{2DD18D63-3AD7-4A07-9D2D-AC516F8820B7}.Debug|x64.ActiveCfg = Debug|x64
		{2DD18D63-3AD7-4A07-9D2D-AC516F8820B7}.Debug|x64.Build.0 = Debug|x64
		{2DD18D63-3AD7-4A07-9D2D-AC516F8820B7}.Debug|x86.ActiveCfg = Debug|Win32
		{2DD18D63-3AD7-4A07-9D2D-AC516F8820B7}.Debug|x86.Build.0 = Debug|Win32
		{2DD18D63-3AD7-4A07-9D2D-AC516F8820B7}.Release|x64.ActiveCfg = Release|x64
		{2DD18D63-3AD7-4A07-9D2D-AC516F8820B7}.Release|x64.Build.0 = Release|x64
		{2DD18D63-3AD7-4A07-9D2D-AC516F8820B7}.Release|x86.ActiveCfg = Release|Win32
		{2DD18D63-3AD7-4A07-9D2D-AC516F8820B7}.Release|x86.Build.0 = Release|Win32
		{8194A520-8CD3-47C2-8DE4-5744BF7787C0}.Debug|x64.ActiveCfg = Debug|x64
		{8194A520-8CD3-47C2-8DE4-5744BF7787C0}.Debug|x64.Build.0 = Debug|x64
		{8194A520-8CD3-47C2-8DE4-5744BF7787C0}.Debug|x86.ActiveCfg = Debug|Win32
		{8194A520-8CD3-47C2-8DE4-5744BF7787C0}.Debug|x86.Build.0 = Debug|Win32
		{8194A520-8CD3-47C2-8DE4-5744BF7787C0}.Release|x64.ActiveCfg = Release|x64
		{8194A520-8CD3-47C2-8DE4-5744BF7787C0}.Release|x64.Build.0 = Release|x64
		{8194A520-8CD3-47C2-8DE4-5744BF7787C0}.Release|x86.ActiveCfg = Release|Win32
		{8194A520-8CD3-47C2-8DE4-5744BF7787C0}.Release|x86.Build.0 = Release|Win32
		{9E7A1A7F-5A8E-4811-950E-ECFDD970C1D8}.Debug|x64.ActiveCfg = Debug|x64
		{9E7A1A7F-5A8E-4811-950E-ECFDD970C1D8}.Debug|x64.Build.0 = Debug|x64
		{9E7A1A7F-5A8E-4811-950E-ECFDD970C1D8}.Debug|x86.ActiveCfg = Debug|Win32
		{9E7A1A7F-5A8E-4811-950E-ECFDD970C1D8}.Debug|x86.Build.0 = Debug|Win32
		{9E7A1A7F-5A8E-4811-950E-ECFDD970C1D8}.Release|x64.ActiveCfg = Release|x64
		{9E7A1A7F-5A8E-4811-950E-ECFDD970C1D8}.Release|x64.Build.0 = Release|x64
		{9E7A1A7F-5A8E-4811-950E-ECFDD970C1D8}.Release|x86.ActiveCfg = Release|Win32
		{9E7A1A7F-5A8E-4811-950E-ECFDD970C1D8}.Release|x86.Build.0 = Release|Win32
		{187CA64D-E9FF-4050-A1FC-D3B9D8CAA19C}.Debug|x64.ActiveCfg = Debug|x64
		{187CA64D-E9FF-4050-A1FC-D3B9D8CAA19C}.Debug|x64.Build.0 = Debug|x64
		{187CA64D-E9FF-4050-A1FC-D3B9D8CAA19C}.Debug|x86.ActiveCfg = Debug|Win32
		{187CA64D-E9FF-4050-A1FC-D3B9D8CAA19C}.Debug|x86.Build.0 = Debug|Win32
		{187CA64D-E9FF-4050-A1FC-D3B9D8CAA19C}.Release|x64.ActiveCfg = Release|x64
		{187CA64D-E9FF-4050-A1FC-D3B9D8CAA19C}.Release|x64.Build.0 = Release|x64
		{187CA64D-E9FF-4050-A1FC-D3B9D8CAA19C}.Release|x86.ActiveCfg = Release|Win32
		{187CA64D-E9FF-4050-A1FC-D3B9D8CAA19C}.Release|x86.Build.0 = Release|Win32
		{1E9141F1-8AB8-4E7E-BA52-ABB02856303A}.Debug|x64.ActiveCfg = Debug|x64
		{1E9141F1-8AB8-4E7E-BA52-ABB02856303A}.Debug|x64.Build.0 = Debug|x64
		{1E9141F1-8AB8-4E7E-BA52-ABB02856303A}.Debug|x86.ActiveCfg = Debug|Win32
		{1E9141F1-8AB8-4E7E-BA52-ABB02856303A}.Debug|x86.Build.0 = Debug|Win32
		{1E9141F1-8AB8-4E7E-BA52-ABB02856303A}.Release|x64.ActiveCfg = Release|x64
		{1E9141F1-8AB8-4E7E-BA52-ABB02856303A}.Release|x64.Build.0 = Release|x64
		{1E9141F1-8AB8-4E7E-BA52-ABB02856303A}.Release|x86.ActiveCfg = Release|Win32
		{1E9141F1-8AB8-4E7E-BA52-ABB02856303A}.Release|x86.Build.0 = Release|Win32
		{DF9DF2DB-CA8A-4D8A-83D7-54160AB791D5}.Debug|x64.ActiveCfg = Debug|x64
		{DF9DF2DB-CA8A-4D8A-83D7-54160AB791D5}.Debug|x64.Build.0 = Debug|x64
		{DF9DF2DB-CA8A-4D8A-83D7-54160AB791D5}.Debug|x86.ActiveCfg = Debug|Win32
		{DF9DF2DB-CA8A-4D8A-83D7-54160AB791D5}.Debug|x86.Build.0 = Debug|Win32
		{DF9DF2DB-CA8A-4D8A-83D7-54160AB791D5}.Release|x64.ActiveCfg = Release|x64
		{DF9DF2DB-CA8A-4D8A-83D7-54160AB791D5}.Release|x64.Build.0 = Release|x64
		{DF9DF2DB-CA8A-4D8A-83D7-54160AB791D5}.Release|x86.ActiveCfg = Release|Win32
		{DF9DF2DB-CA8A-4D8A-83D7-54160AB791D5}.Release|x86.Build.0 = Release|Win32
		{44B814B3-4081-4DE6-A77A-1BDCE7C51B77}.Debug|x64.ActiveCfg = Debug|x64
		{44B814B3-4081-4DE6-A77A-1BDCE7C51B77}.Debug|x64.Build.0 = Debug|x64
		{44B814B3-4081-4DE6-A77A-1BDCE7C51B77}.Debug|x86.ActiveCfg = Debug|Win32
		{44B814B3-4081-4DE6-A77A-1BDCE7C51B77}.Debug|x86.Build.0 = Debug|Win32
		{44B814B3-4081-4DE6-A77A-1BDCE7C51B77}.Release|x64.ActiveCfg = Release|x64
		{44B814B3-4081-4DE6-A77A-1BDCE7C51B77}.Release|x64.Build.0 = Release|x64
		{44B814B3-4081-4DE6-A77A-1BDCE7C51B77}.Release|x86.ActiveCfg = Release|Win32
		{44B814B3-4081-4DE6-A77A-1BDCE7C51B77}.Release|x86.Build.0 = Release|Win32
		{A84BE52C-F97E-4E1B-B5D9-EB0123F281CE}.Debug|x64.ActiveCfg = Debug|x64
		{A84BE52C-F97E-4E1B-B5D9-EB0123F281CE}.Debug|x64.Build.0 = Debug|x64
		{A84BE52C-F97E-4E1B-B5D9-EB0123F281CE}.Debug|x86.ActiveCfg = Debug|Win32
		{A84BE52C-F97E-4E1B-B5D9-EB0123F281CE}.Debug|x86.Build.0 = Debug|Win32
		{A84BE52C-F97E-4E1B-B5D9-EB0123F281CE}.Release|x64.ActiveCfg = Release|x64
		{A84BE52C-F97E-4E1B-B5D9-EB0123F281CE}.Release|x64.Build.0 = Release|x64
		{A84BE52C-F97E-4E1B-B5D9-EB0123F281CE}.Release|x86.ActiveCfg = Release|Win32
		{A84BE52C-F97E-4E1B-B5D9-EB0123F281CE}.Release|x86.Build.0 = Release|Win32
		{47B460CD-A0DD-44CB-8DFE-E661CF386019}.Debug|x64.ActiveCfg = Debug|x64
		{47B460CD-A0DD-44CB-8DFE-E661CF386019}.Debug|x64.Build.0 = Debug|x64
		{47B460CD-A0DD-44CB-8DFE-E661CF386019}.Debug|x86.ActiveCfg = Debug|Win32
		{47B460CD-A0DD-44CB-8DFE-E661CF386019}.Debug|x86.Build.0 = Debug|Win32
		{47B460CD-A0DD-44CB-8DFE-E661CF386019}.Release|x64.ActiveCfg = Release|x64
		{47B460CD-A0DD-44CB-8DFE-E661CF386019}.Release|x64.Build.0 = Release|x64
		{47B460CD-A0DD-44CB-8DFE-E661CF386019}.Release|x86.ActiveCfg = Release|Win32
		{47B460CD-A0DD-44CB-8DFE-E661CF386019}.Release|x86.Build.0 = Release|Win32
		{4D72B595-252F-432D-84AF-58E8C6CDE369}.Debug|x64.ActiveCfg = Debug|x64
		{4D72B595-252F-432D-84AF-58E8C6CDE369}.Debug|x64.Build.0 = Debug|x64
		{4D72B595-252F-432D-84AF-58E8C6CDE369}.Debug|x86.ActiveCfg = Debug|Win32
		{4D72B595-252F-432D-84AF-58E8C6CDE369}.Debug|x86.Build.0 = Debug|Win32
		{4D72B595-252F-432D-84AF-58E8C6CDE369}.Release|x64.ActiveCfg = Release|x64
		{4D72B595-252F-432D-84AF-58E8C6CDE369}.Release|x64.Build.0 = Release|x64
		{4D72B595-252F-432D-84AF-58E8C6CDE369}.Release|x86.ActiveCfg = Release|Win32
		{4D72B595-252F-432D-84AF-58E8C6CDE369}.Release|x86.Build.0 = Release|Win32
		{C47BAC04-18DA-438F-9569-A7ABB41C3A4A}.Debug|x64.ActiveCfg = Debug|x64
		{C47BAC04-18DA-438F-9569-A7ABB41C3A4A}.Debug|x64.Build.0 = Debug|x64
		{C47BAC04-18DA-438F-9569-A7ABB41C3A4A}.Debug|x86.ActiveCfg = Debug|Win32
		{C47BAC04-18DA-438F-9569-A7ABB41C3A4A}.Debug|x86.Build.0 = Debug|Win32
		{C47BAC04-18DA-438F-9569-A7ABB41C3A4A}.Release|x64.ActiveCfg = Release|x64
		{C47BAC04-18DA-438F-9569-A7ABB41C3A4A}.Release|x64.Build.0 = Release|x64
		{C47BAC04-18DA-438F-9569-A7ABB41C3A4A}.Release|x86.ActiveCfg = Release|Win32
		{C47BAC04-18DA-438F-9569-A7ABB41C3A4A}.Release|x86.Build.0 = Release|Win32
		{E63D670F-B724-48E6-8FE8-1BC8BB22EEA9}.Debug|x64.ActiveCfg = Debug|x64
		{E63D670F-B724-48E6-8FE8-1BC8BB22EEA9}.Debug|x64.Build.0 = Debug|x64
		{E63D670F-B724-48E6-8FE8-1BC8BB22EEA9}.Debug|x86.ActiveCfg = Debug|Win32
		{E63D670F-B724-48E6-8FE8-1BC8BB22EEA9}.Debug|x86.Build.0 = Debug|Win32
		{E63D670F-B724-48E6-8FE8-1BC8BB22EEA9}.Release|x64.ActiveCfg = Release|x64
		{E63D670F-B724-48E6-8FE8-1BC8BB22EEA9}.Release|x64.Build.0 = Release|x64
		{E63D670F-B724-48E6-8FE8-1BC8BB22EEA9}.Release|x86.ActiveCfg = Release|Win32
		{E63D670F-B724-48E6-8FE8-1BC8BB22EEA9}.Release|x86.Build.0 = Release|Win32
		{AB8F763E-648E-4A5A-9584-0671827108E1}.Debug|x64.ActiveCfg = Debug|x64
		{AB8F763E-648E-4A5A-9584-0671827108E1}.Debug|x64.Build.0 = Debug|x64
		{AB8F763E-648E-4A5A-9584-0671827108E1}.Debug|x86.ActiveCfg = Debug|Win32
		{AB8F763E-648E-4A5A-9584-0671827108E1}.Debug|x86.Build.0 = Debug|Win32
		{AB8F763E-648E-4A5A-9584-0671827108E1}.Release|x64.ActiveCfg = Release|x64
		{AB8F763E-648E-4A5A-9584-0671827108E1}.Release|x64.Build.0 = Release|x64
		{AB8F763E-648E-4A5A-9584-0671827108E1}.Release|x86.ActiveCfg = Release|Win32
		{AB8F763E-648E-4A5A-9584-0671827108E1}.Release|x86.Build.0 = Release|Win32
		{01B09023-6912-446E-9E81-4BD44FF21405}.Debug|x64.ActiveCfg = Debug|x64
		{01B09023-6912-446E-9E81-4BD44FF21405}.Debug|x64.Build.0 = Debug|x64
		{01B09023-6912-446E-9E81-4BD44FF21405}.Debug|x86.ActiveCfg = Debug|Win32
		{01B09023-6912-446E-9E81-4BD44FF21405}.Debug|x86.Build.0 = Debug|Win32
		{01B09023-6912-446E-9E81-4BD44FF21405}.Release|x64.ActiveCfg = Release|x64
		{01B09023-6912-446E-9E81-4BD44FF21405}.Release|x64.Build.0 = Release|x64
		{01B09023-6912-446E-9E81-4BD44FF21405}.Release|x86.ActiveCfg = Release|Win32
		{01B09023-6912-446E-9E81-4BD44FF21405}.Release|x86.Build.0 = Release|Win32
	EndGlobalSection
	GlobalSection(SolutionProperties) = preSolution
		HideSolutionNode = FALSE
	EndGlobalSection
	GlobalSection(NestedProjects) = preSolution
		{4D2EF571-4C58-4008-BC46-76D142804C9F} = {C8D5274F-AC00-46C7-1F8D-E88E81087A52}
		{514111A5-FCB3-450E-A25E-868392C9E752} = {C8D5274F-AC00-46C7-1F8D-E88E81087A52}
		{CB203679-402C-4F42-9530-F2EAB8D2F8D8} = {C8D5274F-AC00-46C7-1F8D-E88E81087A52}
		{7254AD9D-946C-40D0-8F69-B8952892AB64} = {C8D5274F-AC00-46C7-1F8D-E88E81087A52}
		{5294AC34-87C3-4276-8E84-522AEB5B574F} = {C8D5274F-AC00-46C7-1F8D-E88E81087A52}
		{E88076A9-8240-49C2-9B9E-AD44B2863BBA} = {C8D5274F-AC00-46C7-1F8D-E88E81087A52}
		{D72FCAA9-0E77-4E45-B9E5-AEC367A21460} = {C8D5274F-AC00-46C7-1F8D-E88E81087A52}
		{2D67B249-3CCC-4239-8271-92276340721A} = {C8D5274F-AC00-46C7-1F8D-E88E81087A52}
		{9B1F152A-320F-4F10-975A-C1CD3AF23CDE} = {C8D5274F-AC00-46C7-1F8D-E88E81087A52}
		{046F480E-AB42-42A6-8C52-7C48CDB700BD} = {C8D5274F-AC00-46C7-1F8D-E88E81087A52}
		{D645543E-3BE6-4DBA-8E83-25ED61E26BD4} = {C8D5274F-AC00-46C7-1F8D-E88E81087A52}
		{97461BE5-EF49-40FD-A6D6-829AD8E6756B} = {C8D5274F-AC00-46C7-1F8D-E88E81087A52}
		{02D673E3-0CBC-43F2-84B2-4D7F0769997E} = {C8D5274F-AC00-46C7-1F8D-E88E81087A52}
		{ED6A0D62-320D-4554-83FC-F2EBC5311862} = {C8D5274F-AC00-46C7-1F8D-E88E81087A52}
		{BE05156E-FE18-4157-BEC2-198A7B6C71F2} = {EA92C814-DF25-436E-9036-92BDC30A8C91}
		{814FE93E-E224-4A57-840C-18BD248FCEF2} = {EA92C814-DF25-436E-9036-92BDC30A8C91}
		{735AC6DC-DAB9-4D3C-8EAC-F0BDA43DC82A} = {EA92C814-DF25-436E-9036-92BDC30A8C91}
		{9D35EF9B-0093-47D2-A540-AF65EA64B1DA} = {EA92C814-DF25-436E-9036-92BDC30A8C91}
		{DB0C8B09-B876-4224-B10C-4ABB681D8C24} = {EA92C814-DF25-436E-9036-92BDC30A8C91}
		{E9F4A25F-B62D-4EB8-8DA6-ADBB1730A55A} = {EA92C814-DF25-436E-9036-92BDC30A8C91}
		{FFD2E98B-79F6-4AAF-A872-1D47C6F69680} = {EA92C814-DF25-436E-9036-92BDC30A8C91}
		{BD22347C-E0E0-4F2A-ABE5-DC94C1CB2B6F} = {EA92C814-DF25-436E-9036-92BDC30A8C91}
		{66ED2D45-9D68-425D-9BEE-D44909350CC1} = {FDCA0B2C-6BF5-4CD3-8D72-064CCA4829A6}
		{D4273506-E182-46DD-A156-4B4C99EFD085} = {FDCA0B2C-6BF5-4CD3-8D72-064CCA4829A6}
		{C5C40FA2-D491-4EC7-993B-17FC9CB57850} = {FDCA0B2C-6BF5-4CD3-8D72-064CCA4829A6}
		{99A87646-E890-410D-875F-FB2F49994D56} = {FDCA0B2C-6BF5-4CD3-8D72-064CCA4829A6}
		{46673F0D-6707-44E1-A800-26CE31E4DC45} = {FDCA0B2C-6BF5-4CD3-8D72-064CCA4829A6}
		{2D25E123-0882-44A9-8B47-BE56D424449B} = {E516C63A-E382-4D56-9A7A-AC2292DA1102}
		{C6EB94E6-A0C6-481A-90EA-EC8AB792BE33} = {E516C63A-E382-4D56-9A7A-AC2292DA1102}
		{B651ABBE-C952-4445-AF19-6681420E15F6} = {E516C63A-E382-4D56-9A7A-AC2292DA1102}
		{6F3F1DA4-C567-47EF-A176-733694FF18BE} = {E516C63A-E382-4D56-9A7A-AC2292DA1102}
		{B20A0A8F-DBF6-43E3-9FA9-C8978A2183C7} = {E516C63A-E382-4D56-9A7A-AC2292DA1102}
		{5A2E04F2-13C4-4CC4-ADED-F68B47ACE2DF} = {E516C63A-E382-4D56-9A7A-AC2292DA1102}
		{8259F2E8-5F9D-4F7A-B537-6C0832DE7B61} = {E516C63A-E382-4D56-9A7A-AC2292DA1102}
		{2E5CA04F-BE22-4FC8-BA61-3098FA6D2E27} = {E516C63A-E382-4D56-9A7A-AC2292DA1102}
		{F10CD243-7884-4C8A-AF46-0E97308C0FF0} = {E516C63A-E382-4D56-9A7A-AC2292DA1102}
		{290A2C6E-7EFE-43E6-B1BF-36247BFFD9B5} = {E516C63A-E382-4D56-9A7A-AC2292DA1102}
		{1411000A-36F8-4DC7-B185-3D1323DDB931} = {E516C63A-E382-4D56-9A7A-AC2292DA1102}
		{C364AC58-9F6A-4D0C-87F3-1036D4AAA625} = {E516C63A-E382-4D56-9A7A-AC2292DA1102}
		{2DD18D63-3AD7-4A07-9D2D-AC516F8820B7} = {E516C63A-E382-4D56-9A7A-AC2292DA1102}
		{8194A520-8CD3-47C2-8DE4-5744BF7787C0} = {E516C63A-E382-4D56-9A7A-AC2292DA1102}
		{9E7A1A7F-5A8E-4811-950E-ECFDD970C1D8} = {E516C63A-E382-4D56-9A7A-AC2292DA1102}
		{187CA64D-E9FF-4050-A1FC-D3B9D8CAA19C} = {E516C63A-E382-4D56-9A7A-AC2292DA1102}
		{1E9141F1-8AB8-4E7E-BA52-ABB02856303A} = {E516C63A-E382-4D56-9A7A-AC2292DA1102}
		{DF9DF2DB-CA8A-4D8A-83D7-54160AB791D5} = {E516C63A-E382-4D56-9A7A-AC2292DA1102}
		{44B814B3-4081-4DE6-A77A-1BDCE7C51B77} = {E516C63A-E382-4D56-9A7A-AC2292DA1102}
		{A84BE52C-F97E-4E1B-B5D9-EB0123F281CE} = {E516C63A-E382-4D56-9A7A-AC2292DA1102}
		{47B460CD-A0DD-44CB-8DFE-E661CF386019} = {E516C63A-E382-4D56-9A7A-AC2292DA1102}
		{4D72B595-252F-432D-84AF-58E8C6CDE369} = {E516C63A-E382-4D56-9A7A-AC2292DA1102}
		{C47BAC04-18DA-438F-9569-A7ABB41C3A4A} = {E516C63A-E382-4D56-9A7A-AC2292DA1102}
		{E63D670F-B724-48E6-8FE8-1BC8BB22EEA9} = {CA290680-A6C2-416C-A4DC-FCBEAA456E5E}
		{AB8F763E-648E-4A5A-9584-0671827108E1} = {CA290680-A6C2-416C-A4DC-FCBEAA456E5E}
		{01B09023-6912-446E-9E81-4BD44FF21405} = {CA290680-A6C2-416C-A4DC-FCBEAA456E5E}
	EndGlobalSection
	GlobalSection(ExtensibilityGlobals) = postSolution
		SolutionGuid = {66A35A96-90C7-4C80-9163-492603F4FDD3}
	EndGlobalSection
EndGlobal
