
Microsoft Visual Studio Solution File, Format Version 12.00
# Visual Studio Version 17
VisualStudioVersion = 17.0.31919.166
MinimumVisualStudioVersion = 10.0.40219.1
Project("{8BC9CEB8-8B4A-11D0-8D11-00A0C91BC942}") = "07-01-1", "07-01-1\07-01-1.vcxproj", "{931826F8-E1C0-4BEF-A2B5-1CC3814F06EF}"
EndProject
Project("{8BC9CEB8-8B4A-11D0-8D11-00A0C91BC942}") = "07-01-2", "07-01-2\07-01-2.vcxproj", "{BA003757-19BA-4F4F-9D9C-195D17AE7172}"
EndProject
Project("{8BC9CEB8-8B4A-11D0-8D11-00A0C91BC942}") = "07-03-1", "07-03-1\07-03-1.vcxproj", "{16732CAC-B127-4623-84BC-E44F8B103079}"
EndProject
Project("{8BC9CEB8-8B4A-11D0-8D11-00A0C91BC942}") = "07-03-2", "07-03-2\07-03-2.vcxproj", "{FD18E397-8EED-4455-A3EA-8CBC27B1132E}"
EndProject
Project("{8BC9CEB8-8B4A-11D0-8D11-00A0C91BC942}") = "07-05", "07-05\07-05.vcxproj", "{F2FF70F0-9B8A-454F-826A-019DC33C634E}"
EndProject
Project("{8BC9CEB8-8B4A-11D0-8D11-00A0C91BC942}") = "07-07-1", "07-07-1\07-07-1.vcxproj", "{9B375F76-4E58-4526-85E8-B78CFC9E4058}"
EndProject
Project("{8BC9CEB8-8B4A-11D0-8D11-00A0C91BC942}") = "07-07-2", "07-07-2\07-07-2.vcxproj", "{67084BFD-E3BC-447F-BF61-3441EFB6B073}"
EndProject
Project("{8BC9CEB8-8B4A-11D0-8D11-00A0C91BC942}") = "07-09", "07-09\07-09.vcxproj", "{3F5CDB65-739C-4748-B5C7-2C52D8ECD9ED}"
EndProject
Project("{8BC9CEB8-8B4A-11D0-8D11-00A0C91BC942}") = "07-11", "07-11\07-11.vcxproj", "{279D4B9F-F45C-4585-8EFD-720158A95BDA}"
EndProject
Global
	GlobalSection(SolutionConfigurationPlatforms) = preSolution
		Debug|x64 = Debug|x64
		Debug|x86 = Debug|x86
		Release|x64 = Release|x64
		Release|x86 = Release|x86
	EndGlobalSection
	GlobalSection(ProjectConfigurationPlatforms) = postSolution
		{931826F8-E1C0-4BEF-A2B5-1CC3814F06EF}.Debug|x64.ActiveCfg = Debug|x64
		{931826F8-E1C0-4BEF-A2B5-1CC3814F06EF}.Debug|x64.Build.0 = Debug|x64
		{931826F8-E1C0-4BEF-A2B5-1CC3814F06EF}.Debug|x86.ActiveCfg = Debug|Win32
		{931826F8-E1C0-4BEF-A2B5-1CC3814F06EF}.Debug|x86.Build.0 = Debug|Win32
		{931826F8-E1C0-4BEF-A2B5-1CC3814F06EF}.Release|x64.ActiveCfg = Release|x64
		{931826F8-E1C0-4BEF-A2B5-1CC3814F06EF}.Release|x64.Build.0 = Release|x64
		{931826F8-E1C0-4BEF-A2B5-1CC3814F06EF}.Release|x86.ActiveCfg = Release|Win32
		{931826F8-E1C0-4BEF-A2B5-1CC3814F06EF}.Release|x86.Build.0 = Release|Win32
		{BA003757-19BA-4F4F-9D9C-195D17AE7172}.Debug|x64.ActiveCfg = Debug|x64
		{BA003757-19BA-4F4F-9D9C-195D17AE7172}.Debug|x64.Build.0 = Debug|x64
		{BA003757-19BA-4F4F-9D9C-195D17AE7172}.Debug|x86.ActiveCfg = Debug|Win32
		{BA003757-19BA-4F4F-9D9C-195D17AE7172}.Debug|x86.Build.0 = Debug|Win32
		{BA003757-19BA-4F4F-9D9C-195D17AE7172}.Release|x64.ActiveCfg = Release|x64
		{BA003757-19BA-4F4F-9D9C-195D17AE7172}.Release|x64.Build.0 = Release|x64
		{BA003757-19BA-4F4F-9D9C-195D17AE7172}.Release|x86.ActiveCfg = Release|Win32
		{BA003757-19BA-4F4F-9D9C-195D17AE7172}.Release|x86.Build.0 = Release|Win32
		{16732CAC-B127-4623-84BC-E44F8B103079}.Debug|x64.ActiveCfg = Debug|x64
		{16732CAC-B127-4623-84BC-E44F8B103079}.Debug|x64.Build.0 = Debug|x64
		{16732CAC-B127-4623-84BC-E44F8B103079}.Debug|x86.ActiveCfg = Debug|Win32
		{16732CAC-B127-4623-84BC-E44F8B103079}.Debug|x86.Build.0 = Debug|Win32
		{16732CAC-B127-4623-84BC-E44F8B103079}.Release|x64.ActiveCfg = Release|x64
		{16732CAC-B127-4623-84BC-E44F8B103079}.Release|x64.Build.0 = Release|x64
		{16732CAC-B127-4623-84BC-E44F8B103079}.Release|x86.ActiveCfg = Release|Win32
		{16732CAC-B127-4623-84BC-E44F8B103079}.Release|x86.Build.0 = Release|Win32
		{FD18E397-8EED-4455-A3EA-8CBC27B1132E}.Debug|x64.ActiveCfg = Debug|x64
		{FD18E397-8EED-4455-A3EA-8CBC27B1132E}.Debug|x64.Build.0 = Debug|x64
		{FD18E397-8EED-4455-A3EA-8CBC27B1132E}.Debug|x86.ActiveCfg = Debug|Win32
		{FD18E397-8EED-4455-A3EA-8CBC27B1132E}.Debug|x86.Build.0 = Debug|Win32
		{FD18E397-8EED-4455-A3EA-8CBC27B1132E}.Release|x64.ActiveCfg = Release|x64
		{FD18E397-8EED-4455-A3EA-8CBC27B1132E}.Release|x64.Build.0 = Release|x64
		{FD18E397-8EED-4455-A3EA-8CBC27B1132E}.Release|x86.ActiveCfg = Release|Win32
		{FD18E397-8EED-4455-A3EA-8CBC27B1132E}.Release|x86.Build.0 = Release|Win32
		{F2FF70F0-9B8A-454F-826A-019DC33C634E}.Debug|x64.ActiveCfg = Debug|x64
		{F2FF70F0-9B8A-454F-826A-019DC33C634E}.Debug|x64.Build.0 = Debug|x64
		{F2FF70F0-9B8A-454F-826A-019DC33C634E}.Debug|x86.ActiveCfg = Debug|Win32
		{F2FF70F0-9B8A-454F-826A-019DC33C634E}.Debug|x86.Build.0 = Debug|Win32
		{F2FF70F0-9B8A-454F-826A-019DC33C634E}.Release|x64.ActiveCfg = Release|x64
		{F2FF70F0-9B8A-454F-826A-019DC33C634E}.Release|x64.Build.0 = Release|x64
		{F2FF70F0-9B8A-454F-826A-019DC33C634E}.Release|x86.ActiveCfg = Release|Win32
		{F2FF70F0-9B8A-454F-826A-019DC33C634E}.Release|x86.Build.0 = Release|Win32
		{9B375F76-4E58-4526-85E8-B78CFC9E4058}.Debug|x64.ActiveCfg = Debug|x64
		{9B375F76-4E58-4526-85E8-B78CFC9E4058}.Debug|x64.Build.0 = Debug|x64
		{9B375F76-4E58-4526-85E8-B78CFC9E4058}.Debug|x86.ActiveCfg = Debug|Win32
		{9B375F76-4E58-4526-85E8-B78CFC9E4058}.Debug|x86.Build.0 = Debug|Win32
		{9B375F76-4E58-4526-85E8-B78CFC9E4058}.Release|x64.ActiveCfg = Release|x64
		{9B375F76-4E58-4526-85E8-B78CFC9E4058}.Release|x64.Build.0 = Release|x64
		{9B375F76-4E58-4526-85E8-B78CFC9E4058}.Release|x86.ActiveCfg = Release|Win32
		{9B375F76-4E58-4526-85E8-B78CFC9E4058}.Release|x86.Build.0 = Release|Win32
		{67084BFD-E3BC-447F-BF61-3441EFB6B073}.Debug|x64.ActiveCfg = Debug|x64
		{67084BFD-E3BC-447F-BF61-3441EFB6B073}.Debug|x64.Build.0 = Debug|x64
		{67084BFD-E3BC-447F-BF61-3441EFB6B073}.Debug|x86.ActiveCfg = Debug|Win32
		{67084BFD-E3BC-447F-BF61-3441EFB6B073}.Debug|x86.Build.0 = Debug|Win32
		{67084BFD-E3BC-447F-BF61-3441EFB6B073}.Release|x64.ActiveCfg = Release|x64
		{67084BFD-E3BC-447F-BF61-3441EFB6B073}.Release|x64.Build.0 = Release|x64
		{67084BFD-E3BC-447F-BF61-3441EFB6B073}.Release|x86.ActiveCfg = Release|Win32
		{67084BFD-E3BC-447F-BF61-3441EFB6B073}.Release|x86.Build.0 = Release|Win32
		{3F5CDB65-739C-4748-B5C7-2C52D8ECD9ED}.Debug|x64.ActiveCfg = Debug|x64
		{3F5CDB65-739C-4748-B5C7-2C52D8ECD9ED}.Debug|x64.Build.0 = Debug|x64
		{3F5CDB65-739C-4748-B5C7-2C52D8ECD9ED}.Debug|x86.ActiveCfg = Debug|Win32
		{3F5CDB65-739C-4748-B5C7-2C52D8ECD9ED}.Debug|x86.Build.0 = Debug|Win32
		{3F5CDB65-739C-4748-B5C7-2C52D8ECD9ED}.Release|x64.ActiveCfg = Release|x64
		{3F5CDB65-739C-4748-B5C7-2C52D8ECD9ED}.Release|x64.Build.0 = Release|x64
		{3F5CDB65-739C-4748-B5C7-2C52D8ECD9ED}.Release|x86.ActiveCfg = Release|Win32
		{3F5CDB65-739C-4748-B5C7-2C52D8ECD9ED}.Release|x86.Build.0 = Release|Win32
		{279D4B9F-F45C-4585-8EFD-720158A95BDA}.Debug|x64.ActiveCfg = Debug|x64
		{279D4B9F-F45C-4585-8EFD-720158A95BDA}.Debug|x64.Build.0 = Debug|x64
		{279D4B9F-F45C-4585-8EFD-720158A95BDA}.Debug|x86.ActiveCfg = Debug|Win32
		{279D4B9F-F45C-4585-8EFD-720158A95BDA}.Debug|x86.Build.0 = Debug|Win32
		{279D4B9F-F45C-4585-8EFD-720158A95BDA}.Release|x64.ActiveCfg = Release|x64
		{279D4B9F-F45C-4585-8EFD-720158A95BDA}.Release|x64.Build.0 = Release|x64
		{279D4B9F-F45C-4585-8EFD-720158A95BDA}.Release|x86.ActiveCfg = Release|Win32
		{279D4B9F-F45C-4585-8EFD-720158A95BDA}.Release|x86.Build.0 = Release|Win32
	EndGlobalSection
	GlobalSection(SolutionProperties) = preSolution
		HideSolutionNode = FALSE
	EndGlobalSection
	GlobalSection(ExtensibilityGlobals) = postSolution
		SolutionGuid = {29B54184-74F0-4C5A-9B53-0F195127EAC8}
	EndGlobalSection
EndGlobal
