
Microsoft Visual Studio Solution File, Format Version 12.00
# Visual Studio Version 17
VisualStudioVersion = 17.0.31919.166
MinimumVisualStudioVersion = 10.0.40219.1
Project("{8BC9CEB8-8B4A-11D0-8D11-00A0C91BC942}") = "10-01", "10-01\10-01.vcxproj", "{2A51A6AC-4D13-4701-8DA7-D0DC238C12E8}"
EndProject
Project("{8BC9CEB8-8B4A-11D0-8D11-00A0C91BC942}") = "10-03", "10-03\10-03.vcxproj", "{40A8255F-8144-4EFE-A6DD-379E181B6E3A}"
EndProject
Project("{8BC9CEB8-8B4A-11D0-8D11-00A0C91BC942}") = "10-05", "10-05\10-05.vcxproj", "{9D8DD071-1EFE-4025-9726-FE50B9904DBB}"
EndProject
Project("{8BC9CEB8-8B4A-11D0-8D11-00A0C91BC942}") = "10-07", "10-07\10-07.vcxproj", "{190E33FF-D54E-453A-BB74-D08F9766A87D}"
EndProject
Project("{8BC9CEB8-8B4A-11D0-8D11-00A0C91BC942}") = "10-09", "10-09\10-09.vcxproj", "{1FC92E04-B7AA-4ED0-A66D-95BDB3DCC4FC}"
EndProject
Project("{8BC9CEB8-8B4A-11D0-8D11-00A0C91BC942}") = "10-11", "10-11\10-11.vcxproj", "{38BAC0F3-0DC8-43DC-AC37-30D2006C4790}"
EndProject
Project("{8BC9CEB8-8B4A-11D0-8D11-00A0C91BC942}") = "10-13", "10-13\10-13.vcxproj", "{1D3C92F0-4E69-4E70-93EF-030A7BBD45C0}"
EndProject
Global
	GlobalSection(SolutionConfigurationPlatforms) = preSolution
		Debug|x64 = Debug|x64
		Debug|x86 = Debug|x86
		Release|x64 = Release|x64
		Release|x86 = Release|x86
	EndGlobalSection
	GlobalSection(ProjectConfigurationPlatforms) = postSolution
		{2A51A6AC-4D13-4701-8DA7-D0DC238C12E8}.Debug|x64.ActiveCfg = Debug|x64
		{2A51A6AC-4D13-4701-8DA7-D0DC238C12E8}.Debug|x64.Build.0 = Debug|x64
		{2A51A6AC-4D13-4701-8DA7-D0DC238C12E8}.Debug|x86.ActiveCfg = Debug|Win32
		{2A51A6AC-4D13-4701-8DA7-D0DC238C12E8}.Debug|x86.Build.0 = Debug|Win32
		{2A51A6AC-4D13-4701-8DA7-D0DC238C12E8}.Release|x64.ActiveCfg = Release|x64
		{2A51A6AC-4D13-4701-8DA7-D0DC238C12E8}.Release|x64.Build.0 = Release|x64
		{2A51A6AC-4D13-4701-8DA7-D0DC238C12E8}.Release|x86.ActiveCfg = Release|Win32
		{2A51A6AC-4D13-4701-8DA7-D0DC238C12E8}.Release|x86.Build.0 = Release|Win32
		{40A8255F-8144-4EFE-A6DD-379E181B6E3A}.Debug|x64.ActiveCfg = Debug|x64
		{40A8255F-8144-4EFE-A6DD-379E181B6E3A}.Debug|x64.Build.0 = Debug|x64
		{40A8255F-8144-4EFE-A6DD-379E181B6E3A}.Debug|x86.ActiveCfg = Debug|Win32
		{40A8255F-8144-4EFE-A6DD-379E181B6E3A}.Debug|x86.Build.0 = Debug|Win32
		{40A8255F-8144-4EFE-A6DD-379E181B6E3A}.Release|x64.ActiveCfg = Release|x64
		{40A8255F-8144-4EFE-A6DD-379E181B6E3A}.Release|x64.Build.0 = Release|x64
		{40A8255F-8144-4EFE-A6DD-379E181B6E3A}.Release|x86.ActiveCfg = Release|Win32
		{40A8255F-8144-4EFE-A6DD-379E181B6E3A}.Release|x86.Build.0 = Release|Win32
		{9D8DD071-1EFE-4025-9726-FE50B9904DBB}.Debug|x64.ActiveCfg = Debug|x64
		{9D8DD071-1EFE-4025-9726-FE50B9904DBB}.Debug|x64.Build.0 = Debug|x64
		{9D8DD071-1EFE-4025-9726-FE50B9904DBB}.Debug|x86.ActiveCfg = Debug|Win32
		{9D8DD071-1EFE-4025-9726-FE50B9904DBB}.Debug|x86.Build.0 = Debug|Win32
		{9D8DD071-1EFE-4025-9726-FE50B9904DBB}.Release|x64.ActiveCfg = Release|x64
		{9D8DD071-1EFE-4025-9726-FE50B9904DBB}.Release|x64.Build.0 = Release|x64
		{9D8DD071-1EFE-4025-9726-FE50B9904DBB}.Release|x86.ActiveCfg = Release|Win32
		{9D8DD071-1EFE-4025-9726-FE50B9904DBB}.Release|x86.Build.0 = Release|Win32
		{190E33FF-D54E-453A-BB74-D08F9766A87D}.Debug|x64.ActiveCfg = Debug|x64
		{190E33FF-D54E-453A-BB74-D08F9766A87D}.Debug|x64.Build.0 = Debug|x64
		{190E33FF-D54E-453A-BB74-D08F9766A87D}.Debug|x86.ActiveCfg = Debug|Win32
		{190E33FF-D54E-453A-BB74-D08F9766A87D}.Debug|x86.Build.0 = Debug|Win32
		{190E33FF-D54E-453A-BB74-D08F9766A87D}.Release|x64.ActiveCfg = Release|x64
		{190E33FF-D54E-453A-BB74-D08F9766A87D}.Release|x64.Build.0 = Release|x64
		{190E33FF-D54E-453A-BB74-D08F9766A87D}.Release|x86.ActiveCfg = Release|Win32
		{190E33FF-D54E-453A-BB74-D08F9766A87D}.Release|x86.Build.0 = Release|Win32
		{1FC92E04-B7AA-4ED0-A66D-95BDB3DCC4FC}.Debug|x64.ActiveCfg = Debug|x64
		{1FC92E04-B7AA-4ED0-A66D-95BDB3DCC4FC}.Debug|x64.Build.0 = Debug|x64
		{1FC92E04-B7AA-4ED0-A66D-95BDB3DCC4FC}.Debug|x86.ActiveCfg = Debug|Win32
		{1FC92E04-B7AA-4ED0-A66D-95BDB3DCC4FC}.Debug|x86.Build.0 = Debug|Win32
		{1FC92E04-B7AA-4ED0-A66D-95BDB3DCC4FC}.Release|x64.ActiveCfg = Release|x64
		{1FC92E04-B7AA-4ED0-A66D-95BDB3DCC4FC}.Release|x64.Build.0 = Release|x64
		{1FC92E04-B7AA-4ED0-A66D-95BDB3DCC4FC}.Release|x86.ActiveCfg = Release|Win32
		{1FC92E04-B7AA-4ED0-A66D-95BDB3DCC4FC}.Release|x86.Build.0 = Release|Win32
		{38BAC0F3-0DC8-43DC-AC37-30D2006C4790}.Debug|x64.ActiveCfg = Debug|x64
		{38BAC0F3-0DC8-43DC-AC37-30D2006C4790}.Debug|x64.Build.0 = Debug|x64
		{38BAC0F3-0DC8-43DC-AC37-30D2006C4790}.Debug|x86.ActiveCfg = Debug|Win32
		{38BAC0F3-0DC8-43DC-AC37-30D2006C4790}.Debug|x86.Build.0 = Debug|Win32
		{38BAC0F3-0DC8-43DC-AC37-30D2006C4790}.Release|x64.ActiveCfg = Release|x64
		{38BAC0F3-0DC8-43DC-AC37-30D2006C4790}.Release|x64.Build.0 = Release|x64
		{38BAC0F3-0DC8-43DC-AC37-30D2006C4790}.Release|x86.ActiveCfg = Release|Win32
		{38BAC0F3-0DC8-43DC-AC37-30D2006C4790}.Release|x86.Build.0 = Release|Win32
		{1D3C92F0-4E69-4E70-93EF-030A7BBD45C0}.Debug|x64.ActiveCfg = Debug|x64
		{1D3C92F0-4E69-4E70-93EF-030A7BBD45C0}.Debug|x64.Build.0 = Debug|x64
		{1D3C92F0-4E69-4E70-93EF-030A7BBD45C0}.Debug|x86.ActiveCfg = Debug|Win32
		{1D3C92F0-4E69-4E70-93EF-030A7BBD45C0}.Debug|x86.Build.0 = Debug|Win32
		{1D3C92F0-4E69-4E70-93EF-030A7BBD45C0}.Release|x64.ActiveCfg = Release|x64
		{1D3C92F0-4E69-4E70-93EF-030A7BBD45C0}.Release|x64.Build.0 = Release|x64
		{1D3C92F0-4E69-4E70-93EF-030A7BBD45C0}.Release|x86.ActiveCfg = Release|Win32
		{1D3C92F0-4E69-4E70-93EF-030A7BBD45C0}.Release|x86.Build.0 = Release|Win32
	EndGlobalSection
	GlobalSection(SolutionProperties) = preSolution
		HideSolutionNode = FALSE
	EndGlobalSection
	GlobalSection(ExtensibilityGlobals) = postSolution
		SolutionGuid = {6470C332-00FB-489E-8F1D-4B0D454A3B66}
	EndGlobalSection
EndGlobal
